PODS:
  - Alamofire (4.7.2)
  - Differentiator (3.0.2)
  - GZIP (1.2.1)
  - LHSKeyboardAdjusting (2.0.1)
  - Moya (11.0.2):
    - Moya/Core (= 11.0.2)
  - Moya/Core (11.0.2):
    - Alamofire (~> 4.1)
    - Result (~> 3.0)
  - Nimble (7.1.1)
  - Quick (1.3.0)
  - Result (3.2.4)
  - RxCocoa (4.1.2):
    - RxSwift (~> 4.0)
  - RxCoreData (0.4.0):
    - RxCocoa (~> 4.0)
    - RxSwift (~> 4.0)
  - RxDataSources (3.0.2):
    - Differentiator (~> 3.0)
    - RxCocoa (~> 4.0)
    - RxSwift (~> 4.0)
  - RxSwift (4.1.2)
  - SwiftLint (0.25.1)
  - Swinject (2.4.0)
  - Then (2.3.0)

DEPENDENCIES:
  - GZIP (~> 1.2.1)
  - LHSKeyboardAdjusting (~> 2.0.1)
  - Moya (~> 11.0.2)
  - Nimble (~> 7.1.1)
  - Quick (~> 1.3.0)
  - Result
  - RxCocoa
  - RxCoreData
  - RxDataSources
  - RxSwift (~> 4.1.2)
  - SwiftLint (~> 0.25.1)
  - Swinject (~> 2.4.0)
  - Then (~> 2.3.0)

SPEC REPOS:
  https://github.com/CocoaPods/Specs.git:
    - Alamofire
    - Differentiator
    - GZIP
    - LHSKeyboardAdjusting
    - Moya
    - Nimble
    - Quick
    - Result
    - RxCocoa
    - RxCoreData
    - RxDataSources
    - RxSwift
    - SwiftLint
    - Swinject
    - Then

SPEC CHECKSUMS:
  Alamofire: e4fa87002c137ba2d8d634d2c51fabcda0d5c223
  Differentiator: a87be69eba49ec4ab460c7671143ee3a9eececfd
  GZIP: 7ee835f989fb3c6ea79005fc90b8fa6af710a70d
  LHSKeyboardAdjusting: 8f9b8d6e80315e653bf3188ae62963874d342d68
  Moya: a725035953bc1c0eb1be505ab903984501d82440
  Nimble: 391f07782af4b37914f9bd7b2ffbb952731b8202
  Quick: 03278013f71aa05fe9ecabc94fbcc6835f1ee76f
  Result: d2d07204ce72856f1fd9130bbe42c35a7b0fea10
  RxCocoa: d88ba0f1f6abf040011a9eb4b539324fc426843a
  RxCoreData: 3717ff29afb7261f8cff4b893ffb0650367d0fe6
  RxDataSources: cb7c31e652a87ebb919da45f716bbb87b3765f6b
  RxSwift: e49536837d9901277638493ea537394d4b55f570
  SwiftLint: ce933681be10c3266e82576dad676fa815a602e9
  Swinject: a1364b0f66c2736bb03c1c7cab54809e16df25da
  Then: ee21c97b85ff6062b9b0080c9abb1eea46743345

PODFILE CHECKSUM: 9a2663b338da164329235884bdb2c26e04e761a1

COCOAPODS: 1.5.0
