// !$*UTF8*$!
{
	archiveVersion = 1;
	classes = {
	};
	objectVersion = 50;
	objects = {

/* Begin PBXBuildFile section */
		3C1CAFD5626D7ED9EBEDFEFC /* Pods_OpenWeatherMapKit.framework in Frameworks */ = {isa = PBXBuildFile; fileRef = 784782CB941A6D09D7563A95 /* Pods_OpenWeatherMapKit.framework */; };
		AB57AA7EF1AC0BA926C662F3 /* Pods_GenerateOpenWeatherMapPersistentCityInfos.framework in Frameworks */ = {isa = PBXBuildFile; fileRef = C4AFE0737A29B395D00456B0 /* Pods_GenerateOpenWeatherMapPersistentCityInfos.framework */; };
		C440003C20A057A400808CC9 /* DefaultNetworking.swift in Sources */ = {isa = PBXBuildFile; fileRef = C440003B20A057A400808CC9 /* DefaultNetworking.swift */; };
		C48CF38420A11E3F00C3890B /* OpenWeatherMapKit.framework in Frameworks */ = {isa = PBXBuildFile; fileRef = C49E3969209F9A7A0010EBAF /* OpenWeatherMapKit.framework */; };
		C48CF38620A1241200C3890B /* CityListJsonDecoding.swift in Sources */ = {isa = PBXBuildFile; fileRef = C48CF38520A1241200C3890B /* CityListJsonDecoding.swift */; };
		C48CF38720A1244200C3890B /* PersistentCityInfos.swift in Sources */ = {isa = PBXBuildFile; fileRef = C498C3E920A0E5FA00D63DB3 /* PersistentCityInfos.swift */; };
		C48CF39820A139C400C3890B /* CityInfos.sqlite-shm in Resources */ = {isa = PBXBuildFile; fileRef = C48CF39520A139C400C3890B /* CityInfos.sqlite-shm */; };
		C48CF39920A139C400C3890B /* CityInfos.sqlite in Resources */ = {isa = PBXBuildFile; fileRef = C48CF39620A139C400C3890B /* CityInfos.sqlite */; };
		C48CF39A20A139C400C3890B /* CityInfos.sqlite-wal in Resources */ = {isa = PBXBuildFile; fileRef = C48CF39720A139C400C3890B /* CityInfos.sqlite-wal */; };
		C498C3C220A0712A00D63DB3 /* CityQuerying.swift in Sources */ = {isa = PBXBuildFile; fileRef = C498C3C120A0712A00D63DB3 /* CityQuerying.swift */; };
		C498C3C420A0726E00D63DB3 /* Coordinate.swift in Sources */ = {isa = PBXBuildFile; fileRef = C498C3C320A0726E00D63DB3 /* Coordinate.swift */; };
		C498C3D420A0776900D63DB3 /* CityQueryResult.swift in Sources */ = {isa = PBXBuildFile; fileRef = C498C3D320A0776900D63DB3 /* CityQueryResult.swift */; };
		C498C3D620A077B900D63DB3 /* CityInfo.swift in Sources */ = {isa = PBXBuildFile; fileRef = C498C3D520A077B900D63DB3 /* CityInfo.swift */; };
		C498C3DB20A07B4000D63DB3 /* DefaultCityQuerying.swift in Sources */ = {isa = PBXBuildFile; fileRef = C498C3DA20A07B1100D63DB3 /* DefaultCityQuerying.swift */; };
		C498C3DC20A07B5300D63DB3 /* CityQueryingImp$.swift in Sources */ = {isa = PBXBuildFile; fileRef = C498C3D820A079EF00D63DB3 /* CityQueryingImp$.swift */; };
		C498C3DD20A07EA000D63DB3 /* CityQueryingImpContainer.swift in Sources */ = {isa = PBXBuildFile; fileRef = C498C3D920A07A1100D63DB3 /* CityQueryingImpContainer.swift */; };
		C498C3E020A07EED00D63DB3 /* CityListJson$.swift in Sources */ = {isa = PBXBuildFile; fileRef = C498C3DF20A07EB700D63DB3 /* CityListJson$.swift */; };
		C498C3E220A07F3E00D63DB3 /* CityListJsonCityQuerying.swift in Sources */ = {isa = PBXBuildFile; fileRef = C498C3E120A07F3E00D63DB3 /* CityListJsonCityQuerying.swift */; };
		C498C3E420A083A600D63DB3 /* city.list.json.gz in Resources */ = {isa = PBXBuildFile; fileRef = C498C3E320A083A600D63DB3 /* city.list.json.gz */; };
		C498C3E820A0984100D63DB3 /* CityListJsonCityQueryingTests.swift in Sources */ = {isa = PBXBuildFile; fileRef = C498C3E620A0970100D63DB3 /* CityListJsonCityQueryingTests.swift */; };
		C498C3ED20A0E76700D63DB3 /* CityInfos.xcdatamodeld in Sources */ = {isa = PBXBuildFile; fileRef = C498C3EB20A0E76700D63DB3 /* CityInfos.xcdatamodeld */; };
		C498C3F020A0ED2100D63DB3 /* CoreData$.swift in Sources */ = {isa = PBXBuildFile; fileRef = C498C3EF20A0ED2100D63DB3 /* CoreData$.swift */; };
		C498C3F220A0ED6300D63DB3 /* CityInfo+PersistentCityInfo.swift in Sources */ = {isa = PBXBuildFile; fileRef = C498C3F120A0ED6300D63DB3 /* CityInfo+PersistentCityInfo.swift */; };
		C498C3F420A0EDA200D63DB3 /* CoreDataCityQuerying.swift in Sources */ = {isa = PBXBuildFile; fileRef = C498C3F320A0EDA200D63DB3 /* CoreDataCityQuerying.swift */; };
		C498C40220A0F2B500D63DB3 /* main.swift in Sources */ = {isa = PBXBuildFile; fileRef = C498C3F520A0F21B00D63DB3 /* main.swift */; };
		C498C40520A0F38D00D63DB3 /* BundledPersistentContainer.swift in Sources */ = {isa = PBXBuildFile; fileRef = C498C40420A0F38D00D63DB3 /* BundledPersistentContainer.swift */; };
		C49E3973209F9A7A0010EBAF /* OpenWeatherMapKit.framework in Frameworks */ = {isa = PBXBuildFile; fileRef = C49E3969209F9A7A0010EBAF /* OpenWeatherMapKit.framework */; };
		C49E3978209F9A7A0010EBAF /* OpenWeatherMapKitTests.swift in Sources */ = {isa = PBXBuildFile; fileRef = C49E3977209F9A7A0010EBAF /* OpenWeatherMapKitTests.swift */; };
		C49E397A209F9A7A0010EBAF /* OpenWeatherMapKit.h in Headers */ = {isa = PBXBuildFile; fileRef = C49E396C209F9A7A0010EBAF /* OpenWeatherMapKit.h */; settings = {ATTRIBUTES = (Public, ); }; };
		C49E399C209F9AED0010EBAF /* WeatherResponse.swift in Sources */ = {isa = PBXBuildFile; fileRef = C49E3985209F9A980010EBAF /* WeatherResponse.swift */; };
		C49E399D209F9AED0010EBAF /* NetworkingWeatherQueryResult.swift in Sources */ = {isa = PBXBuildFile; fileRef = C49E3986209F9A980010EBAF /* NetworkingWeatherQueryResult.swift */; };
		C49E399E209F9AED0010EBAF /* NetworkingError.swift in Sources */ = {isa = PBXBuildFile; fileRef = C49E3987209F9A980010EBAF /* NetworkingError.swift */; };
		C49E399F209F9AED0010EBAF /* LocationPredicate.swift in Sources */ = {isa = PBXBuildFile; fileRef = C49E3988209F9A980010EBAF /* LocationPredicate.swift */; };
		C49E39A0209F9AED0010EBAF /* LocationPredicate+Codable.swift in Sources */ = {isa = PBXBuildFile; fileRef = C49E398A209F9A980010EBAF /* LocationPredicate+Codable.swift */; };
		C49E39A1209F9AF10010EBAF /* LocationPredicate+CodableTests.swift in Sources */ = {isa = PBXBuildFile; fileRef = C49E398B209F9A980010EBAF /* LocationPredicate+CodableTests.swift */; };
		C49E39A2209F9AF80010EBAF /* LocationPredicateSamples.swift in Sources */ = {isa = PBXBuildFile; fileRef = C49E398D209F9A980010EBAF /* LocationPredicateSamples.swift */; };
		C49E39A4209F9B340010EBAF /* NetworkingImp$.swift in Sources */ = {isa = PBXBuildFile; fileRef = C49E3992209F9A990010EBAF /* NetworkingImp$.swift */; };
		C49E39A5209F9B340010EBAF /* NetworkingImpContainer.swift in Sources */ = {isa = PBXBuildFile; fileRef = C49E3993209F9A990010EBAF /* NetworkingImpContainer.swift */; };
		C49E39A6209F9B390010EBAF /* NetworkingImpTests.swift in Sources */ = {isa = PBXBuildFile; fileRef = C49E3994209F9A990010EBAF /* NetworkingImpTests.swift */; };
		C49E39A7209F9B3F0010EBAF /* Moya$.swift in Sources */ = {isa = PBXBuildFile; fileRef = C49E3995209F9A990010EBAF /* Moya$.swift */; };
		C49E39A8209F9B3F0010EBAF /* MoyaNetworking.swift in Sources */ = {isa = PBXBuildFile; fileRef = C49E3996209F9A990010EBAF /* MoyaNetworking.swift */; };
		C49E39A9209F9B3F0010EBAF /* MoyaTarget.swift in Sources */ = {isa = PBXBuildFile; fileRef = C49E3998209F9A990010EBAF /* MoyaTarget.swift */; };
		C49E39AA209F9B3F0010EBAF /* APIKeyPlugin.swift in Sources */ = {isa = PBXBuildFile; fileRef = C49E3999209F9A990010EBAF /* APIKeyPlugin.swift */; };
		C49E39AB209F9B420010EBAF /* MoyaNetworkingTests.swift in Sources */ = {isa = PBXBuildFile; fileRef = C49E3997209F9A990010EBAF /* MoyaNetworkingTests.swift */; };
		C49E39AC209F9EAA0010EBAF /* Networking.swift in Sources */ = {isa = PBXBuildFile; fileRef = C49E3984209F9A980010EBAF /* Networking.swift */; };
		C49E39AF209FA07A0010EBAF /* WeatherResponseSample+OpenWeatherMap.json in Resources */ = {isa = PBXBuildFile; fileRef = C49E398E209F9A980010EBAF /* WeatherResponseSample+OpenWeatherMap.json */; };
		C49E39BA209FAAD40010EBAF /* MoyaResponse+NetworkingError.swift in Sources */ = {isa = PBXBuildFile; fileRef = C49E39B9209FAAD40010EBAF /* MoyaResponse+NetworkingError.swift */; };
		C4C1DFE420A238CD00C11C62 /* Bundle.swift in Sources */ = {isa = PBXBuildFile; fileRef = C4C1DFE320A2388E00C11C62 /* Bundle.swift */; };
		E789531754176136DAD1A71A /* Pods_OpenWeatherMapKitTests.framework in Frameworks */ = {isa = PBXBuildFile; fileRef = B0AED5E9B103A4988ADF894F /* Pods_OpenWeatherMapKitTests.framework */; };
/* End PBXBuildFile section */

/* Begin PBXContainerItemProxy section */
		C49E3974209F9A7A0010EBAF /* PBXContainerItemProxy */ = {
			isa = PBXContainerItemProxy;
			containerPortal = C49E3960209F9A7A0010EBAF /* Project object */;
			proxyType = 1;
			remoteGlobalIDString = C49E3968209F9A7A0010EBAF;
			remoteInfo = OpenWeatherMapKit;
		};
/* End PBXContainerItemProxy section */

/* Begin PBXCopyFilesBuildPhase section */
		C498C3F920A0F25200D63DB3 /* CopyFiles */ = {
			isa = PBXCopyFilesBuildPhase;
			buildActionMask = 2147483647;
			dstPath = /usr/share/man/man1/;
			dstSubfolderSpec = 0;
			files = (
			);
			runOnlyForDeploymentPostprocessing = 1;
		};
/* End PBXCopyFilesBuildPhase section */

/* Begin PBXFileReference section */
		283DD039A448C9AB9AD4DF9F /* Pods-OpenWeatherMapKitTests.release.xcconfig */ = {isa = PBXFileReference; includeInIndex = 1; lastKnownFileType = text.xcconfig; name = "Pods-OpenWeatherMapKitTests.release.xcconfig"; path = "../../Pods/Target Support Files/Pods-OpenWeatherMapKitTests/Pods-OpenWeatherMapKitTests.release.xcconfig"; sourceTree = "<group>"; };
		784782CB941A6D09D7563A95 /* Pods_OpenWeatherMapKit.framework */ = {isa = PBXFileReference; explicitFileType = wrapper.framework; includeInIndex = 0; path = Pods_OpenWeatherMapKit.framework; sourceTree = BUILT_PRODUCTS_DIR; };
		9832F7F5CCD6DDFDB3172680 /* Pods-OpenWeatherMapKitTests.debug.xcconfig */ = {isa = PBXFileReference; includeInIndex = 1; lastKnownFileType = text.xcconfig; name = "Pods-OpenWeatherMapKitTests.debug.xcconfig"; path = "../../Pods/Target Support Files/Pods-OpenWeatherMapKitTests/Pods-OpenWeatherMapKitTests.debug.xcconfig"; sourceTree = "<group>"; };
		A7F3C064E022D8D1011E41D8 /* Pods-OpenWeatherMapKit.release.xcconfig */ = {isa = PBXFileReference; includeInIndex = 1; lastKnownFileType = text.xcconfig; name = "Pods-OpenWeatherMapKit.release.xcconfig"; path = "../../Pods/Target Support Files/Pods-OpenWeatherMapKit/Pods-OpenWeatherMapKit.release.xcconfig"; sourceTree = "<group>"; };
		B0AED5E9B103A4988ADF894F /* Pods_OpenWeatherMapKitTests.framework */ = {isa = PBXFileReference; explicitFileType = wrapper.framework; includeInIndex = 0; path = Pods_OpenWeatherMapKitTests.framework; sourceTree = BUILT_PRODUCTS_DIR; };
		C440003B20A057A400808CC9 /* DefaultNetworking.swift */ = {isa = PBXFileReference; lastKnownFileType = sourcecode.swift; path = DefaultNetworking.swift; sourceTree = "<group>"; };
		C48CF38520A1241200C3890B /* CityListJsonDecoding.swift */ = {isa = PBXFileReference; lastKnownFileType = sourcecode.swift; path = CityListJsonDecoding.swift; sourceTree = "<group>"; };
		C48CF39520A139C400C3890B /* CityInfos.sqlite-shm */ = {isa = PBXFileReference; lastKnownFileType = file; path = "CityInfos.sqlite-shm"; sourceTree = "<group>"; };
		C48CF39620A139C400C3890B /* CityInfos.sqlite */ = {isa = PBXFileReference; lastKnownFileType = file; path = CityInfos.sqlite; sourceTree = "<group>"; };
		C48CF39720A139C400C3890B /* CityInfos.sqlite-wal */ = {isa = PBXFileReference; fileEncoding = 4; lastKnownFileType = text; path = "CityInfos.sqlite-wal"; sourceTree = "<group>"; };
		C498C3C120A0712A00D63DB3 /* CityQuerying.swift */ = {isa = PBXFileReference; lastKnownFileType = sourcecode.swift; path = CityQuerying.swift; sourceTree = "<group>"; };
		C498C3C320A0726E00D63DB3 /* Coordinate.swift */ = {isa = PBXFileReference; lastKnownFileType = sourcecode.swift; path = Coordinate.swift; sourceTree = "<group>"; };
		C498C3D320A0776900D63DB3 /* CityQueryResult.swift */ = {isa = PBXFileReference; lastKnownFileType = sourcecode.swift; path = CityQueryResult.swift; sourceTree = "<group>"; };
		C498C3D520A077B900D63DB3 /* CityInfo.swift */ = {isa = PBXFileReference; lastKnownFileType = sourcecode.swift; path = CityInfo.swift; sourceTree = "<group>"; };
		C498C3D820A079EF00D63DB3 /* CityQueryingImp$.swift */ = {isa = PBXFileReference; lastKnownFileType = sourcecode.swift; path = "CityQueryingImp$.swift"; sourceTree = "<group>"; };
		C498C3D920A07A1100D63DB3 /* CityQueryingImpContainer.swift */ = {isa = PBXFileReference; lastKnownFileType = sourcecode.swift; path = CityQueryingImpContainer.swift; sourceTree = "<group>"; };
		C498C3DA20A07B1100D63DB3 /* DefaultCityQuerying.swift */ = {isa = PBXFileReference; lastKnownFileType = sourcecode.swift; path = DefaultCityQuerying.swift; sourceTree = "<group>"; };
		C498C3DF20A07EB700D63DB3 /* CityListJson$.swift */ = {isa = PBXFileReference; lastKnownFileType = sourcecode.swift; path = "CityListJson$.swift"; sourceTree = "<group>"; };
		C498C3E120A07F3E00D63DB3 /* CityListJsonCityQuerying.swift */ = {isa = PBXFileReference; lastKnownFileType = sourcecode.swift; path = CityListJsonCityQuerying.swift; sourceTree = "<group>"; };
		C498C3E320A083A600D63DB3 /* city.list.json.gz */ = {isa = PBXFileReference; lastKnownFileType = archive.gzip; path = city.list.json.gz; sourceTree = "<group>"; };
		C498C3E620A0970100D63DB3 /* CityListJsonCityQueryingTests.swift */ = {isa = PBXFileReference; lastKnownFileType = sourcecode.swift; path = CityListJsonCityQueryingTests.swift; sourceTree = "<group>"; };
		C498C3E920A0E5FA00D63DB3 /* PersistentCityInfos.swift */ = {isa = PBXFileReference; lastKnownFileType = sourcecode.swift; path = PersistentCityInfos.swift; sourceTree = "<group>"; };
		C498C3EC20A0E76700D63DB3 /* CityInfos.xcdatamodel */ = {isa = PBXFileReference; lastKnownFileType = wrapper.xcdatamodel; path = CityInfos.xcdatamodel; sourceTree = "<group>"; };
		C498C3EF20A0ED2100D63DB3 /* CoreData$.swift */ = {isa = PBXFileReference; lastKnownFileType = sourcecode.swift; path = "CoreData$.swift"; sourceTree = "<group>"; };
		C498C3F120A0ED6300D63DB3 /* CityInfo+PersistentCityInfo.swift */ = {isa = PBXFileReference; lastKnownFileType = sourcecode.swift; path = "CityInfo+PersistentCityInfo.swift"; sourceTree = "<group>"; };
		C498C3F320A0EDA200D63DB3 /* CoreDataCityQuerying.swift */ = {isa = PBXFileReference; lastKnownFileType = sourcecode.swift; path = CoreDataCityQuerying.swift; sourceTree = "<group>"; };
		C498C3F520A0F21B00D63DB3 /* main.swift */ = {isa = PBXFileReference; lastKnownFileType = sourcecode.swift; path = main.swift; sourceTree = "<group>"; };
		C498C3FB20A0F25200D63DB3 /* GenerateOpenWeatherMapPersistentCityInfos */ = {isa = PBXFileReference; explicitFileType = "compiled.mach-o.executable"; includeInIndex = 0; path = GenerateOpenWeatherMapPersistentCityInfos; sourceTree = BUILT_PRODUCTS_DIR; };
		C498C40420A0F38D00D63DB3 /* BundledPersistentContainer.swift */ = {isa = PBXFileReference; lastKnownFileType = sourcecode.swift; path = BundledPersistentContainer.swift; sourceTree = "<group>"; };
		C49E3969209F9A7A0010EBAF /* OpenWeatherMapKit.framework */ = {isa = PBXFileReference; explicitFileType = wrapper.framework; includeInIndex = 0; path = OpenWeatherMapKit.framework; sourceTree = BUILT_PRODUCTS_DIR; };
		C49E396C209F9A7A0010EBAF /* OpenWeatherMapKit.h */ = {isa = PBXFileReference; lastKnownFileType = sourcecode.c.h; path = OpenWeatherMapKit.h; sourceTree = "<group>"; };
		C49E396D209F9A7A0010EBAF /* Info.plist */ = {isa = PBXFileReference; lastKnownFileType = text.plist.xml; path = Info.plist; sourceTree = "<group>"; };
		C49E3972209F9A7A0010EBAF /* OpenWeatherMapKitTests.xctest */ = {isa = PBXFileReference; explicitFileType = wrapper.cfbundle; includeInIndex = 0; path = OpenWeatherMapKitTests.xctest; sourceTree = BUILT_PRODUCTS_DIR; };
		C49E3977209F9A7A0010EBAF /* OpenWeatherMapKitTests.swift */ = {isa = PBXFileReference; lastKnownFileType = sourcecode.swift; path = OpenWeatherMapKitTests.swift; sourceTree = "<group>"; };
		C49E3979209F9A7A0010EBAF /* Info.plist */ = {isa = PBXFileReference; lastKnownFileType = text.plist.xml; path = Info.plist; sourceTree = "<group>"; };
		C49E3983209F9A980010EBAF /* README.md */ = {isa = PBXFileReference; lastKnownFileType = net.daringfireball.markdown; path = README.md; sourceTree = "<group>"; };
		C49E3984209F9A980010EBAF /* Networking.swift */ = {isa = PBXFileReference; lastKnownFileType = sourcecode.swift; path = Networking.swift; sourceTree = "<group>"; };
		C49E3985209F9A980010EBAF /* WeatherResponse.swift */ = {isa = PBXFileReference; lastKnownFileType = sourcecode.swift; path = WeatherResponse.swift; sourceTree = "<group>"; };
		C49E3986209F9A980010EBAF /* NetworkingWeatherQueryResult.swift */ = {isa = PBXFileReference; lastKnownFileType = sourcecode.swift; path = NetworkingWeatherQueryResult.swift; sourceTree = "<group>"; };
		C49E3987209F9A980010EBAF /* NetworkingError.swift */ = {isa = PBXFileReference; lastKnownFileType = sourcecode.swift; path = NetworkingError.swift; sourceTree = "<group>"; };
		C49E3988209F9A980010EBAF /* LocationPredicate.swift */ = {isa = PBXFileReference; lastKnownFileType = sourcecode.swift; path = LocationPredicate.swift; sourceTree = "<group>"; };
		C49E398A209F9A980010EBAF /* LocationPredicate+Codable.swift */ = {isa = PBXFileReference; lastKnownFileType = sourcecode.swift; path = "LocationPredicate+Codable.swift"; sourceTree = "<group>"; };
		C49E398B209F9A980010EBAF /* LocationPredicate+CodableTests.swift */ = {isa = PBXFileReference; lastKnownFileType = sourcecode.swift; path = "LocationPredicate+CodableTests.swift"; sourceTree = "<group>"; };
		C49E398C209F9A980010EBAF /* README.md */ = {isa = PBXFileReference; lastKnownFileType = net.daringfireball.markdown; path = README.md; sourceTree = "<group>"; };
		C49E398D209F9A980010EBAF /* LocationPredicateSamples.swift */ = {isa = PBXFileReference; lastKnownFileType = sourcecode.swift; path = LocationPredicateSamples.swift; sourceTree = "<group>"; };
		C49E398E209F9A980010EBAF /* WeatherResponseSample+OpenWeatherMap.json */ = {isa = PBXFileReference; lastKnownFileType = text.json; path = "WeatherResponseSample+OpenWeatherMap.json"; sourceTree = "<group>"; };
		C49E3992209F9A990010EBAF /* NetworkingImp$.swift */ = {isa = PBXFileReference; lastKnownFileType = sourcecode.swift; path = "NetworkingImp$.swift"; sourceTree = "<group>"; };
		C49E3993209F9A990010EBAF /* NetworkingImpContainer.swift */ = {isa = PBXFileReference; fileEncoding = 4; lastKnownFileType = sourcecode.swift; path = NetworkingImpContainer.swift; sourceTree = "<group>"; };
		C49E3994209F9A990010EBAF /* NetworkingImpTests.swift */ = {isa = PBXFileReference; lastKnownFileType = sourcecode.swift; path = NetworkingImpTests.swift; sourceTree = "<group>"; };
		C49E3995209F9A990010EBAF /* Moya$.swift */ = {isa = PBXFileReference; lastKnownFileType = sourcecode.swift; path = "Moya$.swift"; sourceTree = "<group>"; };
		C49E3996209F9A990010EBAF /* MoyaNetworking.swift */ = {isa = PBXFileReference; lastKnownFileType = sourcecode.swift; path = MoyaNetworking.swift; sourceTree = "<group>"; };
		C49E3997209F9A990010EBAF /* MoyaNetworkingTests.swift */ = {isa = PBXFileReference; lastKnownFileType = sourcecode.swift; path = MoyaNetworkingTests.swift; sourceTree = "<group>"; };
		C49E3998209F9A990010EBAF /* MoyaTarget.swift */ = {isa = PBXFileReference; lastKnownFileType = sourcecode.swift; path = MoyaTarget.swift; sourceTree = "<group>"; };
		C49E3999209F9A990010EBAF /* APIKeyPlugin.swift */ = {isa = PBXFileReference; lastKnownFileType = sourcecode.swift; path = APIKeyPlugin.swift; sourceTree = "<group>"; };
		C49E39B9209FAAD40010EBAF /* MoyaResponse+NetworkingError.swift */ = {isa = PBXFileReference; lastKnownFileType = sourcecode.swift; path = "MoyaResponse+NetworkingError.swift"; sourceTree = "<group>"; };
		C4AFE0737A29B395D00456B0 /* Pods_GenerateOpenWeatherMapPersistentCityInfos.framework */ = {isa = PBXFileReference; explicitFileType = wrapper.framework; includeInIndex = 0; path = Pods_GenerateOpenWeatherMapPersistentCityInfos.framework; sourceTree = BUILT_PRODUCTS_DIR; };
		C4C1DFE320A2388E00C11C62 /* Bundle.swift */ = {isa = PBXFileReference; lastKnownFileType = sourcecode.swift; path = Bundle.swift; sourceTree = "<group>"; };
		CF39F51EE3D5E2DD8823423E /* Pods-OpenWeatherMapKit.debug.xcconfig */ = {isa = PBXFileReference; includeInIndex = 1; lastKnownFileType = text.xcconfig; name = "Pods-OpenWeatherMapKit.debug.xcconfig"; path = "../../Pods/Target Support Files/Pods-OpenWeatherMapKit/Pods-OpenWeatherMapKit.debug.xcconfig"; sourceTree = "<group>"; };
		D725DC241A3E8C58BC218D0C /* Pods-GenerateOpenWeatherMapPersistentCityInfos.debug.xcconfig */ = {isa = PBXFileReference; includeInIndex = 1; lastKnownFileType = text.xcconfig; name = "Pods-GenerateOpenWeatherMapPersistentCityInfos.debug.xcconfig"; path = "../../Pods/Target Support Files/Pods-GenerateOpenWeatherMapPersistentCityInfos/Pods-GenerateOpenWeatherMapPersistentCityInfos.debug.xcconfig"; sourceTree = "<group>"; };
		F2F50FBFE1234434D94A18AC /* Pods-GenerateOpenWeatherMapPersistentCityInfos.release.xcconfig */ = {isa = PBXFileReference; includeInIndex = 1; lastKnownFileType = text.xcconfig; name = "Pods-GenerateOpenWeatherMapPersistentCityInfos.release.xcconfig"; path = "../../Pods/Target Support Files/Pods-GenerateOpenWeatherMapPersistentCityInfos/Pods-GenerateOpenWeatherMapPersistentCityInfos.release.xcconfig"; sourceTree = "<group>"; };
/* End PBXFileReference section */

/* Begin PBXFrameworksBuildPhase section */
		C498C3F820A0F25200D63DB3 /* Frameworks */ = {
			isa = PBXFrameworksBuildPhase;
			buildActionMask = 2147483647;
			files = (
				AB57AA7EF1AC0BA926C662F3 /* Pods_GenerateOpenWeatherMapPersistentCityInfos.framework in Frameworks */,
				C48CF38420A11E3F00C3890B /* OpenWeatherMapKit.framework in Frameworks */,
			);
			runOnlyForDeploymentPostprocessing = 0;
		};
		C49E3965209F9A7A0010EBAF /* Frameworks */ = {
			isa = PBXFrameworksBuildPhase;
			buildActionMask = 2147483647;
			files = (
				3C1CAFD5626D7ED9EBEDFEFC /* Pods_OpenWeatherMapKit.framework in Frameworks */,
			);
			runOnlyForDeploymentPostprocessing = 0;
		};
		C49E396F209F9A7A0010EBAF /* Frameworks */ = {
			isa = PBXFrameworksBuildPhase;
			buildActionMask = 2147483647;
			files = (
				C49E3973209F9A7A0010EBAF /* OpenWeatherMapKit.framework in Frameworks */,
				E789531754176136DAD1A71A /* Pods_OpenWeatherMapKitTests.framework in Frameworks */,
			);
			runOnlyForDeploymentPostprocessing = 0;
		};
/* End PBXFrameworksBuildPhase section */

/* Begin PBXGroup section */
		1543246F8EDFB17B01DCC406 /* Pods */ = {
			isa = PBXGroup;
			children = (
				CF39F51EE3D5E2DD8823423E /* Pods-OpenWeatherMapKit.debug.xcconfig */,
				A7F3C064E022D8D1011E41D8 /* Pods-OpenWeatherMapKit.release.xcconfig */,
				9832F7F5CCD6DDFDB3172680 /* Pods-OpenWeatherMapKitTests.debug.xcconfig */,
				283DD039A448C9AB9AD4DF9F /* Pods-OpenWeatherMapKitTests.release.xcconfig */,
				D725DC241A3E8C58BC218D0C /* Pods-GenerateOpenWeatherMapPersistentCityInfos.debug.xcconfig */,
				F2F50FBFE1234434D94A18AC /* Pods-GenerateOpenWeatherMapPersistentCityInfos.release.xcconfig */,
			);
			name = Pods;
			sourceTree = "<group>";
		};
		41AAEDAEBBF20567664A2059 /* Frameworks */ = {
			isa = PBXGroup;
			children = (
				784782CB941A6D09D7563A95 /* Pods_OpenWeatherMapKit.framework */,
				B0AED5E9B103A4988ADF894F /* Pods_OpenWeatherMapKitTests.framework */,
				C4AFE0737A29B395D00456B0 /* Pods_GenerateOpenWeatherMapPersistentCityInfos.framework */,
			);
			name = Frameworks;
			sourceTree = "<group>";
		};
		C48CF38820A129D700C3890B /* CityInfos */ = {
			isa = PBXGroup;
			children = (
				C48CF39620A139C400C3890B /* CityInfos.sqlite */,
				C48CF39520A139C400C3890B /* CityInfos.sqlite-shm */,
				C48CF39720A139C400C3890B /* CityInfos.sqlite-wal */,
			);
			path = CityInfos;
			sourceTree = "<group>";
		};
		C498C3D720A079D000D63DB3 /* CityQueryingImp */ = {
			isa = PBXGroup;
			children = (
				C498C3D820A079EF00D63DB3 /* CityQueryingImp$.swift */,
				C498C3D920A07A1100D63DB3 /* CityQueryingImpContainer.swift */,
				C498C3DA20A07B1100D63DB3 /* DefaultCityQuerying.swift */,
				C498C3DE20A07EAB00D63DB3 /* CityListJson */,
				C498C3EE20A0ECE300D63DB3 /* CoreData */,
			);
			path = CityQueryingImp;
			sourceTree = "<group>";
		};
		C498C3DE20A07EAB00D63DB3 /* CityListJson */ = {
			isa = PBXGroup;
			children = (
				C498C3E320A083A600D63DB3 /* city.list.json.gz */,
				C498C3DF20A07EB700D63DB3 /* CityListJson$.swift */,
				C48CF38520A1241200C3890B /* CityListJsonDecoding.swift */,
				C498C3E120A07F3E00D63DB3 /* CityListJsonCityQuerying.swift */,
				C498C3E620A0970100D63DB3 /* CityListJsonCityQueryingTests.swift */,
			);
			path = CityListJson;
			sourceTree = "<group>";
		};
		C498C3EE20A0ECE300D63DB3 /* CoreData */ = {
			isa = PBXGroup;
			children = (
				C498C3EF20A0ED2100D63DB3 /* CoreData$.swift */,
				C498C3F120A0ED6300D63DB3 /* CityInfo+PersistentCityInfo.swift */,
				C498C3F320A0EDA200D63DB3 /* CoreDataCityQuerying.swift */,
				C498C3EB20A0E76700D63DB3 /* CityInfos.xcdatamodeld */,
				C48CF38820A129D700C3890B /* CityInfos */,
				C498C40320A0F2D200D63DB3 /* GeneratePersistentCityInfos */,
			);
			path = CoreData;
			sourceTree = "<group>";
		};
		C498C40320A0F2D200D63DB3 /* GeneratePersistentCityInfos */ = {
			isa = PBXGroup;
			children = (
				C498C3E920A0E5FA00D63DB3 /* PersistentCityInfos.swift */,
				C498C3F520A0F21B00D63DB3 /* main.swift */,
			);
			path = GeneratePersistentCityInfos;
			sourceTree = "<group>";
		};
		C49E395F209F9A7A0010EBAF = {
			isa = PBXGroup;
			children = (
				C49E396B209F9A7A0010EBAF /* OpenWeatherMapKit */,
				C49E3976209F9A7A0010EBAF /* OpenWeatherMapKitTests */,
				C4C1DFDE20A2388E00C11C62 /* Shared */,
				C49E396A209F9A7A0010EBAF /* Products */,
				1543246F8EDFB17B01DCC406 /* Pods */,
				41AAEDAEBBF20567664A2059 /* Frameworks */,
			);
			sourceTree = "<group>";
		};
		C49E396A209F9A7A0010EBAF /* Products */ = {
			isa = PBXGroup;
			children = (
				C49E3969209F9A7A0010EBAF /* OpenWeatherMapKit.framework */,
				C49E3972209F9A7A0010EBAF /* OpenWeatherMapKitTests.xctest */,
				C498C3FB20A0F25200D63DB3 /* GenerateOpenWeatherMapPersistentCityInfos */,
			);
			name = Products;
			sourceTree = "<group>";
		};
		C49E396B209F9A7A0010EBAF /* OpenWeatherMapKit */ = {
			isa = PBXGroup;
			children = (
				C49E396C209F9A7A0010EBAF /* OpenWeatherMapKit.h */,
				C49E3991209F9A980010EBAF /* Concepts */,
				C498C3D720A079D000D63DB3 /* CityQueryingImp */,
				C49E399B209F9A990010EBAF /* NetworkingImp */,
				C49E396D209F9A7A0010EBAF /* Info.plist */,
			);
			path = OpenWeatherMapKit;
			sourceTree = "<group>";
		};
		C49E3976209F9A7A0010EBAF /* OpenWeatherMapKitTests */ = {
			isa = PBXGroup;
			children = (
				C49E3977209F9A7A0010EBAF /* OpenWeatherMapKitTests.swift */,
				C49E3979209F9A7A0010EBAF /* Info.plist */,
			);
			path = OpenWeatherMapKitTests;
			sourceTree = "<group>";
		};
		C49E398F209F9A980010EBAF /* Samples */ = {
			isa = PBXGroup;
			children = (
				C49E398C209F9A980010EBAF /* README.md */,
				C49E398D209F9A980010EBAF /* LocationPredicateSamples.swift */,
				C49E398E209F9A980010EBAF /* WeatherResponseSample+OpenWeatherMap.json */,
			);
			path = Samples;
			sourceTree = "<group>";
		};
		C49E3990209F9A980010EBAF /* Primitives */ = {
			isa = PBXGroup;
			children = (
				C498C3D520A077B900D63DB3 /* CityInfo.swift */,
				C49E3985209F9A980010EBAF /* WeatherResponse.swift */,
				C49E3986209F9A980010EBAF /* NetworkingWeatherQueryResult.swift */,
				C498C3D320A0776900D63DB3 /* CityQueryResult.swift */,
				C49E3987209F9A980010EBAF /* NetworkingError.swift */,
				C49E3988209F9A980010EBAF /* LocationPredicate.swift */,
				C498C3C320A0726E00D63DB3 /* Coordinate.swift */,
				C49E398A209F9A980010EBAF /* LocationPredicate+Codable.swift */,
				C49E398B209F9A980010EBAF /* LocationPredicate+CodableTests.swift */,
				C49E398F209F9A980010EBAF /* Samples */,
			);
			path = Primitives;
			sourceTree = "<group>";
		};
		C49E3991209F9A980010EBAF /* Concepts */ = {
			isa = PBXGroup;
			children = (
				C49E3983209F9A980010EBAF /* README.md */,
				C49E3984209F9A980010EBAF /* Networking.swift */,
				C498C3C120A0712A00D63DB3 /* CityQuerying.swift */,
				C49E3990209F9A980010EBAF /* Primitives */,
			);
			path = Concepts;
			sourceTree = "<group>";
		};
		C49E399A209F9A990010EBAF /* Moya */ = {
			isa = PBXGroup;
			children = (
				C49E3995209F9A990010EBAF /* Moya$.swift */,
				C49E3996209F9A990010EBAF /* MoyaNetworking.swift */,
				C49E3997209F9A990010EBAF /* MoyaNetworkingTests.swift */,
				C49E3998209F9A990010EBAF /* MoyaTarget.swift */,
				C49E3999209F9A990010EBAF /* APIKeyPlugin.swift */,
				C49E39B9209FAAD40010EBAF /* MoyaResponse+NetworkingError.swift */,
			);
			path = Moya;
			sourceTree = "<group>";
		};
		C49E399B209F9A990010EBAF /* NetworkingImp */ = {
			isa = PBXGroup;
			children = (
				C49E3992209F9A990010EBAF /* NetworkingImp$.swift */,
				C49E3993209F9A990010EBAF /* NetworkingImpContainer.swift */,
				C49E3994209F9A990010EBAF /* NetworkingImpTests.swift */,
				C440003B20A057A400808CC9 /* DefaultNetworking.swift */,
				C49E399A209F9A990010EBAF /* Moya */,
			);
			path = NetworkingImp;
			sourceTree = "<group>";
		};
		C4C1DFDE20A2388E00C11C62 /* Shared */ = {
			isa = PBXGroup;
			children = (
				C498C40420A0F38D00D63DB3 /* BundledPersistentContainer.swift */,
				C4C1DFE320A2388E00C11C62 /* Bundle.swift */,
			);
			name = Shared;
			path = ../Shared;
			sourceTree = SOURCE_ROOT;
		};
/* End PBXGroup section */

/* Begin PBXHeadersBuildPhase section */
		C49E3966209F9A7A0010EBAF /* Headers */ = {
			isa = PBXHeadersBuildPhase;
			buildActionMask = 2147483647;
			files = (
				C49E397A209F9A7A0010EBAF /* OpenWeatherMapKit.h in Headers */,
			);
			runOnlyForDeploymentPostprocessing = 0;
		};
/* End PBXHeadersBuildPhase section */

/* Begin PBXNativeTarget section */
		C498C3FA20A0F25200D63DB3 /* GenerateOpenWeatherMapPersistentCityInfos */ = {
			isa = PBXNativeTarget;
			buildConfigurationList = C498C3FF20A0F25300D63DB3 /* Build configuration list for PBXNativeTarget "GenerateOpenWeatherMapPersistentCityInfos" */;
			buildPhases = (
				9F3F8F92651F95F744DFC14C /* [CP] Check Pods Manifest.lock */,
				C498C3F720A0F25200D63DB3 /* Sources */,
				C498C3F820A0F25200D63DB3 /* Frameworks */,
				C498C3F920A0F25200D63DB3 /* CopyFiles */,
			);
			buildRules = (
			);
			dependencies = (
			);
			name = GenerateOpenWeatherMapPersistentCityInfos;
			productName = GenerateOpenWeatherMapPersistentCityInfos;
			productReference = C498C3FB20A0F25200D63DB3 /* GenerateOpenWeatherMapPersistentCityInfos */;
			productType = "com.apple.product-type.tool";
		};
		C49E3968209F9A7A0010EBAF /* OpenWeatherMapKit */ = {
			isa = PBXNativeTarget;
			buildConfigurationList = C49E397D209F9A7A0010EBAF /* Build configuration list for PBXNativeTarget "OpenWeatherMapKit" */;
			buildPhases = (
				95003D438CD7EE829DB0514C /* [CP] Check Pods Manifest.lock */,
				C49E3964209F9A7A0010EBAF /* Sources */,
				C49E3965209F9A7A0010EBAF /* Frameworks */,
				C49E3966209F9A7A0010EBAF /* Headers */,
				C49E3967209F9A7A0010EBAF /* Resources */,
			);
			buildRules = (
			);
			dependencies = (
			);
			name = OpenWeatherMapKit;
			productName = OpenWeatherMapKit;
			productReference = C49E3969209F9A7A0010EBAF /* OpenWeatherMapKit.framework */;
			productType = "com.apple.product-type.framework";
		};
		C49E3971209F9A7A0010EBAF /* OpenWeatherMapKitTests */ = {
			isa = PBXNativeTarget;
			buildConfigurationList = C49E3980209F9A7A0010EBAF /* Build configuration list for PBXNativeTarget "OpenWeatherMapKitTests" */;
			buildPhases = (
				4840AF128A9910548B98665F /* [CP] Check Pods Manifest.lock */,
				C49E396E209F9A7A0010EBAF /* Sources */,
				C49E396F209F9A7A0010EBAF /* Frameworks */,
				C49E3970209F9A7A0010EBAF /* Resources */,
				8B3123407D85518E04792363 /* [CP] Embed Pods Frameworks */,
			);
			buildRules = (
			);
			dependencies = (
				C49E3975209F9A7A0010EBAF /* PBXTargetDependency */,
			);
			name = OpenWeatherMapKitTests;
			productName = OpenWeatherMapKitTests;
			productReference = C49E3972209F9A7A0010EBAF /* OpenWeatherMapKitTests.xctest */;
			productType = "com.apple.product-type.bundle.unit-test";
		};
/* End PBXNativeTarget section */

/* Begin PBXProject section */
		C49E3960209F9A7A0010EBAF /* Project object */ = {
			isa = PBXProject;
			attributes = {
				LastSwiftUpdateCheck = 0930;
				LastUpgradeCheck = 0930;
				ORGANIZATIONNAME = "Grigory Entin";
				TargetAttributes = {
					C498C3FA20A0F25200D63DB3 = {
						CreatedOnToolsVersion = 9.3;
					};
					C49E3968209F9A7A0010EBAF = {
						CreatedOnToolsVersion = 9.3;
					};
					C49E3971209F9A7A0010EBAF = {
						CreatedOnToolsVersion = 9.3;
					};
				};
			};
			buildConfigurationList = C49E3963209F9A7A0010EBAF /* Build configuration list for PBXProject "OpenWeatherMapKit" */;
			compatibilityVersion = "Xcode 9.3";
			developmentRegion = en;
			hasScannedForEncodings = 0;
			knownRegions = (
				en,
			);
			mainGroup = C49E395F209F9A7A0010EBAF;
			productRefGroup = C49E396A209F9A7A0010EBAF /* Products */;
			projectDirPath = "";
			projectRoot = "";
			targets = (
				C49E3968209F9A7A0010EBAF /* OpenWeatherMapKit */,
				C49E3971209F9A7A0010EBAF /* OpenWeatherMapKitTests */,
				C498C3FA20A0F25200D63DB3 /* GenerateOpenWeatherMapPersistentCityInfos */,
			);
		};
/* End PBXProject section */

/* Begin PBXResourcesBuildPhase section */
		C49E3967209F9A7A0010EBAF /* Resources */ = {
			isa = PBXResourcesBuildPhase;
			buildActionMask = 2147483647;
			files = (
				C48CF39920A139C400C3890B /* CityInfos.sqlite in Resources */,
				C48CF39A20A139C400C3890B /* CityInfos.sqlite-wal in Resources */,
				C49E39AF209FA07A0010EBAF /* WeatherResponseSample+OpenWeatherMap.json in Resources */,
				C48CF39820A139C400C3890B /* CityInfos.sqlite-shm in Resources */,
				C498C3E420A083A600D63DB3 /* city.list.json.gz in Resources */,
			);
			runOnlyForDeploymentPostprocessing = 0;
		};
		C49E3970209F9A7A0010EBAF /* Resources */ = {
			isa = PBXResourcesBuildPhase;
			buildActionMask = 2147483647;
			files = (
			);
			runOnlyForDeploymentPostprocessing = 0;
		};
/* End PBXResourcesBuildPhase section */

/* Begin PBXShellScriptBuildPhase section */
		4840AF128A9910548B98665F /* [CP] Check Pods Manifest.lock */ = {
			isa = PBXShellScriptBuildPhase;
			buildActionMask = 2147483647;
			files = (
			);
			inputPaths = (
				"${PODS_PODFILE_DIR_PATH}/Podfile.lock",
				"${PODS_ROOT}/Manifest.lock",
			);
			name = "[CP] Check Pods Manifest.lock";
			outputPaths = (
				"$(DERIVED_FILE_DIR)/Pods-OpenWeatherMapKitTests-checkManifestLockResult.txt",
			);
			runOnlyForDeploymentPostprocessing = 0;
			shellPath = /bin/sh;
			shellScript = "diff \"${PODS_PODFILE_DIR_PATH}/Podfile.lock\" \"${PODS_ROOT}/Manifest.lock\" > /dev/null\nif [ $? != 0 ] ; then\n    # print error to STDERR\n    echo \"error: The sandbox is not in sync with the Podfile.lock. Run 'pod install' or update your CocoaPods installation.\" >&2\n    exit 1\nfi\n# This output is used by Xcode 'outputs' to avoid re-running this script phase.\necho \"SUCCESS\" > \"${SCRIPT_OUTPUT_FILE_0}\"\n";
			showEnvVarsInLog = 0;
		};
		8B3123407D85518E04792363 /* [CP] Embed Pods Frameworks */ = {
			isa = PBXShellScriptBuildPhase;
			buildActionMask = 2147483647;
			files = (
			);
			inputPaths = (
				"${SRCROOT}/../../Pods/Target Support Files/Pods-OpenWeatherMapKitTests/Pods-OpenWeatherMapKitTests-frameworks.sh",
				"${BUILT_PRODUCTS_DIR}/Then-iOS/Then.framework",
				"${BUILT_PRODUCTS_DIR}/Nimble/Nimble.framework",
				"${BUILT_PRODUCTS_DIR}/Quick/Quick.framework",
				"${BUILT_PRODUCTS_DIR}/Alamofire-iOS/Alamofire.framework",
				"${BUILT_PRODUCTS_DIR}/GZIP-iOS/GZIP.framework",
				"${BUILT_PRODUCTS_DIR}/Moya-iOS/Moya.framework",
				"${BUILT_PRODUCTS_DIR}/Result-iOS/Result.framework",
				"${BUILT_PRODUCTS_DIR}/RxSwift-iOS/RxSwift.framework",
				"${BUILT_PRODUCTS_DIR}/Swinject-iOS/Swinject.framework",
			);
			name = "[CP] Embed Pods Frameworks";
			outputPaths = (
				"${TARGET_BUILD_DIR}/${FRAMEWORKS_FOLDER_PATH}/Then.framework",
				"${TARGET_BUILD_DIR}/${FRAMEWORKS_FOLDER_PATH}/Nimble.framework",
				"${TARGET_BUILD_DIR}/${FRAMEWORKS_FOLDER_PATH}/Quick.framework",
				"${TARGET_BUILD_DIR}/${FRAMEWORKS_FOLDER_PATH}/Alamofire.framework",
				"${TARGET_BUILD_DIR}/${FRAMEWORKS_FOLDER_PATH}/GZIP.framework",
				"${TARGET_BUILD_DIR}/${FRAMEWORKS_FOLDER_PATH}/Moya.framework",
				"${TARGET_BUILD_DIR}/${FRAMEWORKS_FOLDER_PATH}/Result.framework",
				"${TARGET_BUILD_DIR}/${FRAMEWORKS_FOLDER_PATH}/RxSwift.framework",
				"${TARGET_BUILD_DIR}/${FRAMEWORKS_FOLDER_PATH}/Swinject.framework",
			);
			runOnlyForDeploymentPostprocessing = 0;
			shellPath = /bin/sh;
			shellScript = "\"${SRCROOT}/../../Pods/Target Support Files/Pods-OpenWeatherMapKitTests/Pods-OpenWeatherMapKitTests-frameworks.sh\"\n";
			showEnvVarsInLog = 0;
		};
		95003D438CD7EE829DB0514C /* [CP] Check Pods Manifest.lock */ = {
			isa = PBXShellScriptBuildPhase;
			buildActionMask = 2147483647;
			files = (
			);
			inputPaths = (
				"${PODS_PODFILE_DIR_PATH}/Podfile.lock",
				"${PODS_ROOT}/Manifest.lock",
			);
			name = "[CP] Check Pods Manifest.lock";
			outputPaths = (
				"$(DERIVED_FILE_DIR)/Pods-OpenWeatherMapKit-checkManifestLockResult.txt",
			);
			runOnlyForDeploymentPostprocessing = 0;
			shellPath = /bin/sh;
			shellScript = "diff \"${PODS_PODFILE_DIR_PATH}/Podfile.lock\" \"${PODS_ROOT}/Manifest.lock\" > /dev/null\nif [ $? != 0 ] ; then\n    # print error to STDERR\n    echo \"error: The sandbox is not in sync with the Podfile.lock. Run 'pod install' or update your CocoaPods installation.\" >&2\n    exit 1\nfi\n# This output is used by Xcode 'outputs' to avoid re-running this script phase.\necho \"SUCCESS\" > \"${SCRIPT_OUTPUT_FILE_0}\"\n";
			showEnvVarsInLog = 0;
		};
		9F3F8F92651F95F744DFC14C /* [CP] Check Pods Manifest.lock */ = {
			isa = PBXShellScriptBuildPhase;
			buildActionMask = 2147483647;
			files = (
			);
			inputPaths = (
				"${PODS_PODFILE_DIR_PATH}/Podfile.lock",
				"${PODS_ROOT}/Manifest.lock",
			);
			name = "[CP] Check Pods Manifest.lock";
			outputPaths = (
				"$(DERIVED_FILE_DIR)/Pods-GenerateOpenWeatherMapPersistentCityInfos-checkManifestLockResult.txt",
			);
			runOnlyForDeploymentPostprocessing = 0;
			shellPath = /bin/sh;
			shellScript = "diff \"${PODS_PODFILE_DIR_PATH}/Podfile.lock\" \"${PODS_ROOT}/Manifest.lock\" > /dev/null\nif [ $? != 0 ] ; then\n    # print error to STDERR\n    echo \"error: The sandbox is not in sync with the Podfile.lock. Run 'pod install' or update your CocoaPods installation.\" >&2\n    exit 1\nfi\n# This output is used by Xcode 'outputs' to avoid re-running this script phase.\necho \"SUCCESS\" > \"${SCRIPT_OUTPUT_FILE_0}\"\n";
			showEnvVarsInLog = 0;
		};
/* End PBXShellScriptBuildPhase section */

/* Begin PBXSourcesBuildPhase section */
		C498C3F720A0F25200D63DB3 /* Sources */ = {
			isa = PBXSourcesBuildPhase;
			buildActionMask = 2147483647;
			files = (
				C498C40220A0F2B500D63DB3 /* main.swift in Sources */,
				C48CF38720A1244200C3890B /* PersistentCityInfos.swift in Sources */,
			);
			runOnlyForDeploymentPostprocessing = 0;
		};
		C49E3964209F9A7A0010EBAF /* Sources */ = {
			isa = PBXSourcesBuildPhase;
			buildActionMask = 2147483647;
			files = (
				C49E39A7209F9B3F0010EBAF /* Moya$.swift in Sources */,
				C49E39BA209FAAD40010EBAF /* MoyaResponse+NetworkingError.swift in Sources */,
				C498C3D420A0776900D63DB3 /* CityQueryResult.swift in Sources */,
				C498C40520A0F38D00D63DB3 /* BundledPersistentContainer.swift in Sources */,
				C49E39A0209F9AED0010EBAF /* LocationPredicate+Codable.swift in Sources */,
				C498C3DD20A07EA000D63DB3 /* CityQueryingImpContainer.swift in Sources */,
				C49E399F209F9AED0010EBAF /* LocationPredicate.swift in Sources */,
				C498C3F020A0ED2100D63DB3 /* CoreData$.swift in Sources */,
				C498C3DB20A07B4000D63DB3 /* DefaultCityQuerying.swift in Sources */,
				C49E39AC209F9EAA0010EBAF /* Networking.swift in Sources */,
				C49E39AA209F9B3F0010EBAF /* APIKeyPlugin.swift in Sources */,
				C49E39A5209F9B340010EBAF /* NetworkingImpContainer.swift in Sources */,
				C498C3E020A07EED00D63DB3 /* CityListJson$.swift in Sources */,
				C4C1DFE420A238CD00C11C62 /* Bundle.swift in Sources */,
				C49E399D209F9AED0010EBAF /* NetworkingWeatherQueryResult.swift in Sources */,
				C49E399E209F9AED0010EBAF /* NetworkingError.swift in Sources */,
				C498C3C220A0712A00D63DB3 /* CityQuerying.swift in Sources */,
				C498C3F420A0EDA200D63DB3 /* CoreDataCityQuerying.swift in Sources */,
				C498C3DC20A07B5300D63DB3 /* CityQueryingImp$.swift in Sources */,
				C440003C20A057A400808CC9 /* DefaultNetworking.swift in Sources */,
				C498C3D620A077B900D63DB3 /* CityInfo.swift in Sources */,
				C49E399C209F9AED0010EBAF /* WeatherResponse.swift in Sources */,
				C48CF38620A1241200C3890B /* CityListJsonDecoding.swift in Sources */,
				C49E39A4209F9B340010EBAF /* NetworkingImp$.swift in Sources */,
				C49E39A9209F9B3F0010EBAF /* MoyaTarget.swift in Sources */,
				C498C3ED20A0E76700D63DB3 /* CityInfos.xcdatamodeld in Sources */,
				C498C3E220A07F3E00D63DB3 /* CityListJsonCityQuerying.swift in Sources */,
				C498C3F220A0ED6300D63DB3 /* CityInfo+PersistentCityInfo.swift in Sources */,
				C498C3C420A0726E00D63DB3 /* Coordinate.swift in Sources */,
				C49E39A8209F9B3F0010EBAF /* MoyaNetworking.swift in Sources */,
			);
			runOnlyForDeploymentPostprocessing = 0;
		};
		C49E396E209F9A7A0010EBAF /* Sources */ = {
			isa = PBXSourcesBuildPhase;
			buildActionMask = 2147483647;
			files = (
				C49E39AB209F9B420010EBAF /* MoyaNetworkingTests.swift in Sources */,
				C498C3E820A0984100D63DB3 /* CityListJsonCityQueryingTests.swift in Sources */,
				C49E39A6209F9B390010EBAF /* NetworkingImpTests.swift in Sources */,
				C49E3978209F9A7A0010EBAF /* OpenWeatherMapKitTests.swift in Sources */,
				C49E39A2209F9AF80010EBAF /* LocationPredicateSamples.swift in Sources */,
				C49E39A1209F9AF10010EBAF /* LocationPredicate+CodableTests.swift in Sources */,
			);
			runOnlyForDeploymentPostprocessing = 0;
		};
/* End PBXSourcesBuildPhase section */

/* Begin PBXTargetDependency section */
		C49E3975209F9A7A0010EBAF /* PBXTargetDependency */ = {
			isa = PBXTargetDependency;
			target = C49E3968209F9A7A0010EBAF /* OpenWeatherMapKit */;
			targetProxy = C49E3974209F9A7A0010EBAF /* PBXContainerItemProxy */;
		};
/* End PBXTargetDependency section */

/* Begin XCBuildConfiguration section */
		C498C40020A0F25300D63DB3 /* Debug */ = {
			isa = XCBuildConfiguration;
			baseConfigurationReference = D725DC241A3E8C58BC218D0C /* Pods-GenerateOpenWeatherMapPersistentCityInfos.debug.xcconfig */;
			buildSettings = {
				ALWAYS_EMBED_SWIFT_STANDARD_LIBRARIES = NO;
				CODE_SIGN_IDENTITY = "Mac Developer";
				CODE_SIGN_STYLE = Automatic;
				DEVELOPMENT_TEAM = 465NA5BW7E;
				MACOSX_DEPLOYMENT_TARGET = 10.13;
				PRODUCT_NAME = "$(TARGET_NAME)";
				SDKROOT = macosx10.13;
				SUPPORTED_PLATFORMS = macosx;
				SWIFT_FORCE_DYNAMIC_LINK_STDLIB = YES;
				SWIFT_FORCE_STATIC_LINK_STDLIB = NO;
				SWIFT_VERSION = 4.0;
			};
			name = Debug;
		};
		C498C40120A0F25300D63DB3 /* Release */ = {
			isa = XCBuildConfiguration;
			baseConfigurationReference = F2F50FBFE1234434D94A18AC /* Pods-GenerateOpenWeatherMapPersistentCityInfos.release.xcconfig */;
			buildSettings = {
				ALWAYS_EMBED_SWIFT_STANDARD_LIBRARIES = NO;
				CODE_SIGN_IDENTITY = "Mac Developer";
				CODE_SIGN_STYLE = Automatic;
				DEVELOPMENT_TEAM = 465NA5BW7E;
				MACOSX_DEPLOYMENT_TARGET = 10.13;
				PRODUCT_NAME = "$(TARGET_NAME)";
				SDKROOT = macosx10.13;
				SUPPORTED_PLATFORMS = macosx;
				SWIFT_FORCE_DYNAMIC_LINK_STDLIB = YES;
				SWIFT_FORCE_STATIC_LINK_STDLIB = NO;
				SWIFT_VERSION = 4.0;
			};
			name = Release;
		};
		C49E397B209F9A7A0010EBAF /* Debug */ = {
			isa = XCBuildConfiguration;
			buildSettings = {
				ALWAYS_SEARCH_USER_PATHS = NO;
				CLANG_ANALYZER_NONNULL = YES;
				CLANG_ANALYZER_NUMBER_OBJECT_CONVERSION = YES_AGGRESSIVE;
				CLANG_CXX_LANGUAGE_STANDARD = "gnu++14";
				CLANG_CXX_LIBRARY = "libc++";
				CLANG_ENABLE_MODULES = YES;
				CLANG_ENABLE_OBJC_ARC = YES;
				CLANG_ENABLE_OBJC_WEAK = YES;
				CLANG_WARN_BLOCK_CAPTURE_AUTORELEASING = YES;
				CLANG_WARN_BOOL_CONVERSION = YES;
				CLANG_WARN_COMMA = YES;
				CLANG_WARN_CONSTANT_CONVERSION = YES;
				CLANG_WARN_DEPRECATED_OBJC_IMPLEMENTATIONS = YES;
				CLANG_WARN_DIRECT_OBJC_ISA_USAGE = YES_ERROR;
				CLANG_WARN_DOCUMENTATION_COMMENTS = YES;
				CLANG_WARN_EMPTY_BODY = YES;
				CLANG_WARN_ENUM_CONVERSION = YES;
				CLANG_WARN_INFINITE_RECURSION = YES;
				CLANG_WARN_INT_CONVERSION = YES;
				CLANG_WARN_NON_LITERAL_NULL_CONVERSION = YES;
				CLANG_WARN_OBJC_IMPLICIT_RETAIN_SELF = YES;
				CLANG_WARN_OBJC_LITERAL_CONVERSION = YES;
				CLANG_WARN_OBJC_ROOT_CLASS = YES_ERROR;
				CLANG_WARN_RANGE_LOOP_ANALYSIS = YES;
				CLANG_WARN_STRICT_PROTOTYPES = YES;
				CLANG_WARN_SUSPICIOUS_MOVE = YES;
				CLANG_WARN_UNGUARDED_AVAILABILITY = YES_AGGRESSIVE;
				CLANG_WARN_UNREACHABLE_CODE = YES;
				CLANG_WARN__DUPLICATE_METHOD_MATCH = YES;
				CODE_SIGN_IDENTITY = "iPhone Developer";
				COPY_PHASE_STRIP = NO;
				CURRENT_PROJECT_VERSION = 1;
				DEBUG_INFORMATION_FORMAT = dwarf;
				ENABLE_STRICT_OBJC_MSGSEND = YES;
				ENABLE_TESTABILITY = YES;
				GCC_C_LANGUAGE_STANDARD = gnu11;
				GCC_DYNAMIC_NO_PIC = NO;
				GCC_NO_COMMON_BLOCKS = YES;
				GCC_OPTIMIZATION_LEVEL = 0;
				GCC_PREPROCESSOR_DEFINITIONS = (
					"DEBUG=1",
					"$(inherited)",
				);
				GCC_WARN_64_TO_32_BIT_CONVERSION = YES;
				GCC_WARN_ABOUT_RETURN_TYPE = YES_ERROR;
				GCC_WARN_UNDECLARED_SELECTOR = YES;
				GCC_WARN_UNINITIALIZED_AUTOS = YES_AGGRESSIVE;
				GCC_WARN_UNUSED_FUNCTION = YES;
				GCC_WARN_UNUSED_VARIABLE = YES;
				IPHONEOS_DEPLOYMENT_TARGET = 11.3;
				MTL_ENABLE_DEBUG_INFO = YES;
				ONLY_ACTIVE_ARCH = YES;
				SDKROOT = iphoneos;
				SUPPORTED_PLATFORMS = "iphonesimulator iphoneos macosx";
				SWIFT_ACTIVE_COMPILATION_CONDITIONS = DEBUG;
				SWIFT_OPTIMIZATION_LEVEL = "-Onone";
				VERSIONING_SYSTEM = "apple-generic";
				VERSION_INFO_PREFIX = "";
			};
			name = Debug;
		};
		C49E397C209F9A7A0010EBAF /* Release */ = {
			isa = XCBuildConfiguration;
			buildSettings = {
				ALWAYS_SEARCH_USER_PATHS = NO;
				CLANG_ANALYZER_NONNULL = YES;
				CLANG_ANALYZER_NUMBER_OBJECT_CONVERSION = YES_AGGRESSIVE;
				CLANG_CXX_LANGUAGE_STANDARD = "gnu++14";
				CLANG_CXX_LIBRARY = "libc++";
				CLANG_ENABLE_MODULES = YES;
				CLANG_ENABLE_OBJC_ARC = YES;
				CLANG_ENABLE_OBJC_WEAK = YES;
				CLANG_WARN_BLOCK_CAPTURE_AUTORELEASING = YES;
				CLANG_WARN_BOOL_CONVERSION = YES;
				CLANG_WARN_COMMA = YES;
				CLANG_WARN_CONSTANT_CONVERSION = YES;
				CLANG_WARN_DEPRECATED_OBJC_IMPLEMENTATIONS = YES;
				CLANG_WARN_DIRECT_OBJC_ISA_USAGE = YES_ERROR;
				CLANG_WARN_DOCUMENTATION_COMMENTS = YES;
				CLANG_WARN_EMPTY_BODY = YES;
				CLANG_WARN_ENUM_CONVERSION = YES;
				CLANG_WARN_INFINITE_RECURSION = YES;
				CLANG_WARN_INT_CONVERSION = YES;
				CLANG_WARN_NON_LITERAL_NULL_CONVERSION = YES;
				CLANG_WARN_OBJC_IMPLICIT_RETAIN_SELF = YES;
				CLANG_WARN_OBJC_LITERAL_CONVERSION = YES;
				CLANG_WARN_OBJC_ROOT_CLASS = YES_ERROR;
				CLANG_WARN_RANGE_LOOP_ANALYSIS = YES;
				CLANG_WARN_STRICT_PROTOTYPES = YES;
				CLANG_WARN_SUSPICIOUS_MOVE = YES;
				CLANG_WARN_UNGUARDED_AVAILABILITY = YES_AGGRESSIVE;
				CLANG_WARN_UNREACHABLE_CODE = YES;
				CLANG_WARN__DUPLICATE_METHOD_MATCH = YES;
				CODE_SIGN_IDENTITY = "iPhone Developer";
				COPY_PHASE_STRIP = NO;
				CURRENT_PROJECT_VERSION = 1;
				DEBUG_INFORMATION_FORMAT = "dwarf-with-dsym";
				ENABLE_NS_ASSERTIONS = NO;
				ENABLE_STRICT_OBJC_MSGSEND = YES;
				GCC_C_LANGUAGE_STANDARD = gnu11;
				GCC_NO_COMMON_BLOCKS = YES;
				GCC_WARN_64_TO_32_BIT_CONVERSION = YES;
				GCC_WARN_ABOUT_RETURN_TYPE = YES_ERROR;
				GCC_WARN_UNDECLARED_SELECTOR = YES;
				GCC_WARN_UNINITIALIZED_AUTOS = YES_AGGRESSIVE;
				GCC_WARN_UNUSED_FUNCTION = YES;
				GCC_WARN_UNUSED_VARIABLE = YES;
				IPHONEOS_DEPLOYMENT_TARGET = 11.3;
				MTL_ENABLE_DEBUG_INFO = NO;
				SDKROOT = iphoneos;
				SUPPORTED_PLATFORMS = "iphonesimulator iphoneos macosx";
				SWIFT_COMPILATION_MODE = wholemodule;
				SWIFT_OPTIMIZATION_LEVEL = "-O";
				VALIDATE_PRODUCT = YES;
				VERSIONING_SYSTEM = "apple-generic";
				VERSION_INFO_PREFIX = "";
			};
			name = Release;
		};
		C49E397E209F9A7A0010EBAF /* Debug */ = {
			isa = XCBuildConfiguration;
			baseConfigurationReference = CF39F51EE3D5E2DD8823423E /* Pods-OpenWeatherMapKit.debug.xcconfig */;
			buildSettings = {
				CODE_SIGN_IDENTITY = "";
				CODE_SIGN_STYLE = Automatic;
				DEFINES_MODULE = YES;
				DEVELOPMENT_TEAM = 465NA5BW7E;
				DYLIB_COMPATIBILITY_VERSION = 1;
				DYLIB_CURRENT_VERSION = 1;
				DYLIB_INSTALL_NAME_BASE = "@rpath";
				INFOPLIST_FILE = OpenWeatherMapKit/Info.plist;
				INSTALL_PATH = "$(LOCAL_LIBRARY_DIR)/Frameworks";
				LD_RUNPATH_SEARCH_PATHS = "$(inherited) @executable_path/Frameworks @loader_path/Frameworks";
				PRODUCT_BUNDLE_IDENTIFIER = com.grigorye.OpenWeatherMapKit;
				PRODUCT_NAME = "$(TARGET_NAME:c99extidentifier)";
				SKIP_INSTALL = YES;
				SWIFT_VERSION = 4.0;
				TARGETED_DEVICE_FAMILY = "1,2";
			};
			name = Debug;
		};
		C49E397F209F9A7A0010EBAF /* Release */ = {
			isa = XCBuildConfiguration;
			baseConfigurationReference = A7F3C064E022D8D1011E41D8 /* Pods-OpenWeatherMapKit.release.xcconfig */;
			buildSettings = {
				CODE_SIGN_IDENTITY = "";
				CODE_SIGN_STYLE = Automatic;
				DEFINES_MODULE = YES;
				DEVELOPMENT_TEAM = 465NA5BW7E;
				DYLIB_COMPATIBILITY_VERSION = 1;
				DYLIB_CURRENT_VERSION = 1;
				DYLIB_INSTALL_NAME_BASE = "@rpath";
				INFOPLIST_FILE = OpenWeatherMapKit/Info.plist;
				INSTALL_PATH = "$(LOCAL_LIBRARY_DIR)/Frameworks";
				LD_RUNPATH_SEARCH_PATHS = "$(inherited) @executable_path/Frameworks @loader_path/Frameworks";
				PRODUCT_BUNDLE_IDENTIFIER = com.grigorye.OpenWeatherMapKit;
				PRODUCT_NAME = "$(TARGET_NAME:c99extidentifier)";
				SKIP_INSTALL = YES;
				SWIFT_VERSION = 4.0;
				TARGETED_DEVICE_FAMILY = "1,2";
			};
			name = Release;
		};
		C49E3981209F9A7A0010EBAF /* Debug */ = {
			isa = XCBuildConfiguration;
			baseConfigurationReference = 9832F7F5CCD6DDFDB3172680 /* Pods-OpenWeatherMapKitTests.debug.xcconfig */;
			buildSettings = {
				CODE_SIGN_STYLE = Automatic;
				DEVELOPMENT_TEAM = 465NA5BW7E;
				INFOPLIST_FILE = OpenWeatherMapKitTests/Info.plist;
				LD_RUNPATH_SEARCH_PATHS = "$(inherited) @executable_path/Frameworks @loader_path/Frameworks";
				PRODUCT_BUNDLE_IDENTIFIER = com.grigorye.OpenWeatherMapKitTests;
				PRODUCT_NAME = "$(TARGET_NAME)";
				SWIFT_VERSION = 4.0;
				TARGETED_DEVICE_FAMILY = "1,2";
			};
			name = Debug;
		};
		C49E3982209F9A7A0010EBAF /* Release */ = {
			isa = XCBuildConfiguration;
			baseConfigurationReference = 283DD039A448C9AB9AD4DF9F /* Pods-OpenWeatherMapKitTests.release.xcconfig */;
			buildSettings = {
				CODE_SIGN_STYLE = Automatic;
				DEVELOPMENT_TEAM = 465NA5BW7E;
				INFOPLIST_FILE = OpenWeatherMapKitTests/Info.plist;
				LD_RUNPATH_SEARCH_PATHS = "$(inherited) @executable_path/Frameworks @loader_path/Frameworks";
				PRODUCT_BUNDLE_IDENTIFIER = com.grigorye.OpenWeatherMapKitTests;
				PRODUCT_NAME = "$(TARGET_NAME)";
				SWIFT_VERSION = 4.0;
				TARGETED_DEVICE_FAMILY = "1,2";
			};
			name = Release;
		};
/* End XCBuildConfiguration section */

/* Begin XCConfigurationList section */
		C498C3FF20A0F25300D63DB3 /* Build configuration list for PBXNativeTarget "GenerateOpenWeatherMapPersistentCityInfos" */ = {
			isa = XCConfigurationList;
			buildConfigurations = (
				C498C40020A0F25300D63DB3 /* Debug */,
				C498C40120A0F25300D63DB3 /* Release */,
			);
			defaultConfigurationIsVisible = 0;
			defaultConfigurationName = Release;
		};
		C49E3963209F9A7A0010EBAF /* Build configuration list for PBXProject "OpenWeatherMapKit" */ = {
			isa = XCConfigurationList;
			buildConfigurations = (
				C49E397B209F9A7A0010EBAF /* Debug */,
				C49E397C209F9A7A0010EBAF /* Release */,
			);
			defaultConfigurationIsVisible = 0;
			defaultConfigurationName = Release;
		};
		C49E397D209F9A7A0010EBAF /* Build configuration list for PBXNativeTarget "OpenWeatherMapKit" */ = {
			isa = XCConfigurationList;
			buildConfigurations = (
				C49E397E209F9A7A0010EBAF /* Debug */,
				C49E397F209F9A7A0010EBAF /* Release */,
			);
			defaultConfigurationIsVisible = 0;
			defaultConfigurationName = Release;
		};
		C49E3980209F9A7A0010EBAF /* Build configuration list for PBXNativeTarget "OpenWeatherMapKitTests" */ = {
			isa = XCConfigurationList;
			buildConfigurations = (
				C49E3981209F9A7A0010EBAF /* Debug */,
				C49E3982209F9A7A0010EBAF /* Release */,
			);
			defaultConfigurationIsVisible = 0;
			defaultConfigurationName = Release;
		};
/* End XCConfigurationList section */

/* Begin XCVersionGroup section */
		C498C3EB20A0E76700D63DB3 /* CityInfos.xcdatamodeld */ = {
			isa = XCVersionGroup;
			children = (
				C498C3EC20A0E76700D63DB3 /* CityInfos.xcdatamodel */,
			);
			currentVersion = C498C3EC20A0E76700D63DB3 /* CityInfos.xcdatamodel */;
			path = CityInfos.xcdatamodeld;
			sourceTree = "<group>";
			versionGroupType = wrapper.xcdatamodel;
		};
/* End XCVersionGroup section */
	};
	rootObject = C49E3960209F9A7A0010EBAF /* Project object */;
}
