// !$*UTF8*$!
{
	archiveVersion = 1;
	classes = {
	};
	objectVersion = 50;
	objects = {

/* Begin PBXBuildFile section */
		7E9BC811DFE4B9677475E099 /* Pods_WeatherApp.framework in Frameworks */ = {isa = PBXBuildFile; fileRef = 41EBA041663B63F0B9350E9C /* Pods_WeatherApp.framework */; };
		8F9BB98C77D689A1CEE7FF45 /* Pods_WeatherAppTests.framework in Frameworks */ = {isa = PBXBuildFile; fileRef = 23690966F220B2BD2DDFA50C /* Pods_WeatherAppTests.framework */; };
		C4043DD920AC3EB4006A6BE6 /* WeatherAppKit.framework in Frameworks */ = {isa = PBXBuildFile; fileRef = C4043DD820AC3EB4006A6BE6 /* WeatherAppKit.framework */; };
		C4043DDA20AC3EB4006A6BE6 /* WeatherAppKit.framework in Embed Frameworks */ = {isa = PBXBuildFile; fileRef = C4043DD820AC3EB4006A6BE6 /* WeatherAppKit.framework */; settings = {ATTRIBUTES = (CodeSignOnCopy, RemoveHeadersOnCopy, ); }; };
		C476BCCC20AAB2CB00325393 /* QuickAndNimble.swift in Sources */ = {isa = PBXBuildFile; fileRef = C4A1E5AB209C1CD400FBDCAC /* QuickAndNimble.swift */; };
		C48FE68820AEB466009094C9 /* XCUIApplication+XCAppData.swift in Sources */ = {isa = PBXBuildFile; fileRef = C48FE68620AEB430009094C9 /* XCUIApplication+XCAppData.swift */; };
		C48FE68A20AEB493009094C9 /* CurrentBundle.swift in Sources */ = {isa = PBXBuildFile; fileRef = C48FE68920AEB493009094C9 /* CurrentBundle.swift */; };
		C49E39B4209FA2DD0010EBAF /* OpenWeatherMapKit.framework in Frameworks */ = {isa = PBXBuildFile; fileRef = C49E39B3209FA2DD0010EBAF /* OpenWeatherMapKit.framework */; };
		C49E39B5209FA2DD0010EBAF /* OpenWeatherMapKit.framework in Embed Frameworks */ = {isa = PBXBuildFile; fileRef = C49E39B3209FA2DD0010EBAF /* OpenWeatherMapKit.framework */; settings = {ATTRIBUTES = (CodeSignOnCopy, RemoveHeadersOnCopy, ); }; };
		C4C8F0EE209B6AFE00E081B4 /* AppDelegate.swift in Sources */ = {isa = PBXBuildFile; fileRef = C4C8F0ED209B6AFE00E081B4 /* AppDelegate.swift */; };
		C4C8F0FA209B6AFF00E081B4 /* Assets.xcassets in Resources */ = {isa = PBXBuildFile; fileRef = C4C8F0F9209B6AFF00E081B4 /* Assets.xcassets */; };
		C4C8F0FD209B6AFF00E081B4 /* LaunchScreen.storyboard in Resources */ = {isa = PBXBuildFile; fileRef = C4C8F0FB209B6AFF00E081B4 /* LaunchScreen.storyboard */; };
		C4C8F108209B6B0000E081B4 /* WeatherTests.swift in Sources */ = {isa = PBXBuildFile; fileRef = C4C8F107209B6B0000E081B4 /* WeatherTests.swift */; };
		C4C8F113209B6B0000E081B4 /* WeatherUITests.swift in Sources */ = {isa = PBXBuildFile; fileRef = C4C8F112209B6B0000E081B4 /* WeatherUITests.swift */; };
		C4CFD0F920A4645900A87DCC /* AppModule.swift in Sources */ = {isa = PBXBuildFile; fileRef = C4CFD0F820A4645900A87DCC /* AppModule.swift */; };
		EE77918F5E8C37D38CC02E7C /* Pods_WeatherAppUITests.framework in Frameworks */ = {isa = PBXBuildFile; fileRef = F3A25ADB6581CBB16FC60F2C /* Pods_WeatherAppUITests.framework */; };
/* End PBXBuildFile section */

/* Begin PBXContainerItemProxy section */
		C4C8F104209B6B0000E081B4 /* PBXContainerItemProxy */ = {
			isa = PBXContainerItemProxy;
			containerPortal = C4C8F0E2209B6AFE00E081B4 /* Project object */;
			proxyType = 1;
			remoteGlobalIDString = C4C8F0E9209B6AFE00E081B4;
			remoteInfo = Weather;
		};
		C4C8F10F209B6B0000E081B4 /* PBXContainerItemProxy */ = {
			isa = PBXContainerItemProxy;
			containerPortal = C4C8F0E2209B6AFE00E081B4 /* Project object */;
			proxyType = 1;
			remoteGlobalIDString = C4C8F0E9209B6AFE00E081B4;
			remoteInfo = Weather;
		};
/* End PBXContainerItemProxy section */

/* Begin PBXCopyFilesBuildPhase section */
		C49E39B6209FA2DE0010EBAF /* Embed Frameworks */ = {
			isa = PBXCopyFilesBuildPhase;
			buildActionMask = 2147483647;
			dstPath = "";
			dstSubfolderSpec = 10;
			files = (
				C4043DDA20AC3EB4006A6BE6 /* WeatherAppKit.framework in Embed Frameworks */,
				C49E39B5209FA2DD0010EBAF /* OpenWeatherMapKit.framework in Embed Frameworks */,
			);
			name = "Embed Frameworks";
			runOnlyForDeploymentPostprocessing = 0;
		};
/* End PBXCopyFilesBuildPhase section */

/* Begin PBXFileReference section */
		08C13AD01BA31F28D9A5969E /* Pods-WeatherAppUITests.debug.xcconfig */ = {isa = PBXFileReference; includeInIndex = 1; lastKnownFileType = text.xcconfig; name = "Pods-WeatherAppUITests.debug.xcconfig"; path = "../../Pods/Target Support Files/Pods-WeatherAppUITests/Pods-WeatherAppUITests.debug.xcconfig"; sourceTree = "<group>"; };
		0CD44A0E70AD5DEB4489FE46 /* Pods-WeatherAppTests.debug.xcconfig */ = {isa = PBXFileReference; includeInIndex = 1; lastKnownFileType = text.xcconfig; name = "Pods-WeatherAppTests.debug.xcconfig"; path = "../../Pods/Target Support Files/Pods-WeatherAppTests/Pods-WeatherAppTests.debug.xcconfig"; sourceTree = "<group>"; };
		23690966F220B2BD2DDFA50C /* Pods_WeatherAppTests.framework */ = {isa = PBXFileReference; explicitFileType = wrapper.framework; includeInIndex = 0; path = Pods_WeatherAppTests.framework; sourceTree = BUILT_PRODUCTS_DIR; };
		41EBA041663B63F0B9350E9C /* Pods_WeatherApp.framework */ = {isa = PBXFileReference; explicitFileType = wrapper.framework; includeInIndex = 0; path = Pods_WeatherApp.framework; sourceTree = BUILT_PRODUCTS_DIR; };
		504580F0DA7BD5C50AE68876 /* Pods-WeatherAppUITests.release.xcconfig */ = {isa = PBXFileReference; includeInIndex = 1; lastKnownFileType = text.xcconfig; name = "Pods-WeatherAppUITests.release.xcconfig"; path = "../../Pods/Target Support Files/Pods-WeatherAppUITests/Pods-WeatherAppUITests.release.xcconfig"; sourceTree = "<group>"; };
		6CF0351FF1157DDC5A03C743 /* Pods-WeatherAppTests.release.xcconfig */ = {isa = PBXFileReference; includeInIndex = 1; lastKnownFileType = text.xcconfig; name = "Pods-WeatherAppTests.release.xcconfig"; path = "../../Pods/Target Support Files/Pods-WeatherAppTests/Pods-WeatherAppTests.release.xcconfig"; sourceTree = "<group>"; };
		A00F94E9F7960695EB12195E /* Pods-WeatherApp.release.xcconfig */ = {isa = PBXFileReference; includeInIndex = 1; lastKnownFileType = text.xcconfig; name = "Pods-WeatherApp.release.xcconfig"; path = "../../Pods/Target Support Files/Pods-WeatherApp/Pods-WeatherApp.release.xcconfig"; sourceTree = "<group>"; };
		B3448EF62FFCD072E058321C /* Pods-WeatherApp.debug.xcconfig */ = {isa = PBXFileReference; includeInIndex = 1; lastKnownFileType = text.xcconfig; name = "Pods-WeatherApp.debug.xcconfig"; path = "../../Pods/Target Support Files/Pods-WeatherApp/Pods-WeatherApp.debug.xcconfig"; sourceTree = "<group>"; };
		C4043DD820AC3EB4006A6BE6 /* WeatherAppKit.framework */ = {isa = PBXFileReference; explicitFileType = wrapper.framework; path = WeatherAppKit.framework; sourceTree = BUILT_PRODUCTS_DIR; };
		C48FE63320ACD478009094C9 /* README.md */ = {isa = PBXFileReference; lastKnownFileType = net.daringfireball.markdown; path = README.md; sourceTree = "<group>"; };
		C48FE68620AEB430009094C9 /* XCUIApplication+XCAppData.swift */ = {isa = PBXFileReference; lastKnownFileType = sourcecode.swift; path = "XCUIApplication+XCAppData.swift"; sourceTree = "<group>"; };
		C48FE68920AEB493009094C9 /* CurrentBundle.swift */ = {isa = PBXFileReference; fileEncoding = 4; lastKnownFileType = sourcecode.swift; path = CurrentBundle.swift; sourceTree = "<group>"; };
		C49E39B3209FA2DD0010EBAF /* OpenWeatherMapKit.framework */ = {isa = PBXFileReference; explicitFileType = wrapper.framework; path = OpenWeatherMapKit.framework; sourceTree = BUILT_PRODUCTS_DIR; };
		C4A1E5AB209C1CD400FBDCAC /* QuickAndNimble.swift */ = {isa = PBXFileReference; lastKnownFileType = sourcecode.swift; path = QuickAndNimble.swift; sourceTree = "<group>"; };
		C4C8F0EA209B6AFE00E081B4 /* WeatherApp.app */ = {isa = PBXFileReference; explicitFileType = wrapper.application; includeInIndex = 0; path = WeatherApp.app; sourceTree = BUILT_PRODUCTS_DIR; };
		C4C8F0ED209B6AFE00E081B4 /* AppDelegate.swift */ = {isa = PBXFileReference; lastKnownFileType = sourcecode.swift; path = AppDelegate.swift; sourceTree = "<group>"; };
		C4C8F0F9209B6AFF00E081B4 /* Assets.xcassets */ = {isa = PBXFileReference; lastKnownFileType = folder.assetcatalog; path = Assets.xcassets; sourceTree = "<group>"; };
		C4C8F0FC209B6AFF00E081B4 /* Base */ = {isa = PBXFileReference; lastKnownFileType = file.storyboard; name = Base; path = Base.lproj/LaunchScreen.storyboard; sourceTree = "<group>"; };
		C4C8F0FE209B6AFF00E081B4 /* Info.plist */ = {isa = PBXFileReference; lastKnownFileType = text.plist.xml; path = Info.plist; sourceTree = "<group>"; };
		C4C8F103209B6B0000E081B4 /* WeatherAppTests.xctest */ = {isa = PBXFileReference; explicitFileType = wrapper.cfbundle; includeInIndex = 0; path = WeatherAppTests.xctest; sourceTree = BUILT_PRODUCTS_DIR; };
		C4C8F107209B6B0000E081B4 /* WeatherTests.swift */ = {isa = PBXFileReference; lastKnownFileType = sourcecode.swift; path = WeatherTests.swift; sourceTree = "<group>"; };
		C4C8F109209B6B0000E081B4 /* Info.plist */ = {isa = PBXFileReference; lastKnownFileType = text.plist.xml; path = Info.plist; sourceTree = "<group>"; };
		C4C8F10E209B6B0000E081B4 /* WeatherAppUITests.xctest */ = {isa = PBXFileReference; explicitFileType = wrapper.cfbundle; includeInIndex = 0; path = WeatherAppUITests.xctest; sourceTree = BUILT_PRODUCTS_DIR; };
		C4C8F112209B6B0000E081B4 /* WeatherUITests.swift */ = {isa = PBXFileReference; lastKnownFileType = sourcecode.swift; path = WeatherUITests.swift; sourceTree = "<group>"; };
		C4C8F114209B6B0000E081B4 /* Info.plist */ = {isa = PBXFileReference; lastKnownFileType = text.plist.xml; path = Info.plist; sourceTree = "<group>"; };
		C4CFD0F820A4645900A87DCC /* AppModule.swift */ = {isa = PBXFileReference; lastKnownFileType = sourcecode.swift; path = AppModule.swift; sourceTree = "<group>"; };
		F3A25ADB6581CBB16FC60F2C /* Pods_WeatherAppUITests.framework */ = {isa = PBXFileReference; explicitFileType = wrapper.framework; includeInIndex = 0; path = Pods_WeatherAppUITests.framework; sourceTree = BUILT_PRODUCTS_DIR; };
/* End PBXFileReference section */

/* Begin PBXFrameworksBuildPhase section */
		C4C8F0E7209B6AFE00E081B4 /* Frameworks */ = {
			isa = PBXFrameworksBuildPhase;
			buildActionMask = 2147483647;
			files = (
				C4043DD920AC3EB4006A6BE6 /* WeatherAppKit.framework in Frameworks */,
				C49E39B4209FA2DD0010EBAF /* OpenWeatherMapKit.framework in Frameworks */,
				7E9BC811DFE4B9677475E099 /* Pods_WeatherApp.framework in Frameworks */,
			);
			runOnlyForDeploymentPostprocessing = 0;
		};
		C4C8F100209B6B0000E081B4 /* Frameworks */ = {
			isa = PBXFrameworksBuildPhase;
			buildActionMask = 2147483647;
			files = (
				8F9BB98C77D689A1CEE7FF45 /* Pods_WeatherAppTests.framework in Frameworks */,
			);
			runOnlyForDeploymentPostprocessing = 0;
		};
		C4C8F10B209B6B0000E081B4 /* Frameworks */ = {
			isa = PBXFrameworksBuildPhase;
			buildActionMask = 2147483647;
			files = (
				EE77918F5E8C37D38CC02E7C /* Pods_WeatherAppUITests.framework in Frameworks */,
			);
			runOnlyForDeploymentPostprocessing = 0;
		};
/* End PBXFrameworksBuildPhase section */

/* Begin PBXGroup section */
		23C09C971771BF12A06F23A9 /* Pods */ = {
			isa = PBXGroup;
			children = (
				B3448EF62FFCD072E058321C /* Pods-WeatherApp.debug.xcconfig */,
				A00F94E9F7960695EB12195E /* Pods-WeatherApp.release.xcconfig */,
				0CD44A0E70AD5DEB4489FE46 /* Pods-WeatherAppTests.debug.xcconfig */,
				6CF0351FF1157DDC5A03C743 /* Pods-WeatherAppTests.release.xcconfig */,
				08C13AD01BA31F28D9A5969E /* Pods-WeatherAppUITests.debug.xcconfig */,
				504580F0DA7BD5C50AE68876 /* Pods-WeatherAppUITests.release.xcconfig */,
			);
			name = Pods;
			sourceTree = "<group>";
		};
		83EF555B17982A239CF2512A /* Frameworks */ = {
			isa = PBXGroup;
			children = (
				C4043DD820AC3EB4006A6BE6 /* WeatherAppKit.framework */,
				C49E39B3209FA2DD0010EBAF /* OpenWeatherMapKit.framework */,
				41EBA041663B63F0B9350E9C /* Pods_WeatherApp.framework */,
				23690966F220B2BD2DDFA50C /* Pods_WeatherAppTests.framework */,
				F3A25ADB6581CBB16FC60F2C /* Pods_WeatherAppUITests.framework */,
			);
			name = Frameworks;
			sourceTree = "<group>";
		};
		C4C1DFDD20A2357800C11C62 /* Shared */ = {
			isa = PBXGroup;
			children = (
				C4A1E5AB209C1CD400FBDCAC /* QuickAndNimble.swift */,
				C48FE68920AEB493009094C9 /* CurrentBundle.swift */,
				C48FE68620AEB430009094C9 /* XCUIApplication+XCAppData.swift */,
			);
			name = Shared;
			path = ../Shared;
			sourceTree = SOURCE_ROOT;
		};
		C4C8F0E1209B6AFE00E081B4 = {
			isa = PBXGroup;
			children = (
				C48FE63320ACD478009094C9 /* README.md */,
				C4C8F0EC209B6AFE00E081B4 /* WeatherApp */,
				C4C8F106209B6B0000E081B4 /* WeatherTests */,
				C4C8F111209B6B0000E081B4 /* WeatherUITests */,
				C4C1DFDD20A2357800C11C62 /* Shared */,
				C4C8F0EB209B6AFE00E081B4 /* Products */,
				23C09C971771BF12A06F23A9 /* Pods */,
				83EF555B17982A239CF2512A /* Frameworks */,
			);
			sourceTree = "<group>";
		};
		C4C8F0EB209B6AFE00E081B4 /* Products */ = {
			isa = PBXGroup;
			children = (
				C4C8F0EA209B6AFE00E081B4 /* WeatherApp.app */,
				C4C8F103209B6B0000E081B4 /* WeatherAppTests.xctest */,
				C4C8F10E209B6B0000E081B4 /* WeatherAppUITests.xctest */,
			);
			name = Products;
			sourceTree = "<group>";
		};
		C4C8F0EC209B6AFE00E081B4 /* WeatherApp */ = {
			isa = PBXGroup;
			children = (
				C4C8F124209B730100E081B4 /* Globals */,
			);
			path = WeatherApp;
			sourceTree = "<group>";
		};
		C4C8F106209B6B0000E081B4 /* WeatherTests */ = {
			isa = PBXGroup;
			children = (
				C4C8F107209B6B0000E081B4 /* WeatherTests.swift */,
				C4C8F109209B6B0000E081B4 /* Info.plist */,
			);
			path = WeatherTests;
			sourceTree = "<group>";
		};
		C4C8F111209B6B0000E081B4 /* WeatherUITests */ = {
			isa = PBXGroup;
			children = (
				C4C8F112209B6B0000E081B4 /* WeatherUITests.swift */,
				C4C8F114209B6B0000E081B4 /* Info.plist */,
			);
			path = WeatherUITests;
			sourceTree = "<group>";
		};
		C4C8F124209B730100E081B4 /* Globals */ = {
			isa = PBXGroup;
			children = (
				C4C8F0F9209B6AFF00E081B4 /* Assets.xcassets */,
				C4C8F0ED209B6AFE00E081B4 /* AppDelegate.swift */,
				C4CFD0F820A4645900A87DCC /* AppModule.swift */,
				C4C8F0FB209B6AFF00E081B4 /* LaunchScreen.storyboard */,
				C4C8F0FE209B6AFF00E081B4 /* Info.plist */,
			);
			path = Globals;
			sourceTree = "<group>";
		};
/* End PBXGroup section */

/* Begin PBXNativeTarget section */
		C4C8F0E9209B6AFE00E081B4 /* WeatherApp */ = {
			isa = PBXNativeTarget;
			buildConfigurationList = C4C8F117209B6B0000E081B4 /* Build configuration list for PBXNativeTarget "WeatherApp" */;
			buildPhases = (
				5D786C221C1C60BB85BC2DA8 /* [CP] Check Pods Manifest.lock */,
				C4AE4052209DBD3D002772A6 /* SwiftLint */,
				C4C8F0E6209B6AFE00E081B4 /* Sources */,
				C4C8F0E7209B6AFE00E081B4 /* Frameworks */,
				C4C8F0E8209B6AFE00E081B4 /* Resources */,
				C49E39B6209FA2DE0010EBAF /* Embed Frameworks */,
				7947F1F3658C4FD5ADEC36D2 /* [CP] Embed Pods Frameworks */,
			);
			buildRules = (
			);
			dependencies = (
			);
			name = WeatherApp;
			productName = Weather;
			productReference = C4C8F0EA209B6AFE00E081B4 /* WeatherApp.app */;
			productType = "com.apple.product-type.application";
		};
		C4C8F102209B6B0000E081B4 /* WeatherAppTests */ = {
			isa = PBXNativeTarget;
			buildConfigurationList = C4C8F11A209B6B0000E081B4 /* Build configuration list for PBXNativeTarget "WeatherAppTests" */;
			buildPhases = (
				9D03489159123C9371989BA0 /* [CP] Check Pods Manifest.lock */,
				C4C8F0FF209B6B0000E081B4 /* Sources */,
				C4C8F100209B6B0000E081B4 /* Frameworks */,
				C4C8F101209B6B0000E081B4 /* Resources */,
				EA223D63FB6BD7C10E751C3F /* [CP] Embed Pods Frameworks */,
			);
			buildRules = (
			);
			dependencies = (
				C4C8F105209B6B0000E081B4 /* PBXTargetDependency */,
			);
			name = WeatherAppTests;
			productName = WeatherTests;
			productReference = C4C8F103209B6B0000E081B4 /* WeatherAppTests.xctest */;
			productType = "com.apple.product-type.bundle.unit-test";
		};
		C4C8F10D209B6B0000E081B4 /* WeatherAppUITests */ = {
			isa = PBXNativeTarget;
			buildConfigurationList = C4C8F11D209B6B0000E081B4 /* Build configuration list for PBXNativeTarget "WeatherAppUITests" */;
			buildPhases = (
				009C4C0F315BCFFD724309AC /* [CP] Check Pods Manifest.lock */,
				C4C8F10A209B6B0000E081B4 /* Sources */,
				C4C8F10B209B6B0000E081B4 /* Frameworks */,
				C4C8F10C209B6B0000E081B4 /* Resources */,
			);
			buildRules = (
			);
			dependencies = (
				C4C8F110209B6B0000E081B4 /* PBXTargetDependency */,
			);
			name = WeatherAppUITests;
			productName = WeatherUITests;
			productReference = C4C8F10E209B6B0000E081B4 /* WeatherAppUITests.xctest */;
			productType = "com.apple.product-type.bundle.ui-testing";
		};
/* End PBXNativeTarget section */

/* Begin PBXProject section */
		C4C8F0E2209B6AFE00E081B4 /* Project object */ = {
			isa = PBXProject;
			attributes = {
				LastSwiftUpdateCheck = 0930;
				LastUpgradeCheck = 0930;
				ORGANIZATIONNAME = "Grigory Entin";
				TargetAttributes = {
					C4C8F0E9209B6AFE00E081B4 = {
						CreatedOnToolsVersion = 9.3;
					};
					C4C8F102209B6B0000E081B4 = {
						CreatedOnToolsVersion = 9.3;
						TestTargetID = C4C8F0E9209B6AFE00E081B4;
					};
					C4C8F10D209B6B0000E081B4 = {
						CreatedOnToolsVersion = 9.3;
						TestTargetID = C4C8F0E9209B6AFE00E081B4;
					};
				};
			};
			buildConfigurationList = C4C8F0E5209B6AFE00E081B4 /* Build configuration list for PBXProject "WeatherApp" */;
			compatibilityVersion = "Xcode 9.3";
			developmentRegion = en;
			hasScannedForEncodings = 0;
			knownRegions = (
				en,
				Base,
			);
			mainGroup = C4C8F0E1209B6AFE00E081B4;
			productRefGroup = C4C8F0EB209B6AFE00E081B4 /* Products */;
			projectDirPath = "";
			projectRoot = "";
			targets = (
				C4C8F0E9209B6AFE00E081B4 /* WeatherApp */,
				C4C8F102209B6B0000E081B4 /* WeatherAppTests */,
				C4C8F10D209B6B0000E081B4 /* WeatherAppUITests */,
			);
		};
/* End PBXProject section */

/* Begin PBXResourcesBuildPhase section */
		C4C8F0E8209B6AFE00E081B4 /* Resources */ = {
			isa = PBXResourcesBuildPhase;
			buildActionMask = 2147483647;
			files = (
				C4C8F0FD209B6AFF00E081B4 /* LaunchScreen.storyboard in Resources */,
				C4C8F0FA209B6AFF00E081B4 /* Assets.xcassets in Resources */,
			);
			runOnlyForDeploymentPostprocessing = 0;
		};
		C4C8F101209B6B0000E081B4 /* Resources */ = {
			isa = PBXResourcesBuildPhase;
			buildActionMask = 2147483647;
			files = (
			);
			runOnlyForDeploymentPostprocessing = 0;
		};
		C4C8F10C209B6B0000E081B4 /* Resources */ = {
			isa = PBXResourcesBuildPhase;
			buildActionMask = 2147483647;
			files = (
			);
			runOnlyForDeploymentPostprocessing = 0;
		};
/* End PBXResourcesBuildPhase section */

/* Begin PBXShellScriptBuildPhase section */
		009C4C0F315BCFFD724309AC /* [CP] Check Pods Manifest.lock */ = {
			isa = PBXShellScriptBuildPhase;
			buildActionMask = 2147483647;
			files = (
			);
			inputPaths = (
				"${PODS_PODFILE_DIR_PATH}/Podfile.lock",
				"${PODS_ROOT}/Manifest.lock",
			);
			name = "[CP] Check Pods Manifest.lock";
			outputPaths = (
				"$(DERIVED_FILE_DIR)/Pods-WeatherAppUITests-checkManifestLockResult.txt",
			);
			runOnlyForDeploymentPostprocessing = 0;
			shellPath = /bin/sh;
			shellScript = "diff \"${PODS_PODFILE_DIR_PATH}/Podfile.lock\" \"${PODS_ROOT}/Manifest.lock\" > /dev/null\nif [ $? != 0 ] ; then\n    # print error to STDERR\n    echo \"error: The sandbox is not in sync with the Podfile.lock. Run 'pod install' or update your CocoaPods installation.\" >&2\n    exit 1\nfi\n# This output is used by Xcode 'outputs' to avoid re-running this script phase.\necho \"SUCCESS\" > \"${SCRIPT_OUTPUT_FILE_0}\"\n";
			showEnvVarsInLog = 0;
		};
		5D786C221C1C60BB85BC2DA8 /* [CP] Check Pods Manifest.lock */ = {
			isa = PBXShellScriptBuildPhase;
			buildActionMask = 2147483647;
			files = (
			);
			inputPaths = (
				"${PODS_PODFILE_DIR_PATH}/Podfile.lock",
				"${PODS_ROOT}/Manifest.lock",
			);
			name = "[CP] Check Pods Manifest.lock";
			outputPaths = (
				"$(DERIVED_FILE_DIR)/Pods-WeatherApp-checkManifestLockResult.txt",
			);
			runOnlyForDeploymentPostprocessing = 0;
			shellPath = /bin/sh;
			shellScript = "diff \"${PODS_PODFILE_DIR_PATH}/Podfile.lock\" \"${PODS_ROOT}/Manifest.lock\" > /dev/null\nif [ $? != 0 ] ; then\n    # print error to STDERR\n    echo \"error: The sandbox is not in sync with the Podfile.lock. Run 'pod install' or update your CocoaPods installation.\" >&2\n    exit 1\nfi\n# This output is used by Xcode 'outputs' to avoid re-running this script phase.\necho \"SUCCESS\" > \"${SCRIPT_OUTPUT_FILE_0}\"\n";
			showEnvVarsInLog = 0;
		};
		7947F1F3658C4FD5ADEC36D2 /* [CP] Embed Pods Frameworks */ = {
			isa = PBXShellScriptBuildPhase;
			buildActionMask = 2147483647;
			files = (
			);
			inputPaths = (
				"${SRCROOT}/../../Pods/Target Support Files/Pods-WeatherApp/Pods-WeatherApp-frameworks.sh",
				"${BUILT_PRODUCTS_DIR}/Alamofire-iOS/Alamofire.framework",
				"${BUILT_PRODUCTS_DIR}/Differentiator/Differentiator.framework",
				"${BUILT_PRODUCTS_DIR}/GZIP-iOS/GZIP.framework",
				"${BUILT_PRODUCTS_DIR}/Moya-iOS/Moya.framework",
				"${BUILT_PRODUCTS_DIR}/Result-iOS/Result.framework",
				"${BUILT_PRODUCTS_DIR}/RxCocoa/RxCocoa.framework",
				"${BUILT_PRODUCTS_DIR}/RxCoreData/RxCoreData.framework",
				"${BUILT_PRODUCTS_DIR}/RxDataSources/RxDataSources.framework",
				"${BUILT_PRODUCTS_DIR}/RxSwift-iOS/RxSwift.framework",
				"${BUILT_PRODUCTS_DIR}/Swinject-iOS/Swinject.framework",
				"${BUILT_PRODUCTS_DIR}/Then-iOS/Then.framework",
			);
			name = "[CP] Embed Pods Frameworks";
			outputPaths = (
				"${TARGET_BUILD_DIR}/${FRAMEWORKS_FOLDER_PATH}/Alamofire.framework",
				"${TARGET_BUILD_DIR}/${FRAMEWORKS_FOLDER_PATH}/Differentiator.framework",
				"${TARGET_BUILD_DIR}/${FRAMEWORKS_FOLDER_PATH}/GZIP.framework",
				"${TARGET_BUILD_DIR}/${FRAMEWORKS_FOLDER_PATH}/Moya.framework",
				"${TARGET_BUILD_DIR}/${FRAMEWORKS_FOLDER_PATH}/Result.framework",
				"${TARGET_BUILD_DIR}/${FRAMEWORKS_FOLDER_PATH}/RxCocoa.framework",
				"${TARGET_BUILD_DIR}/${FRAMEWORKS_FOLDER_PATH}/RxCoreData.framework",
				"${TARGET_BUILD_DIR}/${FRAMEWORKS_FOLDER_PATH}/RxDataSources.framework",
				"${TARGET_BUILD_DIR}/${FRAMEWORKS_FOLDER_PATH}/RxSwift.framework",
				"${TARGET_BUILD_DIR}/${FRAMEWORKS_FOLDER_PATH}/Swinject.framework",
				"${TARGET_BUILD_DIR}/${FRAMEWORKS_FOLDER_PATH}/Then.framework",
			);
			runOnlyForDeploymentPostprocessing = 0;
			shellPath = /bin/sh;
			shellScript = "\"${SRCROOT}/../../Pods/Target Support Files/Pods-WeatherApp/Pods-WeatherApp-frameworks.sh\"\n";
			showEnvVarsInLog = 0;
		};
		9D03489159123C9371989BA0 /* [CP] Check Pods Manifest.lock */ = {
			isa = PBXShellScriptBuildPhase;
			buildActionMask = 2147483647;
			files = (
			);
			inputPaths = (
				"${PODS_PODFILE_DIR_PATH}/Podfile.lock",
				"${PODS_ROOT}/Manifest.lock",
			);
			name = "[CP] Check Pods Manifest.lock";
			outputPaths = (
				"$(DERIVED_FILE_DIR)/Pods-WeatherAppTests-checkManifestLockResult.txt",
			);
			runOnlyForDeploymentPostprocessing = 0;
			shellPath = /bin/sh;
			shellScript = "diff \"${PODS_PODFILE_DIR_PATH}/Podfile.lock\" \"${PODS_ROOT}/Manifest.lock\" > /dev/null\nif [ $? != 0 ] ; then\n    # print error to STDERR\n    echo \"error: The sandbox is not in sync with the Podfile.lock. Run 'pod install' or update your CocoaPods installation.\" >&2\n    exit 1\nfi\n# This output is used by Xcode 'outputs' to avoid re-running this script phase.\necho \"SUCCESS\" > \"${SCRIPT_OUTPUT_FILE_0}\"\n";
			showEnvVarsInLog = 0;
		};
		C4AE4052209DBD3D002772A6 /* SwiftLint */ = {
			isa = PBXShellScriptBuildPhase;
			buildActionMask = 2147483647;
			files = (
			);
			inputPaths = (
			);
			name = SwiftLint;
			outputPaths = (
			);
			runOnlyForDeploymentPostprocessing = 0;
			shellPath = "/bin/sh -e";
			shellScript = "${PODS_ROOT}/SwiftLint/swiftlint";
			showEnvVarsInLog = 0;
		};
		EA223D63FB6BD7C10E751C3F /* [CP] Embed Pods Frameworks */ = {
			isa = PBXShellScriptBuildPhase;
			buildActionMask = 2147483647;
			files = (
			);
			inputPaths = (
				"${SRCROOT}/../../Pods/Target Support Files/Pods-WeatherAppTests/Pods-WeatherAppTests-frameworks.sh",
				"${BUILT_PRODUCTS_DIR}/Then-iOS/Then.framework",
				"${BUILT_PRODUCTS_DIR}/Nimble/Nimble.framework",
				"${BUILT_PRODUCTS_DIR}/Quick/Quick.framework",
			);
			name = "[CP] Embed Pods Frameworks";
			outputPaths = (
				"${TARGET_BUILD_DIR}/${FRAMEWORKS_FOLDER_PATH}/Then.framework",
				"${TARGET_BUILD_DIR}/${FRAMEWORKS_FOLDER_PATH}/Nimble.framework",
				"${TARGET_BUILD_DIR}/${FRAMEWORKS_FOLDER_PATH}/Quick.framework",
			);
			runOnlyForDeploymentPostprocessing = 0;
			shellPath = /bin/sh;
			shellScript = "\"${SRCROOT}/../../Pods/Target Support Files/Pods-WeatherAppTests/Pods-WeatherAppTests-frameworks.sh\"\n";
			showEnvVarsInLog = 0;
		};
/* End PBXShellScriptBuildPhase section */

/* Begin PBXSourcesBuildPhase section */
		C4C8F0E6209B6AFE00E081B4 /* Sources */ = {
			isa = PBXSourcesBuildPhase;
			buildActionMask = 2147483647;
			files = (
				C4C8F0EE209B6AFE00E081B4 /* AppDelegate.swift in Sources */,
				C4CFD0F920A4645900A87DCC /* AppModule.swift in Sources */,
			);
			runOnlyForDeploymentPostprocessing = 0;
		};
		C4C8F0FF209B6B0000E081B4 /* Sources */ = {
			isa = PBXSourcesBuildPhase;
			buildActionMask = 2147483647;
			files = (
				C476BCCC20AAB2CB00325393 /* QuickAndNimble.swift in Sources */,
				C4C8F108209B6B0000E081B4 /* WeatherTests.swift in Sources */,
			);
			runOnlyForDeploymentPostprocessing = 0;
		};
		C4C8F10A209B6B0000E081B4 /* Sources */ = {
			isa = PBXSourcesBuildPhase;
			buildActionMask = 2147483647;
			files = (
				C4C8F113209B6B0000E081B4 /* WeatherUITests.swift in Sources */,
				C48FE68A20AEB493009094C9 /* CurrentBundle.swift in Sources */,
				C48FE68820AEB466009094C9 /* XCUIApplication+XCAppData.swift in Sources */,
			);
			runOnlyForDeploymentPostprocessing = 0;
		};
/* End PBXSourcesBuildPhase section */

/* Begin PBXTargetDependency section */
		C4C8F105209B6B0000E081B4 /* PBXTargetDependency */ = {
			isa = PBXTargetDependency;
			target = C4C8F0E9209B6AFE00E081B4 /* WeatherApp */;
			targetProxy = C4C8F104209B6B0000E081B4 /* PBXContainerItemProxy */;
		};
		C4C8F110209B6B0000E081B4 /* PBXTargetDependency */ = {
			isa = PBXTargetDependency;
			target = C4C8F0E9209B6AFE00E081B4 /* WeatherApp */;
			targetProxy = C4C8F10F209B6B0000E081B4 /* PBXContainerItemProxy */;
		};
/* End PBXTargetDependency section */

/* Begin PBXVariantGroup section */
		C4C8F0FB209B6AFF00E081B4 /* LaunchScreen.storyboard */ = {
			isa = PBXVariantGroup;
			children = (
				C4C8F0FC209B6AFF00E081B4 /* Base */,
			);
			name = LaunchScreen.storyboard;
			sourceTree = "<group>";
		};
/* End PBXVariantGroup section */

/* Begin XCBuildConfiguration section */
		C4C8F115209B6B0000E081B4 /* Debug */ = {
			isa = XCBuildConfiguration;
			buildSettings = {
				ALWAYS_SEARCH_USER_PATHS = NO;
				CLANG_ANALYZER_NONNULL = YES;
				CLANG_ANALYZER_NUMBER_OBJECT_CONVERSION = YES_AGGRESSIVE;
				CLANG_CXX_LANGUAGE_STANDARD = "gnu++14";
				CLANG_CXX_LIBRARY = "libc++";
				CLANG_ENABLE_MODULES = YES;
				CLANG_ENABLE_OBJC_ARC = YES;
				CLANG_ENABLE_OBJC_WEAK = YES;
				CLANG_WARN_BLOCK_CAPTURE_AUTORELEASING = YES;
				CLANG_WARN_BOOL_CONVERSION = YES;
				CLANG_WARN_COMMA = YES;
				CLANG_WARN_CONSTANT_CONVERSION = YES;
				CLANG_WARN_DEPRECATED_OBJC_IMPLEMENTATIONS = YES;
				CLANG_WARN_DIRECT_OBJC_ISA_USAGE = YES_ERROR;
				CLANG_WARN_DOCUMENTATION_COMMENTS = YES;
				CLANG_WARN_EMPTY_BODY = YES;
				CLANG_WARN_ENUM_CONVERSION = YES;
				CLANG_WARN_INFINITE_RECURSION = YES;
				CLANG_WARN_INT_CONVERSION = YES;
				CLANG_WARN_NON_LITERAL_NULL_CONVERSION = YES;
				CLANG_WARN_OBJC_IMPLICIT_RETAIN_SELF = YES;
				CLANG_WARN_OBJC_LITERAL_CONVERSION = YES;
				CLANG_WARN_OBJC_ROOT_CLASS = YES_ERROR;
				CLANG_WARN_RANGE_LOOP_ANALYSIS = YES;
				CLANG_WARN_STRICT_PROTOTYPES = YES;
				CLANG_WARN_SUSPICIOUS_MOVE = YES;
				CLANG_WARN_UNGUARDED_AVAILABILITY = YES_AGGRESSIVE;
				CLANG_WARN_UNREACHABLE_CODE = YES;
				CLANG_WARN__DUPLICATE_METHOD_MATCH = YES;
				CODE_SIGN_IDENTITY = "iPhone Developer";
				COPY_PHASE_STRIP = NO;
				DEBUG_INFORMATION_FORMAT = dwarf;
				ENABLE_STRICT_OBJC_MSGSEND = YES;
				ENABLE_TESTABILITY = YES;
				GCC_C_LANGUAGE_STANDARD = gnu11;
				GCC_DYNAMIC_NO_PIC = NO;
				GCC_NO_COMMON_BLOCKS = YES;
				GCC_OPTIMIZATION_LEVEL = 0;
				GCC_PREPROCESSOR_DEFINITIONS = (
					"DEBUG=1",
					"$(inherited)",
				);
				GCC_WARN_64_TO_32_BIT_CONVERSION = YES;
				GCC_WARN_ABOUT_RETURN_TYPE = YES_ERROR;
				GCC_WARN_UNDECLARED_SELECTOR = YES;
				GCC_WARN_UNINITIALIZED_AUTOS = YES_AGGRESSIVE;
				GCC_WARN_UNUSED_FUNCTION = YES;
				GCC_WARN_UNUSED_VARIABLE = YES;
				IPHONEOS_DEPLOYMENT_TARGET = 11.3;
				MTL_ENABLE_DEBUG_INFO = YES;
				ONLY_ACTIVE_ARCH = YES;
				SDKROOT = iphoneos;
				SWIFT_ACTIVE_COMPILATION_CONDITIONS = DEBUG;
				SWIFT_OPTIMIZATION_LEVEL = "-Onone";
			};
			name = Debug;
		};
		C4C8F116209B6B0000E081B4 /* Release */ = {
			isa = XCBuildConfiguration;
			buildSettings = {
				ALWAYS_SEARCH_USER_PATHS = NO;
				CLANG_ANALYZER_NONNULL = YES;
				CLANG_ANALYZER_NUMBER_OBJECT_CONVERSION = YES_AGGRESSIVE;
				CLANG_CXX_LANGUAGE_STANDARD = "gnu++14";
				CLANG_CXX_LIBRARY = "libc++";
				CLANG_ENABLE_MODULES = YES;
				CLANG_ENABLE_OBJC_ARC = YES;
				CLANG_ENABLE_OBJC_WEAK = YES;
				CLANG_WARN_BLOCK_CAPTURE_AUTORELEASING = YES;
				CLANG_WARN_BOOL_CONVERSION = YES;
				CLANG_WARN_COMMA = YES;
				CLANG_WARN_CONSTANT_CONVERSION = YES;
				CLANG_WARN_DEPRECATED_OBJC_IMPLEMENTATIONS = YES;
				CLANG_WARN_DIRECT_OBJC_ISA_USAGE = YES_ERROR;
				CLANG_WARN_DOCUMENTATION_COMMENTS = YES;
				CLANG_WARN_EMPTY_BODY = YES;
				CLANG_WARN_ENUM_CONVERSION = YES;
				CLANG_WARN_INFINITE_RECURSION = YES;
				CLANG_WARN_INT_CONVERSION = YES;
				CLANG_WARN_NON_LITERAL_NULL_CONVERSION = YES;
				CLANG_WARN_OBJC_IMPLICIT_RETAIN_SELF = YES;
				CLANG_WARN_OBJC_LITERAL_CONVERSION = YES;
				CLANG_WARN_OBJC_ROOT_CLASS = YES_ERROR;
				CLANG_WARN_RANGE_LOOP_ANALYSIS = YES;
				CLANG_WARN_STRICT_PROTOTYPES = YES;
				CLANG_WARN_SUSPICIOUS_MOVE = YES;
				CLANG_WARN_UNGUARDED_AVAILABILITY = YES_AGGRESSIVE;
				CLANG_WARN_UNREACHABLE_CODE = YES;
				CLANG_WARN__DUPLICATE_METHOD_MATCH = YES;
				CODE_SIGN_IDENTITY = "iPhone Developer";
				COPY_PHASE_STRIP = NO;
				DEBUG_INFORMATION_FORMAT = "dwarf-with-dsym";
				ENABLE_NS_ASSERTIONS = NO;
				ENABLE_STRICT_OBJC_MSGSEND = YES;
				GCC_C_LANGUAGE_STANDARD = gnu11;
				GCC_NO_COMMON_BLOCKS = YES;
				GCC_WARN_64_TO_32_BIT_CONVERSION = YES;
				GCC_WARN_ABOUT_RETURN_TYPE = YES_ERROR;
				GCC_WARN_UNDECLARED_SELECTOR = YES;
				GCC_WARN_UNINITIALIZED_AUTOS = YES_AGGRESSIVE;
				GCC_WARN_UNUSED_FUNCTION = YES;
				GCC_WARN_UNUSED_VARIABLE = YES;
				IPHONEOS_DEPLOYMENT_TARGET = 11.3;
				MTL_ENABLE_DEBUG_INFO = NO;
				SDKROOT = iphoneos;
				SWIFT_COMPILATION_MODE = wholemodule;
				SWIFT_OPTIMIZATION_LEVEL = "-O";
				VALIDATE_PRODUCT = YES;
			};
			name = Release;
		};
		C4C8F118209B6B0000E081B4 /* Debug */ = {
			isa = XCBuildConfiguration;
			baseConfigurationReference = B3448EF62FFCD072E058321C /* Pods-WeatherApp.debug.xcconfig */;
			buildSettings = {
				ASSETCATALOG_COMPILER_APPICON_NAME = AppIcon;
				CODE_SIGN_STYLE = Automatic;
				DEVELOPMENT_TEAM = 465NA5BW7E;
				INFOPLIST_FILE = "$(SRCROOT)/WeatherApp/Globals/Info.plist";
				LD_RUNPATH_SEARCH_PATHS = (
					"$(inherited)",
					"@executable_path/Frameworks",
				);
				PRODUCT_BUNDLE_IDENTIFIER = com.grigorye.Weather;
				PRODUCT_NAME = "$(TARGET_NAME)";
				SWIFT_VERSION = 4.0;
				TARGETED_DEVICE_FAMILY = "1,2";
			};
			name = Debug;
		};
		C4C8F119209B6B0000E081B4 /* Release */ = {
			isa = XCBuildConfiguration;
			baseConfigurationReference = A00F94E9F7960695EB12195E /* Pods-WeatherApp.release.xcconfig */;
			buildSettings = {
				ASSETCATALOG_COMPILER_APPICON_NAME = AppIcon;
				CODE_SIGN_STYLE = Automatic;
				DEVELOPMENT_TEAM = 465NA5BW7E;
				INFOPLIST_FILE = "$(SRCROOT)/WeatherApp/Globals/Info.plist";
				LD_RUNPATH_SEARCH_PATHS = (
					"$(inherited)",
					"@executable_path/Frameworks",
				);
				PRODUCT_BUNDLE_IDENTIFIER = com.grigorye.Weather;
				PRODUCT_NAME = "$(TARGET_NAME)";
				SWIFT_VERSION = 4.0;
				TARGETED_DEVICE_FAMILY = "1,2";
			};
			name = Release;
		};
		C4C8F11B209B6B0000E081B4 /* Debug */ = {
			isa = XCBuildConfiguration;
			baseConfigurationReference = 0CD44A0E70AD5DEB4489FE46 /* Pods-WeatherAppTests.debug.xcconfig */;
			buildSettings = {
				BUNDLE_LOADER = "$(TEST_HOST)";
				CODE_SIGN_STYLE = Automatic;
				DEVELOPMENT_TEAM = 465NA5BW7E;
				INFOPLIST_FILE = WeatherTests/Info.plist;
				LD_RUNPATH_SEARCH_PATHS = (
					"$(inherited)",
					"@executable_path/Frameworks",
					"@loader_path/Frameworks",
				);
				PRODUCT_BUNDLE_IDENTIFIER = com.grigorye.WeatherTests;
				PRODUCT_NAME = "$(TARGET_NAME)";
				SWIFT_VERSION = 4.0;
				TARGETED_DEVICE_FAMILY = "1,2";
				TEST_HOST = "$(BUILT_PRODUCTS_DIR)/WeatherApp.app/WeatherApp";
			};
			name = Debug;
		};
		C4C8F11C209B6B0000E081B4 /* Release */ = {
			isa = XCBuildConfiguration;
			baseConfigurationReference = 6CF0351FF1157DDC5A03C743 /* Pods-WeatherAppTests.release.xcconfig */;
			buildSettings = {
				BUNDLE_LOADER = "$(TEST_HOST)";
				CODE_SIGN_STYLE = Automatic;
				DEVELOPMENT_TEAM = 465NA5BW7E;
				INFOPLIST_FILE = WeatherTests/Info.plist;
				LD_RUNPATH_SEARCH_PATHS = (
					"$(inherited)",
					"@executable_path/Frameworks",
					"@loader_path/Frameworks",
				);
				PRODUCT_BUNDLE_IDENTIFIER = com.grigorye.WeatherTests;
				PRODUCT_NAME = "$(TARGET_NAME)";
				SWIFT_VERSION = 4.0;
				TARGETED_DEVICE_FAMILY = "1,2";
				TEST_HOST = "$(BUILT_PRODUCTS_DIR)/WeatherApp.app/WeatherApp";
			};
			name = Release;
		};
		C4C8F11E209B6B0000E081B4 /* Debug */ = {
			isa = XCBuildConfiguration;
			baseConfigurationReference = 08C13AD01BA31F28D9A5969E /* Pods-WeatherAppUITests.debug.xcconfig */;
			buildSettings = {
				ALWAYS_EMBED_SWIFT_STANDARD_LIBRARIES = YES;
				CODE_SIGN_STYLE = Automatic;
				DEVELOPMENT_TEAM = 465NA5BW7E;
				INFOPLIST_FILE = WeatherUITests/Info.plist;
				LD_RUNPATH_SEARCH_PATHS = (
					"$(inherited)",
					"@executable_path/Frameworks",
					"@loader_path/Frameworks",
				);
				PRODUCT_BUNDLE_IDENTIFIER = com.grigorye.WeatherUITests;
				PRODUCT_NAME = "$(TARGET_NAME)";
				PROVISIONING_PROFILE = "";
				SWIFT_VERSION = 4.0;
				TARGETED_DEVICE_FAMILY = "1,2";
				TEST_TARGET_NAME = WeatherApp;
			};
			name = Debug;
		};
		C4C8F11F209B6B0000E081B4 /* Release */ = {
			isa = XCBuildConfiguration;
			baseConfigurationReference = 504580F0DA7BD5C50AE68876 /* Pods-WeatherAppUITests.release.xcconfig */;
			buildSettings = {
				ALWAYS_EMBED_SWIFT_STANDARD_LIBRARIES = YES;
				CODE_SIGN_STYLE = Automatic;
				DEVELOPMENT_TEAM = 465NA5BW7E;
				INFOPLIST_FILE = WeatherUITests/Info.plist;
				LD_RUNPATH_SEARCH_PATHS = (
					"$(inherited)",
					"@executable_path/Frameworks",
					"@loader_path/Frameworks",
				);
				PRODUCT_BUNDLE_IDENTIFIER = com.grigorye.WeatherUITests;
				PRODUCT_NAME = "$(TARGET_NAME)";
				PROVISIONING_PROFILE = "";
				SWIFT_VERSION = 4.0;
				TARGETED_DEVICE_FAMILY = "1,2";
				TEST_TARGET_NAME = WeatherApp;
			};
			name = Release;
		};
/* End XCBuildConfiguration section */

/* Begin XCConfigurationList section */
		C4C8F0E5209B6AFE00E081B4 /* Build configuration list for PBXProject "WeatherApp" */ = {
			isa = XCConfigurationList;
			buildConfigurations = (
				C4C8F115209B6B0000E081B4 /* Debug */,
				C4C8F116209B6B0000E081B4 /* Release */,
			);
			defaultConfigurationIsVisible = 0;
			defaultConfigurationName = Release;
		};
		C4C8F117209B6B0000E081B4 /* Build configuration list for PBXNativeTarget "WeatherApp" */ = {
			isa = XCConfigurationList;
			buildConfigurations = (
				C4C8F118209B6B0000E081B4 /* Debug */,
				C4C8F119209B6B0000E081B4 /* Release */,
			);
			defaultConfigurationIsVisible = 0;
			defaultConfigurationName = Release;
		};
		C4C8F11A209B6B0000E081B4 /* Build configuration list for PBXNativeTarget "WeatherAppTests" */ = {
			isa = XCConfigurationList;
			buildConfigurations = (
				C4C8F11B209B6B0000E081B4 /* Debug */,
				C4C8F11C209B6B0000E081B4 /* Release */,
			);
			defaultConfigurationIsVisible = 0;
			defaultConfigurationName = Release;
		};
		C4C8F11D209B6B0000E081B4 /* Build configuration list for PBXNativeTarget "WeatherAppUITests" */ = {
			isa = XCConfigurationList;
			buildConfigurations = (
				C4C8F11E209B6B0000E081B4 /* Debug */,
				C4C8F11F209B6B0000E081B4 /* Release */,
			);
			defaultConfigurationIsVisible = 0;
			defaultConfigurationName = Release;
		};
/* End XCConfigurationList section */
	};
	rootObject = C4C8F0E2209B6AFE00E081B4 /* Project object */;
}
