// !$*UTF8*$!
{
	archiveVersion = 1;
	classes = {
	};
	objectVersion = 50;
	objects = {

/* Begin PBXBuildFile section */
		7E9BC811DFE4B9677475E099 /* Pods_WeatherApp.framework in Frameworks */ = {isa = PBXBuildFile; fileRef = 41EBA041663B63F0B9350E9C /* Pods_WeatherApp.framework */; };
		8F9BB98C77D689A1CEE7FF45 /* Pods_WeatherAppTests.framework in Frameworks */ = {isa = PBXBuildFile; fileRef = 23690966F220B2BD2DDFA50C /* Pods_WeatherAppTests.framework */; };
		C439021A209CDFB1001677DA /* WeatherLocationPredicate.swift in Sources */ = {isa = PBXBuildFile; fileRef = C4390218209CDF5D001677DA /* WeatherLocationPredicate.swift */; };
		C4390228209CF236001677DA /* WeatherProviderImpTests.swift in Sources */ = {isa = PBXBuildFile; fileRef = C4390227209CF236001677DA /* WeatherProviderImpTests.swift */; };
		C440003A20A0554200808CC9 /* Loading.storyboard in Resources */ = {isa = PBXBuildFile; fileRef = C4A1535820A04EF4003D2170 /* Loading.storyboard */; };
		C440003E20A059B900808CC9 /* DefaultWeatherProvider.swift in Sources */ = {isa = PBXBuildFile; fileRef = C440003D20A059B900808CC9 /* DefaultWeatherProvider.swift */; };
		C440004120A05A3400808CC9 /* WeatherProviderImp$.swift in Sources */ = {isa = PBXBuildFile; fileRef = C440003F20A05A3400808CC9 /* WeatherProviderImp$.swift */; };
		C440004220A05A3400808CC9 /* WeatherProviderImpContainer.swift in Sources */ = {isa = PBXBuildFile; fileRef = C440004020A05A3400808CC9 /* WeatherProviderImpContainer.swift */; };
		C440004420A067D000808CC9 /* CitySearchResultsInteractor.swift in Sources */ = {isa = PBXBuildFile; fileRef = C440004320A067D000808CC9 /* CitySearchResultsInteractor.swift */; };
		C4622D2E20A32CB600CAC3B0 /* AddCityFromSearchResultsListInteractor.swift in Sources */ = {isa = PBXBuildFile; fileRef = C4622D2C20A32CB500CAC3B0 /* AddCityFromSearchResultsListInteractor.swift */; };
		C4622D2F20A32CB600CAC3B0 /* AddCityFromSearchResultsListPresenter.swift in Sources */ = {isa = PBXBuildFile; fileRef = C4622D2D20A32CB500CAC3B0 /* AddCityFromSearchResultsListPresenter.swift */; };
		C4622D3620A32CE900CAC3B0 /* README.md in Resources */ = {isa = PBXBuildFile; fileRef = C4622D3120A32CE900CAC3B0 /* README.md */; };
		C4622D3720A32CEA00CAC3B0 /* CitySearchResultsListCell.xib in Resources */ = {isa = PBXBuildFile; fileRef = C4622D3320A32CE900CAC3B0 /* CitySearchResultsListCell.xib */; };
		C4622D3820A32CEA00CAC3B0 /* CitySearchResultsListViewController.swift in Sources */ = {isa = PBXBuildFile; fileRef = C4622D3420A32CE900CAC3B0 /* CitySearchResultsListViewController.swift */; };
		C4622D3920A32CEA00CAC3B0 /* CitySearchResultsList.storyboard in Resources */ = {isa = PBXBuildFile; fileRef = C4622D3520A32CE900CAC3B0 /* CitySearchResultsList.storyboard */; };
		C4622D3B20A32D6100CAC3B0 /* AddCityFromSearchResultsListRouter.swift in Sources */ = {isa = PBXBuildFile; fileRef = C4622D3A20A32D6100CAC3B0 /* AddCityFromSearchResultsListRouter.swift */; };
		C4622D3E20A32F1800CAC3B0 /* CoreDataUserCitiesProviderImp.swift in Sources */ = {isa = PBXBuildFile; fileRef = C4622D3C20A32F1800CAC3B0 /* CoreDataUserCitiesProviderImp.swift */; };
		C4622D3F20A32F1800CAC3B0 /* UserCitiesProvider.swift in Sources */ = {isa = PBXBuildFile; fileRef = C4622D3D20A32F1800CAC3B0 /* UserCitiesProvider.swift */; };
		C46CB921209BA52D004D2263 /* WeatherDataService.swift in Sources */ = {isa = PBXBuildFile; fileRef = C46CB920209BA52D004D2263 /* WeatherDataService.swift */; };
		C498C3C020A0705B00D63DB3 /* CityProvider.swift in Sources */ = {isa = PBXBuildFile; fileRef = C498C3BF20A0705B00D63DB3 /* CityProvider.swift */; };
		C498C3CA20A0743800D63DB3 /* CityProviderImp.swift in Sources */ = {isa = PBXBuildFile; fileRef = C498C3C920A0743800D63DB3 /* CityProviderImp.swift */; };
		C498C3CD20A0747500D63DB3 /* CityProviderImpContainer.swift in Sources */ = {isa = PBXBuildFile; fileRef = C498C3CC20A0747500D63DB3 /* CityProviderImpContainer.swift */; };
		C498C3CF20A074FA00D63DB3 /* OpenWeatherMap$-CityProviderImp.swift in Sources */ = {isa = PBXBuildFile; fileRef = C498C3CE20A074F900D63DB3 /* OpenWeatherMap$-CityProviderImp.swift */; };
		C498C3D020A0757600D63DB3 /* CityProviderImp$.swift in Sources */ = {isa = PBXBuildFile; fileRef = C498C3CB20A0744100D63DB3 /* CityProviderImp$.swift */; };
		C498C3D220A0759300D63DB3 /* DefaultCityProvider.swift in Sources */ = {isa = PBXBuildFile; fileRef = C498C3D120A0759300D63DB3 /* DefaultCityProvider.swift */; };
		C49E39B4209FA2DD0010EBAF /* OpenWeatherMapKit.framework in Frameworks */ = {isa = PBXBuildFile; fileRef = C49E39B3209FA2DD0010EBAF /* OpenWeatherMapKit.framework */; };
		C49E39B5209FA2DD0010EBAF /* OpenWeatherMapKit.framework in Embed Frameworks */ = {isa = PBXBuildFile; fileRef = C49E39B3209FA2DD0010EBAF /* OpenWeatherMapKit.framework */; settings = {ATTRIBUTES = (CodeSignOnCopy, RemoveHeadersOnCopy, ); }; };
		C49E39BE209FDB270010EBAF /* UserCityList.storyboard in Resources */ = {isa = PBXBuildFile; fileRef = C49E39BD209FDB060010EBAF /* UserCityList.storyboard */; };
		C49E39C0209FDC200010EBAF /* UserCityListFooter.storyboard in Resources */ = {isa = PBXBuildFile; fileRef = C49E39BF209FDC200010EBAF /* UserCityListFooter.storyboard */; };
		C49E39C9209FE02E0010EBAF /* UserCityListFooterViewController.swift in Sources */ = {isa = PBXBuildFile; fileRef = C49E39C8209FE02E0010EBAF /* UserCityListFooterViewController.swift */; };
		C49E39CB209FE27B0010EBAF /* UserCityListCell.xib in Resources */ = {isa = PBXBuildFile; fileRef = C49E39CA209FE27B0010EBAF /* UserCityListCell.xib */; };
		C49E39CD209FE3230010EBAF /* UserCityListCell.swift in Sources */ = {isa = PBXBuildFile; fileRef = C49E39CC209FE3230010EBAF /* UserCityListCell.swift */; };
		C49E39CF209FE3930010EBAF /* UserCityListItemViewModel.swift in Sources */ = {isa = PBXBuildFile; fileRef = C49E39CE209FE3930010EBAF /* UserCityListItemViewModel.swift */; };
		C49E39D0209FE4FE0010EBAF /* WeatherDetail.storyboard in Resources */ = {isa = PBXBuildFile; fileRef = C49E39C1209FDCFA0010EBAF /* WeatherDetail.storyboard */; };
		C4A15336209FE73D003D2170 /* Bundle.swift in Sources */ = {isa = PBXBuildFile; fileRef = C4A15335209FE73D003D2170 /* Bundle.swift */; };
		C4A15338209FEBF9003D2170 /* AddCity.storyboard in Resources */ = {isa = PBXBuildFile; fileRef = C4A15337209FEBF9003D2170 /* AddCity.storyboard */; };
		C4A1533B209FEE6C003D2170 /* CitySearchInputViewController.swift in Sources */ = {isa = PBXBuildFile; fileRef = C4A1533A209FEE6C003D2170 /* CitySearchInputViewController.swift */; };
		C4A1533D209FEF48003D2170 /* AddCityViewController.swift in Sources */ = {isa = PBXBuildFile; fileRef = C4A1533C209FEF48003D2170 /* AddCityViewController.swift */; };
		C4A1533F209FF624003D2170 /* CitySearchInput.storyboard in Resources */ = {isa = PBXBuildFile; fileRef = C4A1533E209FF624003D2170 /* CitySearchInput.storyboard */; };
		C4A1534D20A011B0003D2170 /* AddCityInteractor.swift in Sources */ = {isa = PBXBuildFile; fileRef = C4A1534C20A011B0003D2170 /* AddCityInteractor.swift */; };
		C4A1535120A049DB003D2170 /* Error.storyboard in Resources */ = {isa = PBXBuildFile; fileRef = C4A1535020A049DB003D2170 /* Error.storyboard */; };
		C4A1535320A04B92003D2170 /* CitySearchResults.storyboard in Resources */ = {isa = PBXBuildFile; fileRef = C4A1535220A04B92003D2170 /* CitySearchResults.storyboard */; };
		C4A1535520A04CC1003D2170 /* CitySearchResultsViewController.swift in Sources */ = {isa = PBXBuildFile; fileRef = C4A1535420A04CC1003D2170 /* CitySearchResultsViewController.swift */; };
		C4A1E5AD209C1CEE00FBDCAC /* QuickAndNimble.swift in Sources */ = {isa = PBXBuildFile; fileRef = C4A1E5AB209C1CD400FBDCAC /* QuickAndNimble.swift */; };
		C4AA101620A542E000EF1368 /* UserCityWithWeather.swift in Sources */ = {isa = PBXBuildFile; fileRef = C4AA101520A542E000EF1368 /* UserCityWithWeather.swift */; };
		C4AA101820A551C200EF1368 /* WeatherProvider+BatchRequestsImp.swift in Sources */ = {isa = PBXBuildFile; fileRef = C4AA101720A551C200EF1368 /* WeatherProvider+BatchRequestsImp.swift */; };
		C4AE404F209D1320002772A6 /* WeatherLocationPredicateSamples.swift in Sources */ = {isa = PBXBuildFile; fileRef = C4AE404D209D129A002772A6 /* WeatherLocationPredicateSamples.swift */; };
		C4AE405D20A335EE002772A6 /* BundledPersistentContainer.swift in Sources */ = {isa = PBXBuildFile; fileRef = C4AE405C20A335EE002772A6 /* BundledPersistentContainer.swift */; };
		C4C1DFC720A14EC200C11C62 /* Placeholder.storyboard in Resources */ = {isa = PBXBuildFile; fileRef = C4C1DFC620A14D3C00C11C62 /* Placeholder.storyboard */; };
		C4C1DFC920A1588900C11C62 /* KeyboardAwareViewController.swift in Sources */ = {isa = PBXBuildFile; fileRef = C4C1DFC820A1588900C11C62 /* KeyboardAwareViewController.swift */; };
		C4C1DFCC20A1602500C11C62 /* CityNoSearch.storyboard in Resources */ = {isa = PBXBuildFile; fileRef = C4C1DFCB20A1602500C11C62 /* CityNoSearch.storyboard */; };
		C4C1DFD320A1BE1300C11C62 /* AddCityPresenter.swift in Sources */ = {isa = PBXBuildFile; fileRef = C4C1DFD220A1BE1300C11C62 /* AddCityPresenter.swift */; };
		C4C1DFD620A1C46A00C11C62 /* CitySearchResultsPresenter.swift in Sources */ = {isa = PBXBuildFile; fileRef = C4C1DFD520A1C46A00C11C62 /* CitySearchResultsPresenter.swift */; };
		C4C1DFDC20A2357000C11C62 /* Sugar.swift in Sources */ = {isa = PBXBuildFile; fileRef = C4C1DFDB20A2357000C11C62 /* Sugar.swift */; };
		C4C1DFF220A2737500C11C62 /* CitySearchResultsModule.swift in Sources */ = {isa = PBXBuildFile; fileRef = C4C1DFF120A2737500C11C62 /* CitySearchResultsModule.swift */; };
		C4C1DFF420A2768400C11C62 /* AddCityRouter.swift in Sources */ = {isa = PBXBuildFile; fileRef = C4C1DFF320A2768400C11C62 /* AddCityRouter.swift */; };
		C4C1DFF820A283C600C11C62 /* UIStackView+ContainerViewController.swift in Sources */ = {isa = PBXBuildFile; fileRef = C4C1DFF720A283C500C11C62 /* UIStackView+ContainerViewController.swift */; };
		C4C1DFFA20A28FCB00C11C62 /* AddCityModule.swift in Sources */ = {isa = PBXBuildFile; fileRef = C4C1DFF920A28FCB00C11C62 /* AddCityModule.swift */; };
		C4C8F0EE209B6AFE00E081B4 /* AppDelegate.swift in Sources */ = {isa = PBXBuildFile; fileRef = C4C8F0ED209B6AFE00E081B4 /* AppDelegate.swift */; };
		C4C8F0F1209B6AFE00E081B4 /* UserCities.xcdatamodeld in Sources */ = {isa = PBXBuildFile; fileRef = C4C8F0EF209B6AFE00E081B4 /* UserCities.xcdatamodeld */; };
		C4C8F0F3209B6AFE00E081B4 /* UserCityListViewController.swift in Sources */ = {isa = PBXBuildFile; fileRef = C4C8F0F2209B6AFE00E081B4 /* UserCityListViewController.swift */; };
		C4C8F0F5209B6AFE00E081B4 /* WeatherDetailViewController.swift in Sources */ = {isa = PBXBuildFile; fileRef = C4C8F0F4209B6AFE00E081B4 /* WeatherDetailViewController.swift */; };
		C4C8F0F8209B6AFE00E081B4 /* Main.storyboard in Resources */ = {isa = PBXBuildFile; fileRef = C4C8F0F6209B6AFE00E081B4 /* Main.storyboard */; };
		C4C8F0FA209B6AFF00E081B4 /* Assets.xcassets in Resources */ = {isa = PBXBuildFile; fileRef = C4C8F0F9209B6AFF00E081B4 /* Assets.xcassets */; };
		C4C8F0FD209B6AFF00E081B4 /* LaunchScreen.storyboard in Resources */ = {isa = PBXBuildFile; fileRef = C4C8F0FB209B6AFF00E081B4 /* LaunchScreen.storyboard */; };
		C4C8F108209B6B0000E081B4 /* WeatherTests.swift in Sources */ = {isa = PBXBuildFile; fileRef = C4C8F107209B6B0000E081B4 /* WeatherTests.swift */; };
		C4C8F113209B6B0000E081B4 /* WeatherUITests.swift in Sources */ = {isa = PBXBuildFile; fileRef = C4C8F112209B6B0000E081B4 /* WeatherUITests.swift */; };
		C4C8F12B209B786500E081B4 /* CityInfo.swift in Sources */ = {isa = PBXBuildFile; fileRef = C4C8F12A209B786500E081B4 /* CityInfo.swift */; };
		C4C8F12D209B788200E081B4 /* WeatherInfo.swift in Sources */ = {isa = PBXBuildFile; fileRef = C4C8F12C209B788200E081B4 /* WeatherInfo.swift */; };
		C4C8F12F209B78E300E081B4 /* WeatherProvider.swift in Sources */ = {isa = PBXBuildFile; fileRef = C4C8F12E209B78E300E081B4 /* WeatherProvider.swift */; };
		C4C8F132209B7D6500E081B4 /* UserCity.swift in Sources */ = {isa = PBXBuildFile; fileRef = C4C8F131209B7D6400E081B4 /* UserCity.swift */; };
		C4C8F134209B7DE700E081B4 /* WeatherProviderImp.swift in Sources */ = {isa = PBXBuildFile; fileRef = C4C8F133209B7DE700E081B4 /* WeatherProviderImp.swift */; };
		C4C8F13C209E0EB700E081B4 /* OpenWeatherMap$-WeatherProviderImp.swift in Sources */ = {isa = PBXBuildFile; fileRef = C4C8F13B209E0EB700E081B4 /* OpenWeatherMap$-WeatherProviderImp.swift */; };
		C4C8F16A209E613C00E081B4 /* LocationPredicate+WeatherLocationPredicate.swift in Sources */ = {isa = PBXBuildFile; fileRef = C4C8F169209E613C00E081B4 /* LocationPredicate+WeatherLocationPredicate.swift */; };
		C4CFD0E620A439B700A87DCC /* UserCity+RxCoreData.swift in Sources */ = {isa = PBXBuildFile; fileRef = C4CFD0E520A439B700A87DCC /* UserCity+RxCoreData.swift */; };
		C4CFD0E920A43DFB00A87DCC /* UserCityListModule.swift in Sources */ = {isa = PBXBuildFile; fileRef = C4CFD0E820A43DFB00A87DCC /* UserCityListModule.swift */; };
		C4CFD0EB20A4400700A87DCC /* UserCityListPresenter.swift in Sources */ = {isa = PBXBuildFile; fileRef = C4CFD0EA20A4400700A87DCC /* UserCityListPresenter.swift */; };
		C4CFD0ED20A4442000A87DCC /* UserCityListInteractor.swift in Sources */ = {isa = PBXBuildFile; fileRef = C4CFD0EC20A4442000A87DCC /* UserCityListInteractor.swift */; };
		C4CFD0EF20A451FC00A87DCC /* UserCitiesProviderImp.swift in Sources */ = {isa = PBXBuildFile; fileRef = C4CFD0EE20A451FC00A87DCC /* UserCitiesProviderImp.swift */; };
		C4CFD0F220A45E0C00A87DCC /* MainViewController.swift in Sources */ = {isa = PBXBuildFile; fileRef = C4CFD0F120A45E0C00A87DCC /* MainViewController.swift */; };
		C4CFD0F420A45E9A00A87DCC /* MainPresenter.swift in Sources */ = {isa = PBXBuildFile; fileRef = C4CFD0F320A45E9A00A87DCC /* MainPresenter.swift */; };
		C4CFD0F620A45EFC00A87DCC /* MainModule.swift in Sources */ = {isa = PBXBuildFile; fileRef = C4CFD0F520A45EFC00A87DCC /* MainModule.swift */; };
		C4CFD0F920A4645900A87DCC /* AppModule.swift in Sources */ = {isa = PBXBuildFile; fileRef = C4CFD0F820A4645900A87DCC /* AppModule.swift */; };
		C4CFD0FB20A477B100A87DCC /* NSObject+RetainedObjects.swift in Sources */ = {isa = PBXBuildFile; fileRef = C4CFD0FA20A477B100A87DCC /* NSObject+RetainedObjects.swift */; };
		C4CFD0FD20A477F500A87DCC /* AssociatedObjects.swift in Sources */ = {isa = PBXBuildFile; fileRef = C4CFD0FC20A477F500A87DCC /* AssociatedObjects.swift */; };
		C4CFD10020A489D900A87DCC /* UserCityListRouter.swift in Sources */ = {isa = PBXBuildFile; fileRef = C4CFD0FF20A489D900A87DCC /* UserCityListRouter.swift */; };
		C4CFD10320A48B3300A87DCC /* WeatherDetailModule.swift in Sources */ = {isa = PBXBuildFile; fileRef = C4CFD10220A48B3300A87DCC /* WeatherDetailModule.swift */; };
		C4CFD10520A4918E00A87DCC /* WeatherDetailInteractor.swift in Sources */ = {isa = PBXBuildFile; fileRef = C4CFD10420A4918E00A87DCC /* WeatherDetailInteractor.swift */; };
		C4CFD10720A492D900A87DCC /* WeatherDetailPresenter.swift in Sources */ = {isa = PBXBuildFile; fileRef = C4CFD10620A492D900A87DCC /* WeatherDetailPresenter.swift */; };
		C4CFD10920A4A6B900A87DCC /* AddCityFromSearchResultsListModule.swift in Sources */ = {isa = PBXBuildFile; fileRef = C4CFD10820A4A6B900A87DCC /* AddCityFromSearchResultsListModule.swift */; };
		C4CFD10B20A4AAB100A87DCC /* CitySearchResultsRouter.swift in Sources */ = {isa = PBXBuildFile; fileRef = C4CFD10A20A4AAB100A87DCC /* CitySearchResultsRouter.swift */; };
		C4CFD10D20A4AC9400A87DCC /* LoadingModule.swift in Sources */ = {isa = PBXBuildFile; fileRef = C4CFD10C20A4AC9400A87DCC /* LoadingModule.swift */; };
		C4CFD11120A4AD0500A87DCC /* ErrorModule.swift in Sources */ = {isa = PBXBuildFile; fileRef = C4CFD11020A4AD0500A87DCC /* ErrorModule.swift */; };
		C4CFD11320A4B35400A87DCC /* MainModuleRouter.swift in Sources */ = {isa = PBXBuildFile; fileRef = C4CFD11220A4B35400A87DCC /* MainModuleRouter.swift */; };
		C4CFD11820A4F80400A87DCC /* CitySearchResultsListCell.swift in Sources */ = {isa = PBXBuildFile; fileRef = C4CFD11720A4F80400A87DCC /* CitySearchResultsListCell.swift */; };
		EE77918F5E8C37D38CC02E7C /* Pods_WeatherAppUITests.framework in Frameworks */ = {isa = PBXBuildFile; fileRef = F3A25ADB6581CBB16FC60F2C /* Pods_WeatherAppUITests.framework */; };
/* End PBXBuildFile section */

/* Begin PBXContainerItemProxy section */
		C4C8F104209B6B0000E081B4 /* PBXContainerItemProxy */ = {
			isa = PBXContainerItemProxy;
			containerPortal = C4C8F0E2209B6AFE00E081B4 /* Project object */;
			proxyType = 1;
			remoteGlobalIDString = C4C8F0E9209B6AFE00E081B4;
			remoteInfo = Weather;
		};
		C4C8F10F209B6B0000E081B4 /* PBXContainerItemProxy */ = {
			isa = PBXContainerItemProxy;
			containerPortal = C4C8F0E2209B6AFE00E081B4 /* Project object */;
			proxyType = 1;
			remoteGlobalIDString = C4C8F0E9209B6AFE00E081B4;
			remoteInfo = Weather;
		};
/* End PBXContainerItemProxy section */

/* Begin PBXCopyFilesBuildPhase section */
		C49E39B6209FA2DE0010EBAF /* Embed Frameworks */ = {
			isa = PBXCopyFilesBuildPhase;
			buildActionMask = 2147483647;
			dstPath = "";
			dstSubfolderSpec = 10;
			files = (
				C49E39B5209FA2DD0010EBAF /* OpenWeatherMapKit.framework in Embed Frameworks */,
			);
			name = "Embed Frameworks";
			runOnlyForDeploymentPostprocessing = 0;
		};
/* End PBXCopyFilesBuildPhase section */

/* Begin PBXFileReference section */
		08C13AD01BA31F28D9A5969E /* Pods-WeatherAppUITests.debug.xcconfig */ = {isa = PBXFileReference; includeInIndex = 1; lastKnownFileType = text.xcconfig; name = "Pods-WeatherAppUITests.debug.xcconfig"; path = "../../Pods/Target Support Files/Pods-WeatherAppUITests/Pods-WeatherAppUITests.debug.xcconfig"; sourceTree = "<group>"; };
		0CD44A0E70AD5DEB4489FE46 /* Pods-WeatherAppTests.debug.xcconfig */ = {isa = PBXFileReference; includeInIndex = 1; lastKnownFileType = text.xcconfig; name = "Pods-WeatherAppTests.debug.xcconfig"; path = "../../Pods/Target Support Files/Pods-WeatherAppTests/Pods-WeatherAppTests.debug.xcconfig"; sourceTree = "<group>"; };
		23690966F220B2BD2DDFA50C /* Pods_WeatherAppTests.framework */ = {isa = PBXFileReference; explicitFileType = wrapper.framework; includeInIndex = 0; path = Pods_WeatherAppTests.framework; sourceTree = BUILT_PRODUCTS_DIR; };
		41EBA041663B63F0B9350E9C /* Pods_WeatherApp.framework */ = {isa = PBXFileReference; explicitFileType = wrapper.framework; includeInIndex = 0; path = Pods_WeatherApp.framework; sourceTree = BUILT_PRODUCTS_DIR; };
		504580F0DA7BD5C50AE68876 /* Pods-WeatherAppUITests.release.xcconfig */ = {isa = PBXFileReference; includeInIndex = 1; lastKnownFileType = text.xcconfig; name = "Pods-WeatherAppUITests.release.xcconfig"; path = "../../Pods/Target Support Files/Pods-WeatherAppUITests/Pods-WeatherAppUITests.release.xcconfig"; sourceTree = "<group>"; };
		6CF0351FF1157DDC5A03C743 /* Pods-WeatherAppTests.release.xcconfig */ = {isa = PBXFileReference; includeInIndex = 1; lastKnownFileType = text.xcconfig; name = "Pods-WeatherAppTests.release.xcconfig"; path = "../../Pods/Target Support Files/Pods-WeatherAppTests/Pods-WeatherAppTests.release.xcconfig"; sourceTree = "<group>"; };
		A00F94E9F7960695EB12195E /* Pods-WeatherApp.release.xcconfig */ = {isa = PBXFileReference; includeInIndex = 1; lastKnownFileType = text.xcconfig; name = "Pods-WeatherApp.release.xcconfig"; path = "../../Pods/Target Support Files/Pods-WeatherApp/Pods-WeatherApp.release.xcconfig"; sourceTree = "<group>"; };
		B3448EF62FFCD072E058321C /* Pods-WeatherApp.debug.xcconfig */ = {isa = PBXFileReference; includeInIndex = 1; lastKnownFileType = text.xcconfig; name = "Pods-WeatherApp.debug.xcconfig"; path = "../../Pods/Target Support Files/Pods-WeatherApp/Pods-WeatherApp.debug.xcconfig"; sourceTree = "<group>"; };
		C4390218209CDF5D001677DA /* WeatherLocationPredicate.swift */ = {isa = PBXFileReference; lastKnownFileType = sourcecode.swift; path = WeatherLocationPredicate.swift; sourceTree = "<group>"; };
		C4390227209CF236001677DA /* WeatherProviderImpTests.swift */ = {isa = PBXFileReference; fileEncoding = 4; lastKnownFileType = sourcecode.swift; path = WeatherProviderImpTests.swift; sourceTree = "<group>"; };
		C440003D20A059B900808CC9 /* DefaultWeatherProvider.swift */ = {isa = PBXFileReference; lastKnownFileType = sourcecode.swift; path = DefaultWeatherProvider.swift; sourceTree = "<group>"; };
		C440003F20A05A3400808CC9 /* WeatherProviderImp$.swift */ = {isa = PBXFileReference; fileEncoding = 4; lastKnownFileType = sourcecode.swift; path = WeatherProviderImp$.swift; sourceTree = "<group>"; };
		C440004020A05A3400808CC9 /* WeatherProviderImpContainer.swift */ = {isa = PBXFileReference; fileEncoding = 4; lastKnownFileType = sourcecode.swift; path = WeatherProviderImpContainer.swift; sourceTree = "<group>"; };
		C440004320A067D000808CC9 /* CitySearchResultsInteractor.swift */ = {isa = PBXFileReference; lastKnownFileType = sourcecode.swift; path = CitySearchResultsInteractor.swift; sourceTree = "<group>"; };
		C4622D2C20A32CB500CAC3B0 /* AddCityFromSearchResultsListInteractor.swift */ = {isa = PBXFileReference; fileEncoding = 4; lastKnownFileType = sourcecode.swift; path = AddCityFromSearchResultsListInteractor.swift; sourceTree = "<group>"; };
		C4622D2D20A32CB500CAC3B0 /* AddCityFromSearchResultsListPresenter.swift */ = {isa = PBXFileReference; fileEncoding = 4; lastKnownFileType = sourcecode.swift; path = AddCityFromSearchResultsListPresenter.swift; sourceTree = "<group>"; };
		C4622D3120A32CE900CAC3B0 /* README.md */ = {isa = PBXFileReference; fileEncoding = 4; lastKnownFileType = net.daringfireball.markdown; path = README.md; sourceTree = "<group>"; };
		C4622D3320A32CE900CAC3B0 /* CitySearchResultsListCell.xib */ = {isa = PBXFileReference; fileEncoding = 4; lastKnownFileType = file.xib; path = CitySearchResultsListCell.xib; sourceTree = "<group>"; };
		C4622D3420A32CE900CAC3B0 /* CitySearchResultsListViewController.swift */ = {isa = PBXFileReference; fileEncoding = 4; lastKnownFileType = sourcecode.swift; path = CitySearchResultsListViewController.swift; sourceTree = "<group>"; };
		C4622D3520A32CE900CAC3B0 /* CitySearchResultsList.storyboard */ = {isa = PBXFileReference; fileEncoding = 4; lastKnownFileType = file.storyboard; path = CitySearchResultsList.storyboard; sourceTree = "<group>"; };
		C4622D3A20A32D6100CAC3B0 /* AddCityFromSearchResultsListRouter.swift */ = {isa = PBXFileReference; lastKnownFileType = sourcecode.swift; path = AddCityFromSearchResultsListRouter.swift; sourceTree = "<group>"; };
		C4622D3C20A32F1800CAC3B0 /* CoreDataUserCitiesProviderImp.swift */ = {isa = PBXFileReference; fileEncoding = 4; lastKnownFileType = sourcecode.swift; path = CoreDataUserCitiesProviderImp.swift; sourceTree = "<group>"; };
		C4622D3D20A32F1800CAC3B0 /* UserCitiesProvider.swift */ = {isa = PBXFileReference; fileEncoding = 4; lastKnownFileType = sourcecode.swift; path = UserCitiesProvider.swift; sourceTree = "<group>"; };
		C46CB920209BA52D004D2263 /* WeatherDataService.swift */ = {isa = PBXFileReference; lastKnownFileType = sourcecode.swift; path = WeatherDataService.swift; sourceTree = "<group>"; };
		C498C3BF20A0705B00D63DB3 /* CityProvider.swift */ = {isa = PBXFileReference; lastKnownFileType = sourcecode.swift; path = CityProvider.swift; sourceTree = "<group>"; };
		C498C3C720A0733A00D63DB3 /* README.md */ = {isa = PBXFileReference; lastKnownFileType = net.daringfireball.markdown; path = README.md; sourceTree = "<group>"; };
		C498C3C920A0743800D63DB3 /* CityProviderImp.swift */ = {isa = PBXFileReference; lastKnownFileType = sourcecode.swift; path = CityProviderImp.swift; sourceTree = "<group>"; };
		C498C3CB20A0744100D63DB3 /* CityProviderImp$.swift */ = {isa = PBXFileReference; lastKnownFileType = sourcecode.swift; path = CityProviderImp$.swift; sourceTree = "<group>"; };
		C498C3CC20A0747500D63DB3 /* CityProviderImpContainer.swift */ = {isa = PBXFileReference; lastKnownFileType = sourcecode.swift; path = CityProviderImpContainer.swift; sourceTree = "<group>"; };
		C498C3CE20A074F900D63DB3 /* OpenWeatherMap$-CityProviderImp.swift */ = {isa = PBXFileReference; lastKnownFileType = sourcecode.swift; path = "OpenWeatherMap$-CityProviderImp.swift"; sourceTree = "<group>"; };
		C498C3D120A0759300D63DB3 /* DefaultCityProvider.swift */ = {isa = PBXFileReference; lastKnownFileType = sourcecode.swift; path = DefaultCityProvider.swift; sourceTree = "<group>"; };
		C49E39B3209FA2DD0010EBAF /* OpenWeatherMapKit.framework */ = {isa = PBXFileReference; explicitFileType = wrapper.framework; path = OpenWeatherMapKit.framework; sourceTree = BUILT_PRODUCTS_DIR; };
		C49E39BD209FDB060010EBAF /* UserCityList.storyboard */ = {isa = PBXFileReference; lastKnownFileType = file.storyboard; path = UserCityList.storyboard; sourceTree = "<group>"; };
		C49E39BF209FDC200010EBAF /* UserCityListFooter.storyboard */ = {isa = PBXFileReference; fileEncoding = 4; lastKnownFileType = file.storyboard; path = UserCityListFooter.storyboard; sourceTree = "<group>"; };
		C49E39C1209FDCFA0010EBAF /* WeatherDetail.storyboard */ = {isa = PBXFileReference; lastKnownFileType = file.storyboard; path = WeatherDetail.storyboard; sourceTree = "<group>"; };
		C49E39C8209FE02E0010EBAF /* UserCityListFooterViewController.swift */ = {isa = PBXFileReference; lastKnownFileType = sourcecode.swift; path = UserCityListFooterViewController.swift; sourceTree = "<group>"; };
		C49E39CA209FE27B0010EBAF /* UserCityListCell.xib */ = {isa = PBXFileReference; lastKnownFileType = file.xib; path = UserCityListCell.xib; sourceTree = "<group>"; };
		C49E39CC209FE3230010EBAF /* UserCityListCell.swift */ = {isa = PBXFileReference; lastKnownFileType = sourcecode.swift; path = UserCityListCell.swift; sourceTree = "<group>"; };
		C49E39CE209FE3930010EBAF /* UserCityListItemViewModel.swift */ = {isa = PBXFileReference; lastKnownFileType = sourcecode.swift; path = UserCityListItemViewModel.swift; sourceTree = "<group>"; };
		C4A15335209FE73D003D2170 /* Bundle.swift */ = {isa = PBXFileReference; fileEncoding = 4; lastKnownFileType = sourcecode.swift; path = Bundle.swift; sourceTree = "<group>"; };
		C4A15337209FEBF9003D2170 /* AddCity.storyboard */ = {isa = PBXFileReference; lastKnownFileType = file.storyboard; path = AddCity.storyboard; sourceTree = "<group>"; };
		C4A1533A209FEE6C003D2170 /* CitySearchInputViewController.swift */ = {isa = PBXFileReference; lastKnownFileType = sourcecode.swift; path = CitySearchInputViewController.swift; sourceTree = "<group>"; };
		C4A1533C209FEF48003D2170 /* AddCityViewController.swift */ = {isa = PBXFileReference; lastKnownFileType = sourcecode.swift; path = AddCityViewController.swift; sourceTree = "<group>"; };
		C4A1533E209FF624003D2170 /* CitySearchInput.storyboard */ = {isa = PBXFileReference; fileEncoding = 4; lastKnownFileType = file.storyboard; path = CitySearchInput.storyboard; sourceTree = "<group>"; };
		C4A1534C20A011B0003D2170 /* AddCityInteractor.swift */ = {isa = PBXFileReference; lastKnownFileType = sourcecode.swift; path = AddCityInteractor.swift; sourceTree = "<group>"; };
		C4A1535020A049DB003D2170 /* Error.storyboard */ = {isa = PBXFileReference; lastKnownFileType = file.storyboard; path = Error.storyboard; sourceTree = "<group>"; };
		C4A1535220A04B92003D2170 /* CitySearchResults.storyboard */ = {isa = PBXFileReference; lastKnownFileType = file.storyboard; path = CitySearchResults.storyboard; sourceTree = "<group>"; };
		C4A1535420A04CC1003D2170 /* CitySearchResultsViewController.swift */ = {isa = PBXFileReference; lastKnownFileType = sourcecode.swift; path = CitySearchResultsViewController.swift; sourceTree = "<group>"; };
		C4A1535820A04EF4003D2170 /* Loading.storyboard */ = {isa = PBXFileReference; lastKnownFileType = file.storyboard; path = Loading.storyboard; sourceTree = "<group>"; };
		C4A1E5AB209C1CD400FBDCAC /* QuickAndNimble.swift */ = {isa = PBXFileReference; lastKnownFileType = sourcecode.swift; path = QuickAndNimble.swift; sourceTree = "<group>"; };
		C4AA101520A542E000EF1368 /* UserCityWithWeather.swift */ = {isa = PBXFileReference; lastKnownFileType = sourcecode.swift; path = UserCityWithWeather.swift; sourceTree = "<group>"; };
		C4AA101720A551C200EF1368 /* WeatherProvider+BatchRequestsImp.swift */ = {isa = PBXFileReference; lastKnownFileType = sourcecode.swift; path = "WeatherProvider+BatchRequestsImp.swift"; sourceTree = "<group>"; };
		C4AE404D209D129A002772A6 /* WeatherLocationPredicateSamples.swift */ = {isa = PBXFileReference; lastKnownFileType = sourcecode.swift; path = WeatherLocationPredicateSamples.swift; sourceTree = "<group>"; };
		C4AE4057209DCC4A002772A6 /* README.md */ = {isa = PBXFileReference; lastKnownFileType = net.daringfireball.markdown; path = README.md; sourceTree = "<group>"; };
		C4AE4058209DCD2F002772A6 /* README.md */ = {isa = PBXFileReference; lastKnownFileType = net.daringfireball.markdown; path = README.md; sourceTree = "<group>"; };
		C4AE4059209DCE0D002772A6 /* README.md */ = {isa = PBXFileReference; lastKnownFileType = net.daringfireball.markdown; path = README.md; sourceTree = "<group>"; };
		C4AE405C20A335EE002772A6 /* BundledPersistentContainer.swift */ = {isa = PBXFileReference; fileEncoding = 4; lastKnownFileType = sourcecode.swift; path = BundledPersistentContainer.swift; sourceTree = "<group>"; };
		C4C1DFC620A14D3C00C11C62 /* Placeholder.storyboard */ = {isa = PBXFileReference; lastKnownFileType = file.storyboard; path = Placeholder.storyboard; sourceTree = "<group>"; };
		C4C1DFC820A1588900C11C62 /* KeyboardAwareViewController.swift */ = {isa = PBXFileReference; lastKnownFileType = sourcecode.swift; path = KeyboardAwareViewController.swift; sourceTree = "<group>"; };
		C4C1DFCB20A1602500C11C62 /* CityNoSearch.storyboard */ = {isa = PBXFileReference; lastKnownFileType = file.storyboard; path = CityNoSearch.storyboard; sourceTree = "<group>"; };
		C4C1DFD220A1BE1300C11C62 /* AddCityPresenter.swift */ = {isa = PBXFileReference; lastKnownFileType = sourcecode.swift; path = AddCityPresenter.swift; sourceTree = "<group>"; };
		C4C1DFD520A1C46A00C11C62 /* CitySearchResultsPresenter.swift */ = {isa = PBXFileReference; lastKnownFileType = sourcecode.swift; path = CitySearchResultsPresenter.swift; sourceTree = "<group>"; };
		C4C1DFDB20A2357000C11C62 /* Sugar.swift */ = {isa = PBXFileReference; fileEncoding = 4; lastKnownFileType = sourcecode.swift; path = Sugar.swift; sourceTree = "<group>"; };
		C4C1DFF120A2737500C11C62 /* CitySearchResultsModule.swift */ = {isa = PBXFileReference; lastKnownFileType = sourcecode.swift; path = CitySearchResultsModule.swift; sourceTree = "<group>"; };
		C4C1DFF320A2768400C11C62 /* AddCityRouter.swift */ = {isa = PBXFileReference; lastKnownFileType = sourcecode.swift; path = AddCityRouter.swift; sourceTree = "<group>"; };
		C4C1DFF620A279D700C11C62 /* README.md */ = {isa = PBXFileReference; lastKnownFileType = net.daringfireball.markdown; path = README.md; sourceTree = "<group>"; };
		C4C1DFF720A283C500C11C62 /* UIStackView+ContainerViewController.swift */ = {isa = PBXFileReference; fileEncoding = 4; lastKnownFileType = sourcecode.swift; path = "UIStackView+ContainerViewController.swift"; sourceTree = "<group>"; };
		C4C1DFF920A28FCB00C11C62 /* AddCityModule.swift */ = {isa = PBXFileReference; lastKnownFileType = sourcecode.swift; path = AddCityModule.swift; sourceTree = "<group>"; };
		C4C8F0EA209B6AFE00E081B4 /* WeatherApp.app */ = {isa = PBXFileReference; explicitFileType = wrapper.application; includeInIndex = 0; path = WeatherApp.app; sourceTree = BUILT_PRODUCTS_DIR; };
		C4C8F0ED209B6AFE00E081B4 /* AppDelegate.swift */ = {isa = PBXFileReference; lastKnownFileType = sourcecode.swift; path = AppDelegate.swift; sourceTree = "<group>"; };
		C4C8F0F0209B6AFE00E081B4 /* Weather.xcdatamodel */ = {isa = PBXFileReference; lastKnownFileType = wrapper.xcdatamodel; path = Weather.xcdatamodel; sourceTree = "<group>"; };
		C4C8F0F2209B6AFE00E081B4 /* UserCityListViewController.swift */ = {isa = PBXFileReference; lastKnownFileType = sourcecode.swift; path = UserCityListViewController.swift; sourceTree = "<group>"; };
		C4C8F0F4209B6AFE00E081B4 /* WeatherDetailViewController.swift */ = {isa = PBXFileReference; lastKnownFileType = sourcecode.swift; path = WeatherDetailViewController.swift; sourceTree = "<group>"; };
		C4C8F0F7209B6AFE00E081B4 /* Base */ = {isa = PBXFileReference; lastKnownFileType = file.storyboard; name = Base; path = Base.lproj/Main.storyboard; sourceTree = "<group>"; };
		C4C8F0F9209B6AFF00E081B4 /* Assets.xcassets */ = {isa = PBXFileReference; lastKnownFileType = folder.assetcatalog; path = Assets.xcassets; sourceTree = "<group>"; };
		C4C8F0FC209B6AFF00E081B4 /* Base */ = {isa = PBXFileReference; lastKnownFileType = file.storyboard; name = Base; path = Base.lproj/LaunchScreen.storyboard; sourceTree = "<group>"; };
		C4C8F0FE209B6AFF00E081B4 /* Info.plist */ = {isa = PBXFileReference; lastKnownFileType = text.plist.xml; path = Info.plist; sourceTree = "<group>"; };
		C4C8F103209B6B0000E081B4 /* WeatherAppTests.xctest */ = {isa = PBXFileReference; explicitFileType = wrapper.cfbundle; includeInIndex = 0; path = WeatherAppTests.xctest; sourceTree = BUILT_PRODUCTS_DIR; };
		C4C8F107209B6B0000E081B4 /* WeatherTests.swift */ = {isa = PBXFileReference; lastKnownFileType = sourcecode.swift; path = WeatherTests.swift; sourceTree = "<group>"; };
		C4C8F109209B6B0000E081B4 /* Info.plist */ = {isa = PBXFileReference; lastKnownFileType = text.plist.xml; path = Info.plist; sourceTree = "<group>"; };
		C4C8F10E209B6B0000E081B4 /* WeatherAppUITests.xctest */ = {isa = PBXFileReference; explicitFileType = wrapper.cfbundle; includeInIndex = 0; path = WeatherAppUITests.xctest; sourceTree = BUILT_PRODUCTS_DIR; };
		C4C8F112209B6B0000E081B4 /* WeatherUITests.swift */ = {isa = PBXFileReference; lastKnownFileType = sourcecode.swift; path = WeatherUITests.swift; sourceTree = "<group>"; };
		C4C8F114209B6B0000E081B4 /* Info.plist */ = {isa = PBXFileReference; lastKnownFileType = text.plist.xml; path = Info.plist; sourceTree = "<group>"; };
		C4C8F12A209B786500E081B4 /* CityInfo.swift */ = {isa = PBXFileReference; lastKnownFileType = sourcecode.swift; path = CityInfo.swift; sourceTree = "<group>"; };
		C4C8F12C209B788200E081B4 /* WeatherInfo.swift */ = {isa = PBXFileReference; lastKnownFileType = sourcecode.swift; path = WeatherInfo.swift; sourceTree = "<group>"; };
		C4C8F12E209B78E300E081B4 /* WeatherProvider.swift */ = {isa = PBXFileReference; lastKnownFileType = sourcecode.swift; path = WeatherProvider.swift; sourceTree = "<group>"; };
		C4C8F131209B7D6400E081B4 /* UserCity.swift */ = {isa = PBXFileReference; lastKnownFileType = sourcecode.swift; path = UserCity.swift; sourceTree = "<group>"; };
		C4C8F133209B7DE700E081B4 /* WeatherProviderImp.swift */ = {isa = PBXFileReference; lastKnownFileType = sourcecode.swift; path = WeatherProviderImp.swift; sourceTree = "<group>"; };
		C4C8F13B209E0EB700E081B4 /* OpenWeatherMap$-WeatherProviderImp.swift */ = {isa = PBXFileReference; lastKnownFileType = sourcecode.swift; path = "OpenWeatherMap$-WeatherProviderImp.swift"; sourceTree = "<group>"; };
		C4C8F169209E613C00E081B4 /* LocationPredicate+WeatherLocationPredicate.swift */ = {isa = PBXFileReference; lastKnownFileType = sourcecode.swift; path = "LocationPredicate+WeatherLocationPredicate.swift"; sourceTree = "<group>"; };
		C4C8F188209EAF3500E081B4 /* README.md */ = {isa = PBXFileReference; lastKnownFileType = net.daringfireball.markdown; path = README.md; sourceTree = "<group>"; };
		C4CFD0E520A439B700A87DCC /* UserCity+RxCoreData.swift */ = {isa = PBXFileReference; lastKnownFileType = sourcecode.swift; path = "UserCity+RxCoreData.swift"; sourceTree = "<group>"; };
		C4CFD0E820A43DFB00A87DCC /* UserCityListModule.swift */ = {isa = PBXFileReference; lastKnownFileType = sourcecode.swift; path = UserCityListModule.swift; sourceTree = "<group>"; };
		C4CFD0EA20A4400700A87DCC /* UserCityListPresenter.swift */ = {isa = PBXFileReference; lastKnownFileType = sourcecode.swift; path = UserCityListPresenter.swift; sourceTree = "<group>"; };
		C4CFD0EC20A4442000A87DCC /* UserCityListInteractor.swift */ = {isa = PBXFileReference; lastKnownFileType = sourcecode.swift; path = UserCityListInteractor.swift; sourceTree = "<group>"; };
		C4CFD0EE20A451FC00A87DCC /* UserCitiesProviderImp.swift */ = {isa = PBXFileReference; lastKnownFileType = sourcecode.swift; path = UserCitiesProviderImp.swift; sourceTree = "<group>"; };
		C4CFD0F120A45E0C00A87DCC /* MainViewController.swift */ = {isa = PBXFileReference; lastKnownFileType = sourcecode.swift; path = MainViewController.swift; sourceTree = "<group>"; };
		C4CFD0F320A45E9A00A87DCC /* MainPresenter.swift */ = {isa = PBXFileReference; lastKnownFileType = sourcecode.swift; path = MainPresenter.swift; sourceTree = "<group>"; };
		C4CFD0F520A45EFC00A87DCC /* MainModule.swift */ = {isa = PBXFileReference; lastKnownFileType = sourcecode.swift; path = MainModule.swift; sourceTree = "<group>"; };
		C4CFD0F820A4645900A87DCC /* AppModule.swift */ = {isa = PBXFileReference; lastKnownFileType = sourcecode.swift; path = AppModule.swift; sourceTree = "<group>"; };
		C4CFD0FA20A477B100A87DCC /* NSObject+RetainedObjects.swift */ = {isa = PBXFileReference; lastKnownFileType = sourcecode.swift; path = "NSObject+RetainedObjects.swift"; sourceTree = "<group>"; };
		C4CFD0FC20A477F500A87DCC /* AssociatedObjects.swift */ = {isa = PBXFileReference; fileEncoding = 4; lastKnownFileType = sourcecode.swift; path = AssociatedObjects.swift; sourceTree = "<group>"; };
		C4CFD0FF20A489D900A87DCC /* UserCityListRouter.swift */ = {isa = PBXFileReference; lastKnownFileType = sourcecode.swift; path = UserCityListRouter.swift; sourceTree = "<group>"; };
		C4CFD10220A48B3300A87DCC /* WeatherDetailModule.swift */ = {isa = PBXFileReference; lastKnownFileType = sourcecode.swift; path = WeatherDetailModule.swift; sourceTree = "<group>"; };
		C4CFD10420A4918E00A87DCC /* WeatherDetailInteractor.swift */ = {isa = PBXFileReference; lastKnownFileType = sourcecode.swift; path = WeatherDetailInteractor.swift; sourceTree = "<group>"; };
		C4CFD10620A492D900A87DCC /* WeatherDetailPresenter.swift */ = {isa = PBXFileReference; lastKnownFileType = sourcecode.swift; path = WeatherDetailPresenter.swift; sourceTree = "<group>"; };
		C4CFD10820A4A6B900A87DCC /* AddCityFromSearchResultsListModule.swift */ = {isa = PBXFileReference; lastKnownFileType = sourcecode.swift; path = AddCityFromSearchResultsListModule.swift; sourceTree = "<group>"; };
		C4CFD10A20A4AAB100A87DCC /* CitySearchResultsRouter.swift */ = {isa = PBXFileReference; lastKnownFileType = sourcecode.swift; path = CitySearchResultsRouter.swift; sourceTree = "<group>"; };
		C4CFD10C20A4AC9400A87DCC /* LoadingModule.swift */ = {isa = PBXFileReference; lastKnownFileType = sourcecode.swift; path = LoadingModule.swift; sourceTree = "<group>"; };
		C4CFD11020A4AD0500A87DCC /* ErrorModule.swift */ = {isa = PBXFileReference; lastKnownFileType = sourcecode.swift; path = ErrorModule.swift; sourceTree = "<group>"; };
		C4CFD11220A4B35400A87DCC /* MainModuleRouter.swift */ = {isa = PBXFileReference; lastKnownFileType = sourcecode.swift; path = MainModuleRouter.swift; sourceTree = "<group>"; };
		C4CFD11720A4F80400A87DCC /* CitySearchResultsListCell.swift */ = {isa = PBXFileReference; lastKnownFileType = sourcecode.swift; path = CitySearchResultsListCell.swift; sourceTree = "<group>"; };
		F3A25ADB6581CBB16FC60F2C /* Pods_WeatherAppUITests.framework */ = {isa = PBXFileReference; explicitFileType = wrapper.framework; includeInIndex = 0; path = Pods_WeatherAppUITests.framework; sourceTree = BUILT_PRODUCTS_DIR; };
/* End PBXFileReference section */

/* Begin PBXFrameworksBuildPhase section */
		C4C8F0E7209B6AFE00E081B4 /* Frameworks */ = {
			isa = PBXFrameworksBuildPhase;
			buildActionMask = 2147483647;
			files = (
				C49E39B4209FA2DD0010EBAF /* OpenWeatherMapKit.framework in Frameworks */,
				7E9BC811DFE4B9677475E099 /* Pods_WeatherApp.framework in Frameworks */,
			);
			runOnlyForDeploymentPostprocessing = 0;
		};
		C4C8F100209B6B0000E081B4 /* Frameworks */ = {
			isa = PBXFrameworksBuildPhase;
			buildActionMask = 2147483647;
			files = (
				8F9BB98C77D689A1CEE7FF45 /* Pods_WeatherAppTests.framework in Frameworks */,
			);
			runOnlyForDeploymentPostprocessing = 0;
		};
		C4C8F10B209B6B0000E081B4 /* Frameworks */ = {
			isa = PBXFrameworksBuildPhase;
			buildActionMask = 2147483647;
			files = (
				EE77918F5E8C37D38CC02E7C /* Pods_WeatherAppUITests.framework in Frameworks */,
			);
			runOnlyForDeploymentPostprocessing = 0;
		};
/* End PBXFrameworksBuildPhase section */

/* Begin PBXGroup section */
		23C09C971771BF12A06F23A9 /* Pods */ = {
			isa = PBXGroup;
			children = (
				B3448EF62FFCD072E058321C /* Pods-WeatherApp.debug.xcconfig */,
				A00F94E9F7960695EB12195E /* Pods-WeatherApp.release.xcconfig */,
				0CD44A0E70AD5DEB4489FE46 /* Pods-WeatherAppTests.debug.xcconfig */,
				6CF0351FF1157DDC5A03C743 /* Pods-WeatherAppTests.release.xcconfig */,
				08C13AD01BA31F28D9A5969E /* Pods-WeatherAppUITests.debug.xcconfig */,
				504580F0DA7BD5C50AE68876 /* Pods-WeatherAppUITests.release.xcconfig */,
			);
			name = Pods;
			sourceTree = "<group>";
		};
		83EF555B17982A239CF2512A /* Frameworks */ = {
			isa = PBXGroup;
			children = (
				C49E39B3209FA2DD0010EBAF /* OpenWeatherMapKit.framework */,
				41EBA041663B63F0B9350E9C /* Pods_WeatherApp.framework */,
				23690966F220B2BD2DDFA50C /* Pods_WeatherAppTests.framework */,
				F3A25ADB6581CBB16FC60F2C /* Pods_WeatherAppUITests.framework */,
			);
			name = Frameworks;
			sourceTree = "<group>";
		};
		C4390215209CD7E7001677DA /* Services */ = {
			isa = PBXGroup;
			children = (
				C46CB920209BA52D004D2263 /* WeatherDataService.swift */,
				C4622D4120A331D800CAC3B0 /* UserCitiesProvider */,
			);
			path = Services;
			sourceTree = "<group>";
		};
		C4390216209CD7FE001677DA /* WeatherQuerying */ = {
			isa = PBXGroup;
			children = (
				C4390217209CD815001677DA /* Concepts */,
				C4390225209CE331001677DA /* WeatherProviderImp */,
			);
			path = WeatherQuerying;
			sourceTree = "<group>";
		};
		C4390217209CD815001677DA /* Concepts */ = {
			isa = PBXGroup;
			children = (
				C4AE4057209DCC4A002772A6 /* README.md */,
				C4C8F12E209B78E300E081B4 /* WeatherProvider.swift */,
				C4390226209CE35F001677DA /* Primitives */,
			);
			path = Concepts;
			sourceTree = "<group>";
		};
		C4390225209CE331001677DA /* WeatherProviderImp */ = {
			isa = PBXGroup;
			children = (
				C4AE4059209DCE0D002772A6 /* README.md */,
				C440003F20A05A3400808CC9 /* WeatherProviderImp$.swift */,
				C4AA101720A551C200EF1368 /* WeatherProvider+BatchRequestsImp.swift */,
				C440004020A05A3400808CC9 /* WeatherProviderImpContainer.swift */,
				C46CB91F209B964F004D2263 /* OpenWeatherMap */,
			);
			path = WeatherProviderImp;
			sourceTree = "<group>";
		};
		C4390226209CE35F001677DA /* Primitives */ = {
			isa = PBXGroup;
			children = (
				C4AE4058209DCD2F002772A6 /* README.md */,
				C4390218209CDF5D001677DA /* WeatherLocationPredicate.swift */,
				C4AE404D209D129A002772A6 /* WeatherLocationPredicateSamples.swift */,
			);
			path = Primitives;
			sourceTree = "<group>";
		};
		C4622D2B20A32CB500CAC3B0 /* AddUserCityFromSearchResultsList */ = {
			isa = PBXGroup;
			children = (
				C4622D2C20A32CB500CAC3B0 /* AddCityFromSearchResultsListInteractor.swift */,
				C4622D2D20A32CB500CAC3B0 /* AddCityFromSearchResultsListPresenter.swift */,
				C4622D3A20A32D6100CAC3B0 /* AddCityFromSearchResultsListRouter.swift */,
				C4CFD10820A4A6B900A87DCC /* AddCityFromSearchResultsListModule.swift */,
			);
			path = AddUserCityFromSearchResultsList;
			sourceTree = "<group>";
		};
		C4622D3020A32CE900CAC3B0 /* Views */ = {
			isa = PBXGroup;
			children = (
				C4622D3120A32CE900CAC3B0 /* README.md */,
				C4622D3220A32CE900CAC3B0 /* CitySearchResultsList */,
			);
			path = Views;
			sourceTree = "<group>";
		};
		C4622D3220A32CE900CAC3B0 /* CitySearchResultsList */ = {
			isa = PBXGroup;
			children = (
				C4622D3320A32CE900CAC3B0 /* CitySearchResultsListCell.xib */,
				C4CFD11720A4F80400A87DCC /* CitySearchResultsListCell.swift */,
				C4622D3420A32CE900CAC3B0 /* CitySearchResultsListViewController.swift */,
				C4622D3520A32CE900CAC3B0 /* CitySearchResultsList.storyboard */,
			);
			path = CitySearchResultsList;
			sourceTree = "<group>";
		};
		C4622D4020A331CA00CAC3B0 /* CoreDataImp */ = {
			isa = PBXGroup;
			children = (
				C4622D3C20A32F1800CAC3B0 /* CoreDataUserCitiesProviderImp.swift */,
				C4C8F0EF209B6AFE00E081B4 /* UserCities.xcdatamodeld */,
			);
			path = CoreDataImp;
			sourceTree = "<group>";
		};
		C4622D4120A331D800CAC3B0 /* UserCitiesProvider */ = {
			isa = PBXGroup;
			children = (
				C4622D3D20A32F1800CAC3B0 /* UserCitiesProvider.swift */,
				C4CFD0EE20A451FC00A87DCC /* UserCitiesProviderImp.swift */,
				C4622D4020A331CA00CAC3B0 /* CoreDataImp */,
			);
			path = UserCitiesProvider;
			sourceTree = "<group>";
		};
		C46CB91F209B964F004D2263 /* OpenWeatherMap */ = {
			isa = PBXGroup;
			children = (
				C4C8F13B209E0EB700E081B4 /* OpenWeatherMap$-WeatherProviderImp.swift */,
				C4C8F133209B7DE700E081B4 /* WeatherProviderImp.swift */,
				C4390227209CF236001677DA /* WeatherProviderImpTests.swift */,
				C440003D20A059B900808CC9 /* DefaultWeatherProvider.swift */,
				C4C8F169209E613C00E081B4 /* LocationPredicate+WeatherLocationPredicate.swift */,
			);
			path = OpenWeatherMap;
			sourceTree = "<group>";
		};
		C498C3C520A0731D00D63DB3 /* CityQuerying */ = {
			isa = PBXGroup;
			children = (
				C498C3C720A0733A00D63DB3 /* README.md */,
				C498C3BF20A0705B00D63DB3 /* CityProvider.swift */,
				C498C3C620A0732900D63DB3 /* CityProviderImp */,
			);
			path = CityQuerying;
			sourceTree = "<group>";
		};
		C498C3C620A0732900D63DB3 /* CityProviderImp */ = {
			isa = PBXGroup;
			children = (
				C498C3CB20A0744100D63DB3 /* CityProviderImp$.swift */,
				C498C3C820A0740C00D63DB3 /* OpenWeatherMap */,
			);
			path = CityProviderImp;
			sourceTree = "<group>";
		};
		C498C3C820A0740C00D63DB3 /* OpenWeatherMap */ = {
			isa = PBXGroup;
			children = (
				C498C3CE20A074F900D63DB3 /* OpenWeatherMap$-CityProviderImp.swift */,
				C498C3C920A0743800D63DB3 /* CityProviderImp.swift */,
				C498C3CC20A0747500D63DB3 /* CityProviderImpContainer.swift */,
				C498C3D120A0759300D63DB3 /* DefaultCityProvider.swift */,
			);
			path = OpenWeatherMap;
			sourceTree = "<group>";
		};
		C49E39BC209FDAA90010EBAF /* AddCity */ = {
			isa = PBXGroup;
			children = (
				C4A1534C20A011B0003D2170 /* AddCityInteractor.swift */,
				C4C1DFD220A1BE1300C11C62 /* AddCityPresenter.swift */,
				C4C1DFF920A28FCB00C11C62 /* AddCityModule.swift */,
				C4C1DFF520A2769100C11C62 /* Router */,
				C4C1DFEF20A2570A00C11C62 /* View */,
				C4C1DFD420A1BE5100C11C62 /* Submodules */,
			);
			path = AddCity;
			sourceTree = "<group>";
		};
		C49E39C4209FDF920010EBAF /* UserCityListCell */ = {
			isa = PBXGroup;
			children = (
				C49E39CA209FE27B0010EBAF /* UserCityListCell.xib */,
				C49E39CC209FE3230010EBAF /* UserCityListCell.swift */,
			);
			path = UserCityListCell;
			sourceTree = "<group>";
		};
		C49E39C7209FE0150010EBAF /* Footer */ = {
			isa = PBXGroup;
			children = (
				C4CFD0FE20A4800100A87DCC /* View */,
			);
			path = Footer;
			sourceTree = "<group>";
		};
		C4A15339209FEE4D003D2170 /* CitySearchInput */ = {
			isa = PBXGroup;
			children = (
				C4A1533E209FF624003D2170 /* CitySearchInput.storyboard */,
				C4A1533A209FEE6C003D2170 /* CitySearchInputViewController.swift */,
			);
			path = CitySearchInput;
			sourceTree = "<group>";
		};
		C4A1534420A00846003D2170 /* CitySearchResults */ = {
			isa = PBXGroup;
			children = (
				C440004320A067D000808CC9 /* CitySearchResultsInteractor.swift */,
				C4C1DFD520A1C46A00C11C62 /* CitySearchResultsPresenter.swift */,
				C4CFD10A20A4AAB100A87DCC /* CitySearchResultsRouter.swift */,
				C4C1DFF120A2737500C11C62 /* CitySearchResultsModule.swift */,
				C4C1DFF020A2579900C11C62 /* View */,
				C4622D2B20A32CB500CAC3B0 /* AddUserCityFromSearchResultsList */,
			);
			path = CitySearchResults;
			sourceTree = "<group>";
		};
		C4A1534F20A0495D003D2170 /* Error */ = {
			isa = PBXGroup;
			children = (
				C4CFD11020A4AD0500A87DCC /* ErrorModule.swift */,
				C4CFD10F20A4ACF900A87DCC /* View */,
			);
			path = Error;
			sourceTree = "<group>";
		};
		C4A1535620A04EB6003D2170 /* States */ = {
			isa = PBXGroup;
			children = (
				C4C1DFC520A14D0000C11C62 /* Placeholder */,
				C4A1535720A04ECE003D2170 /* Loading */,
				C4A1534F20A0495D003D2170 /* Error */,
			);
			path = States;
			sourceTree = "<group>";
		};
		C4A1535720A04ECE003D2170 /* Loading */ = {
			isa = PBXGroup;
			children = (
				C4CFD10C20A4AC9400A87DCC /* LoadingModule.swift */,
				C4CFD10E20A4ACF100A87DCC /* View */,
			);
			path = Loading;
			sourceTree = "<group>";
		};
		C4C1DFC520A14D0000C11C62 /* Placeholder */ = {
			isa = PBXGroup;
			children = (
				C4C1DFC620A14D3C00C11C62 /* Placeholder.storyboard */,
			);
			path = Placeholder;
			sourceTree = "<group>";
		};
		C4C1DFCA20A15FE800C11C62 /* CityNoSearch */ = {
			isa = PBXGroup;
			children = (
				C4C1DFCB20A1602500C11C62 /* CityNoSearch.storyboard */,
			);
			path = CityNoSearch;
			sourceTree = "<group>";
		};
		C4C1DFD420A1BE5100C11C62 /* Submodules */ = {
			isa = PBXGroup;
			children = (
				C4C1DFCA20A15FE800C11C62 /* CityNoSearch */,
				C4A15339209FEE4D003D2170 /* CitySearchInput */,
				C4A1534420A00846003D2170 /* CitySearchResults */,
			);
			path = Submodules;
			sourceTree = "<group>";
		};
		C4C1DFDD20A2357800C11C62 /* Shared */ = {
			isa = PBXGroup;
			children = (
				C4CFD0FC20A477F500A87DCC /* AssociatedObjects.swift */,
				C4AE405C20A335EE002772A6 /* BundledPersistentContainer.swift */,
				C4CFD0FA20A477B100A87DCC /* NSObject+RetainedObjects.swift */,
				C4C1DFF720A283C500C11C62 /* UIStackView+ContainerViewController.swift */,
				C4C1DFC820A1588900C11C62 /* KeyboardAwareViewController.swift */,
				C4A15335209FE73D003D2170 /* Bundle.swift */,
				C4C1DFDB20A2357000C11C62 /* Sugar.swift */,
			);
			name = Shared;
			path = ../Shared;
			sourceTree = SOURCE_ROOT;
		};
		C4C1DFEF20A2570A00C11C62 /* View */ = {
			isa = PBXGroup;
			children = (
				C4A15337209FEBF9003D2170 /* AddCity.storyboard */,
				C4A1533C209FEF48003D2170 /* AddCityViewController.swift */,
			);
			path = View;
			sourceTree = "<group>";
		};
		C4C1DFF020A2579900C11C62 /* View */ = {
			isa = PBXGroup;
			children = (
				C4A1535220A04B92003D2170 /* CitySearchResults.storyboard */,
				C4A1535420A04CC1003D2170 /* CitySearchResultsViewController.swift */,
			);
			path = View;
			sourceTree = "<group>";
		};
		C4C1DFF520A2769100C11C62 /* Router */ = {
			isa = PBXGroup;
			children = (
				C4C1DFF320A2768400C11C62 /* AddCityRouter.swift */,
			);
			path = Router;
			sourceTree = "<group>";
		};
		C4C8F0E1209B6AFE00E081B4 = {
			isa = PBXGroup;
			children = (
				C4C8F188209EAF3500E081B4 /* README.md */,
				C4C8F0EC209B6AFE00E081B4 /* WeatherApp */,
				C4C8F106209B6B0000E081B4 /* WeatherTests */,
				C4C8F111209B6B0000E081B4 /* WeatherUITests */,
				C4C1DFDD20A2357800C11C62 /* Shared */,
				C4C8F0EB209B6AFE00E081B4 /* Products */,
				23C09C971771BF12A06F23A9 /* Pods */,
				83EF555B17982A239CF2512A /* Frameworks */,
			);
			sourceTree = "<group>";
		};
		C4C8F0EB209B6AFE00E081B4 /* Products */ = {
			isa = PBXGroup;
			children = (
				C4C8F0EA209B6AFE00E081B4 /* WeatherApp.app */,
				C4C8F103209B6B0000E081B4 /* WeatherAppTests.xctest */,
				C4C8F10E209B6B0000E081B4 /* WeatherAppUITests.xctest */,
			);
			name = Products;
			sourceTree = "<group>";
		};
		C4C8F0EC209B6AFE00E081B4 /* WeatherApp */ = {
			isa = PBXGroup;
			children = (
				C4C8F0F9209B6AFF00E081B4 /* Assets.xcassets */,
				C4C8F129209B784A00E081B4 /* Entities */,
				C4622D3020A32CE900CAC3B0 /* Views */,
				C4C8F122209B72D200E081B4 /* Scenes */,
				C4C8F124209B730100E081B4 /* Globals */,
				C4C8F123209B72EE00E081B4 /* Data */,
				C4390215209CD7E7001677DA /* Services */,
				C498C3C520A0731D00D63DB3 /* CityQuerying */,
				C4390216209CD7FE001677DA /* WeatherQuerying */,
				C4C8F130209B7D2F00E081B4 /* Reusable */,
			);
			path = WeatherApp;
			sourceTree = "<group>";
		};
		C4C8F106209B6B0000E081B4 /* WeatherTests */ = {
			isa = PBXGroup;
			children = (
				C4C8F107209B6B0000E081B4 /* WeatherTests.swift */,
				C4C8F109209B6B0000E081B4 /* Info.plist */,
			);
			path = WeatherTests;
			sourceTree = "<group>";
		};
		C4C8F111209B6B0000E081B4 /* WeatherUITests */ = {
			isa = PBXGroup;
			children = (
				C4C8F112209B6B0000E081B4 /* WeatherUITests.swift */,
				C4C8F114209B6B0000E081B4 /* Info.plist */,
			);
			path = WeatherUITests;
			sourceTree = "<group>";
		};
		C4C8F120209B72BC00E081B4 /* UserCityList */ = {
			isa = PBXGroup;
			children = (
				C4CFD0EA20A4400700A87DCC /* UserCityListPresenter.swift */,
				C4CFD0FF20A489D900A87DCC /* UserCityListRouter.swift */,
				C4CFD0EC20A4442000A87DCC /* UserCityListInteractor.swift */,
				C4AA101520A542E000EF1368 /* UserCityWithWeather.swift */,
				C4CFD0E820A43DFB00A87DCC /* UserCityListModule.swift */,
				C49E39C7209FE0150010EBAF /* Footer */,
				C4CFD0E720A43DB100A87DCC /* View */,
			);
			path = UserCityList;
			sourceTree = "<group>";
		};
		C4C8F121209B72C900E081B4 /* WeatherDetail */ = {
			isa = PBXGroup;
			children = (
				C4CFD10220A48B3300A87DCC /* WeatherDetailModule.swift */,
				C4CFD10420A4918E00A87DCC /* WeatherDetailInteractor.swift */,
				C4CFD10620A492D900A87DCC /* WeatherDetailPresenter.swift */,
				C4CFD10120A48B0900A87DCC /* View */,
			);
			path = WeatherDetail;
			sourceTree = "<group>";
		};
		C4C8F122209B72D200E081B4 /* Scenes */ = {
			isa = PBXGroup;
			children = (
				C4C1DFF620A279D700C11C62 /* README.md */,
				C4CFD0F020A45DE600A87DCC /* Main */,
				C49E39BC209FDAA90010EBAF /* AddCity */,
				C4C8F120209B72BC00E081B4 /* UserCityList */,
				C4C8F121209B72C900E081B4 /* WeatherDetail */,
				C4A1535620A04EB6003D2170 /* States */,
			);
			path = Scenes;
			sourceTree = "<group>";
		};
		C4C8F123209B72EE00E081B4 /* Data */ = {
			isa = PBXGroup;
			children = (
				C4C8F125209B770900E081B4 /* CoreData */,
			);
			path = Data;
			sourceTree = "<group>";
		};
		C4C8F124209B730100E081B4 /* Globals */ = {
			isa = PBXGroup;
			children = (
				C4C8F0ED209B6AFE00E081B4 /* AppDelegate.swift */,
				C4CFD0F820A4645900A87DCC /* AppModule.swift */,
				C4C8F0FB209B6AFF00E081B4 /* LaunchScreen.storyboard */,
				C4C8F0FE209B6AFF00E081B4 /* Info.plist */,
			);
			path = Globals;
			sourceTree = "<group>";
		};
		C4C8F125209B770900E081B4 /* CoreData */ = {
			isa = PBXGroup;
			children = (
			);
			path = CoreData;
			sourceTree = "<group>";
		};
		C4C8F129209B784A00E081B4 /* Entities */ = {
			isa = PBXGroup;
			children = (
				C4C8F12A209B786500E081B4 /* CityInfo.swift */,
				C4C8F12C209B788200E081B4 /* WeatherInfo.swift */,
				C4C8F131209B7D6400E081B4 /* UserCity.swift */,
				C4CFD0E520A439B700A87DCC /* UserCity+RxCoreData.swift */,
			);
			path = Entities;
			sourceTree = "<group>";
		};
		C4C8F130209B7D2F00E081B4 /* Reusable */ = {
			isa = PBXGroup;
			children = (
				C4A1E5AB209C1CD400FBDCAC /* QuickAndNimble.swift */,
			);
			path = Reusable;
			sourceTree = "<group>";
		};
		C4CFD0E720A43DB100A87DCC /* View */ = {
			isa = PBXGroup;
			children = (
				C49E39CE209FE3930010EBAF /* UserCityListItemViewModel.swift */,
				C49E39C4209FDF920010EBAF /* UserCityListCell */,
				C49E39BD209FDB060010EBAF /* UserCityList.storyboard */,
				C4C8F0F2209B6AFE00E081B4 /* UserCityListViewController.swift */,
			);
			path = View;
			sourceTree = "<group>";
		};
		C4CFD0F020A45DE600A87DCC /* Main */ = {
			isa = PBXGroup;
			children = (
				C4CFD0F320A45E9A00A87DCC /* MainPresenter.swift */,
				C4CFD0F520A45EFC00A87DCC /* MainModule.swift */,
				C4CFD11220A4B35400A87DCC /* MainModuleRouter.swift */,
				C4CFD0F720A45F0300A87DCC /* View */,
			);
			path = Main;
			sourceTree = "<group>";
		};
		C4CFD0F720A45F0300A87DCC /* View */ = {
			isa = PBXGroup;
			children = (
				C4C8F0F6209B6AFE00E081B4 /* Main.storyboard */,
				C4CFD0F120A45E0C00A87DCC /* MainViewController.swift */,
			);
			path = View;
			sourceTree = "<group>";
		};
		C4CFD0FE20A4800100A87DCC /* View */ = {
			isa = PBXGroup;
			children = (
				C49E39BF209FDC200010EBAF /* UserCityListFooter.storyboard */,
				C49E39C8209FE02E0010EBAF /* UserCityListFooterViewController.swift */,
			);
			path = View;
			sourceTree = "<group>";
		};
		C4CFD10120A48B0900A87DCC /* View */ = {
			isa = PBXGroup;
			children = (
				C49E39C1209FDCFA0010EBAF /* WeatherDetail.storyboard */,
				C4C8F0F4209B6AFE00E081B4 /* WeatherDetailViewController.swift */,
			);
			path = View;
			sourceTree = "<group>";
		};
		C4CFD10E20A4ACF100A87DCC /* View */ = {
			isa = PBXGroup;
			children = (
				C4A1535820A04EF4003D2170 /* Loading.storyboard */,
			);
			path = View;
			sourceTree = "<group>";
		};
		C4CFD10F20A4ACF900A87DCC /* View */ = {
			isa = PBXGroup;
			children = (
				C4A1535020A049DB003D2170 /* Error.storyboard */,
			);
			path = View;
			sourceTree = "<group>";
		};
/* End PBXGroup section */

/* Begin PBXNativeTarget section */
		C4C8F0E9209B6AFE00E081B4 /* WeatherApp */ = {
			isa = PBXNativeTarget;
			buildConfigurationList = C4C8F117209B6B0000E081B4 /* Build configuration list for PBXNativeTarget "WeatherApp" */;
			buildPhases = (
				5D786C221C1C60BB85BC2DA8 /* [CP] Check Pods Manifest.lock */,
				C4AE4052209DBD3D002772A6 /* SwiftLint */,
				C4C8F0E6209B6AFE00E081B4 /* Sources */,
				C4C8F0E7209B6AFE00E081B4 /* Frameworks */,
				C4C8F0E8209B6AFE00E081B4 /* Resources */,
				C49E39B6209FA2DE0010EBAF /* Embed Frameworks */,
				7947F1F3658C4FD5ADEC36D2 /* [CP] Embed Pods Frameworks */,
			);
			buildRules = (
			);
			dependencies = (
			);
			name = WeatherApp;
			productName = Weather;
			productReference = C4C8F0EA209B6AFE00E081B4 /* WeatherApp.app */;
			productType = "com.apple.product-type.application";
		};
		C4C8F102209B6B0000E081B4 /* WeatherAppTests */ = {
			isa = PBXNativeTarget;
			buildConfigurationList = C4C8F11A209B6B0000E081B4 /* Build configuration list for PBXNativeTarget "WeatherAppTests" */;
			buildPhases = (
				9D03489159123C9371989BA0 /* [CP] Check Pods Manifest.lock */,
				C4C8F0FF209B6B0000E081B4 /* Sources */,
				C4C8F100209B6B0000E081B4 /* Frameworks */,
				C4C8F101209B6B0000E081B4 /* Resources */,
				EA223D63FB6BD7C10E751C3F /* [CP] Embed Pods Frameworks */,
			);
			buildRules = (
			);
			dependencies = (
				C4C8F105209B6B0000E081B4 /* PBXTargetDependency */,
			);
			name = WeatherAppTests;
			productName = WeatherTests;
			productReference = C4C8F103209B6B0000E081B4 /* WeatherAppTests.xctest */;
			productType = "com.apple.product-type.bundle.unit-test";
		};
		C4C8F10D209B6B0000E081B4 /* WeatherAppUITests */ = {
			isa = PBXNativeTarget;
			buildConfigurationList = C4C8F11D209B6B0000E081B4 /* Build configuration list for PBXNativeTarget "WeatherAppUITests" */;
			buildPhases = (
				009C4C0F315BCFFD724309AC /* [CP] Check Pods Manifest.lock */,
				C4C8F10A209B6B0000E081B4 /* Sources */,
				C4C8F10B209B6B0000E081B4 /* Frameworks */,
				C4C8F10C209B6B0000E081B4 /* Resources */,
			);
			buildRules = (
			);
			dependencies = (
				C4C8F110209B6B0000E081B4 /* PBXTargetDependency */,
			);
			name = WeatherAppUITests;
			productName = WeatherUITests;
			productReference = C4C8F10E209B6B0000E081B4 /* WeatherAppUITests.xctest */;
			productType = "com.apple.product-type.bundle.ui-testing";
		};
/* End PBXNativeTarget section */

/* Begin PBXProject section */
		C4C8F0E2209B6AFE00E081B4 /* Project object */ = {
			isa = PBXProject;
			attributes = {
				LastSwiftUpdateCheck = 0930;
				LastUpgradeCheck = 0930;
				ORGANIZATIONNAME = "Grigory Entin";
				TargetAttributes = {
					C4C8F0E9209B6AFE00E081B4 = {
						CreatedOnToolsVersion = 9.3;
					};
					C4C8F102209B6B0000E081B4 = {
						CreatedOnToolsVersion = 9.3;
						TestTargetID = C4C8F0E9209B6AFE00E081B4;
					};
					C4C8F10D209B6B0000E081B4 = {
						CreatedOnToolsVersion = 9.3;
						TestTargetID = C4C8F0E9209B6AFE00E081B4;
					};
				};
			};
			buildConfigurationList = C4C8F0E5209B6AFE00E081B4 /* Build configuration list for PBXProject "WeatherApp" */;
			compatibilityVersion = "Xcode 9.3";
			developmentRegion = en;
			hasScannedForEncodings = 0;
			knownRegions = (
				en,
				Base,
			);
			mainGroup = C4C8F0E1209B6AFE00E081B4;
			productRefGroup = C4C8F0EB209B6AFE00E081B4 /* Products */;
			projectDirPath = "";
			projectRoot = "";
			targets = (
				C4C8F0E9209B6AFE00E081B4 /* WeatherApp */,
				C4C8F102209B6B0000E081B4 /* WeatherAppTests */,
				C4C8F10D209B6B0000E081B4 /* WeatherAppUITests */,
			);
		};
/* End PBXProject section */

/* Begin PBXResourcesBuildPhase section */
		C4C8F0E8209B6AFE00E081B4 /* Resources */ = {
			isa = PBXResourcesBuildPhase;
			buildActionMask = 2147483647;
			files = (
				C440003A20A0554200808CC9 /* Loading.storyboard in Resources */,
				C4A1535120A049DB003D2170 /* Error.storyboard in Resources */,
				C49E39BE209FDB270010EBAF /* UserCityList.storyboard in Resources */,
				C4C8F0FD209B6AFF00E081B4 /* LaunchScreen.storyboard in Resources */,
				C4622D3920A32CEA00CAC3B0 /* CitySearchResultsList.storyboard in Resources */,
				C49E39CB209FE27B0010EBAF /* UserCityListCell.xib in Resources */,
				C4A15338209FEBF9003D2170 /* AddCity.storyboard in Resources */,
				C4A1533F209FF624003D2170 /* CitySearchInput.storyboard in Resources */,
				C4C8F0FA209B6AFF00E081B4 /* Assets.xcassets in Resources */,
				C49E39D0209FE4FE0010EBAF /* WeatherDetail.storyboard in Resources */,
				C4A1535320A04B92003D2170 /* CitySearchResults.storyboard in Resources */,
				C4C1DFC720A14EC200C11C62 /* Placeholder.storyboard in Resources */,
				C4622D3720A32CEA00CAC3B0 /* CitySearchResultsListCell.xib in Resources */,
				C4C1DFCC20A1602500C11C62 /* CityNoSearch.storyboard in Resources */,
				C4622D3620A32CE900CAC3B0 /* README.md in Resources */,
				C4C8F0F8209B6AFE00E081B4 /* Main.storyboard in Resources */,
				C49E39C0209FDC200010EBAF /* UserCityListFooter.storyboard in Resources */,
			);
			runOnlyForDeploymentPostprocessing = 0;
		};
		C4C8F101209B6B0000E081B4 /* Resources */ = {
			isa = PBXResourcesBuildPhase;
			buildActionMask = 2147483647;
			files = (
			);
			runOnlyForDeploymentPostprocessing = 0;
		};
		C4C8F10C209B6B0000E081B4 /* Resources */ = {
			isa = PBXResourcesBuildPhase;
			buildActionMask = 2147483647;
			files = (
			);
			runOnlyForDeploymentPostprocessing = 0;
		};
/* End PBXResourcesBuildPhase section */

/* Begin PBXShellScriptBuildPhase section */
		009C4C0F315BCFFD724309AC /* [CP] Check Pods Manifest.lock */ = {
			isa = PBXShellScriptBuildPhase;
			buildActionMask = 2147483647;
			files = (
			);
			inputPaths = (
				"${PODS_PODFILE_DIR_PATH}/Podfile.lock",
				"${PODS_ROOT}/Manifest.lock",
			);
			name = "[CP] Check Pods Manifest.lock";
			outputPaths = (
				"$(DERIVED_FILE_DIR)/Pods-WeatherAppUITests-checkManifestLockResult.txt",
			);
			runOnlyForDeploymentPostprocessing = 0;
			shellPath = /bin/sh;
			shellScript = "diff \"${PODS_PODFILE_DIR_PATH}/Podfile.lock\" \"${PODS_ROOT}/Manifest.lock\" > /dev/null\nif [ $? != 0 ] ; then\n    # print error to STDERR\n    echo \"error: The sandbox is not in sync with the Podfile.lock. Run 'pod install' or update your CocoaPods installation.\" >&2\n    exit 1\nfi\n# This output is used by Xcode 'outputs' to avoid re-running this script phase.\necho \"SUCCESS\" > \"${SCRIPT_OUTPUT_FILE_0}\"\n";
			showEnvVarsInLog = 0;
		};
		5D786C221C1C60BB85BC2DA8 /* [CP] Check Pods Manifest.lock */ = {
			isa = PBXShellScriptBuildPhase;
			buildActionMask = 2147483647;
			files = (
			);
			inputPaths = (
				"${PODS_PODFILE_DIR_PATH}/Podfile.lock",
				"${PODS_ROOT}/Manifest.lock",
			);
			name = "[CP] Check Pods Manifest.lock";
			outputPaths = (
				"$(DERIVED_FILE_DIR)/Pods-WeatherApp-checkManifestLockResult.txt",
			);
			runOnlyForDeploymentPostprocessing = 0;
			shellPath = /bin/sh;
			shellScript = "diff \"${PODS_PODFILE_DIR_PATH}/Podfile.lock\" \"${PODS_ROOT}/Manifest.lock\" > /dev/null\nif [ $? != 0 ] ; then\n    # print error to STDERR\n    echo \"error: The sandbox is not in sync with the Podfile.lock. Run 'pod install' or update your CocoaPods installation.\" >&2\n    exit 1\nfi\n# This output is used by Xcode 'outputs' to avoid re-running this script phase.\necho \"SUCCESS\" > \"${SCRIPT_OUTPUT_FILE_0}\"\n";
			showEnvVarsInLog = 0;
		};
		7947F1F3658C4FD5ADEC36D2 /* [CP] Embed Pods Frameworks */ = {
			isa = PBXShellScriptBuildPhase;
			buildActionMask = 2147483647;
			files = (
			);
			inputPaths = (
				"${SRCROOT}/../../Pods/Target Support Files/Pods-WeatherApp/Pods-WeatherApp-frameworks.sh",
				"${BUILT_PRODUCTS_DIR}/Alamofire-iOS/Alamofire.framework",
				"${BUILT_PRODUCTS_DIR}/Differentiator/Differentiator.framework",
				"${BUILT_PRODUCTS_DIR}/GZIP-iOS/GZIP.framework",
				"${BUILT_PRODUCTS_DIR}/LHSKeyboardAdjusting/LHSKeyboardAdjusting.framework",
				"${BUILT_PRODUCTS_DIR}/Moya-iOS/Moya.framework",
				"${BUILT_PRODUCTS_DIR}/Result-iOS/Result.framework",
				"${BUILT_PRODUCTS_DIR}/RxCocoa/RxCocoa.framework",
				"${BUILT_PRODUCTS_DIR}/RxCoreData/RxCoreData.framework",
				"${BUILT_PRODUCTS_DIR}/RxDataSources/RxDataSources.framework",
				"${BUILT_PRODUCTS_DIR}/RxSwift-iOS/RxSwift.framework",
				"${BUILT_PRODUCTS_DIR}/Swinject-iOS/Swinject.framework",
				"${BUILT_PRODUCTS_DIR}/Then-iOS/Then.framework",
			);
			name = "[CP] Embed Pods Frameworks";
			outputPaths = (
				"${TARGET_BUILD_DIR}/${FRAMEWORKS_FOLDER_PATH}/Alamofire.framework",
				"${TARGET_BUILD_DIR}/${FRAMEWORKS_FOLDER_PATH}/Differentiator.framework",
				"${TARGET_BUILD_DIR}/${FRAMEWORKS_FOLDER_PATH}/GZIP.framework",
				"${TARGET_BUILD_DIR}/${FRAMEWORKS_FOLDER_PATH}/LHSKeyboardAdjusting.framework",
				"${TARGET_BUILD_DIR}/${FRAMEWORKS_FOLDER_PATH}/Moya.framework",
				"${TARGET_BUILD_DIR}/${FRAMEWORKS_FOLDER_PATH}/Result.framework",
				"${TARGET_BUILD_DIR}/${FRAMEWORKS_FOLDER_PATH}/RxCocoa.framework",
				"${TARGET_BUILD_DIR}/${FRAMEWORKS_FOLDER_PATH}/RxCoreData.framework",
				"${TARGET_BUILD_DIR}/${FRAMEWORKS_FOLDER_PATH}/RxDataSources.framework",
				"${TARGET_BUILD_DIR}/${FRAMEWORKS_FOLDER_PATH}/RxSwift.framework",
				"${TARGET_BUILD_DIR}/${FRAMEWORKS_FOLDER_PATH}/Swinject.framework",
				"${TARGET_BUILD_DIR}/${FRAMEWORKS_FOLDER_PATH}/Then.framework",
			);
			runOnlyForDeploymentPostprocessing = 0;
			shellPath = /bin/sh;
			shellScript = "\"${SRCROOT}/../../Pods/Target Support Files/Pods-WeatherApp/Pods-WeatherApp-frameworks.sh\"\n";
			showEnvVarsInLog = 0;
		};
		9D03489159123C9371989BA0 /* [CP] Check Pods Manifest.lock */ = {
			isa = PBXShellScriptBuildPhase;
			buildActionMask = 2147483647;
			files = (
			);
			inputPaths = (
				"${PODS_PODFILE_DIR_PATH}/Podfile.lock",
				"${PODS_ROOT}/Manifest.lock",
			);
			name = "[CP] Check Pods Manifest.lock";
			outputPaths = (
				"$(DERIVED_FILE_DIR)/Pods-WeatherAppTests-checkManifestLockResult.txt",
			);
			runOnlyForDeploymentPostprocessing = 0;
			shellPath = /bin/sh;
			shellScript = "diff \"${PODS_PODFILE_DIR_PATH}/Podfile.lock\" \"${PODS_ROOT}/Manifest.lock\" > /dev/null\nif [ $? != 0 ] ; then\n    # print error to STDERR\n    echo \"error: The sandbox is not in sync with the Podfile.lock. Run 'pod install' or update your CocoaPods installation.\" >&2\n    exit 1\nfi\n# This output is used by Xcode 'outputs' to avoid re-running this script phase.\necho \"SUCCESS\" > \"${SCRIPT_OUTPUT_FILE_0}\"\n";
			showEnvVarsInLog = 0;
		};
		C4AE4052209DBD3D002772A6 /* SwiftLint */ = {
			isa = PBXShellScriptBuildPhase;
			buildActionMask = 2147483647;
			files = (
			);
			inputPaths = (
			);
			name = SwiftLint;
			outputPaths = (
			);
			runOnlyForDeploymentPostprocessing = 0;
			shellPath = "/bin/sh -e";
			shellScript = "${PODS_ROOT}/SwiftLint/swiftlint";
			showEnvVarsInLog = 0;
		};
		EA223D63FB6BD7C10E751C3F /* [CP] Embed Pods Frameworks */ = {
			isa = PBXShellScriptBuildPhase;
			buildActionMask = 2147483647;
			files = (
			);
			inputPaths = (
				"${SRCROOT}/../../Pods/Target Support Files/Pods-WeatherAppTests/Pods-WeatherAppTests-frameworks.sh",
				"${BUILT_PRODUCTS_DIR}/Nimble/Nimble.framework",
				"${BUILT_PRODUCTS_DIR}/Quick/Quick.framework",
			);
			name = "[CP] Embed Pods Frameworks";
			outputPaths = (
				"${TARGET_BUILD_DIR}/${FRAMEWORKS_FOLDER_PATH}/Nimble.framework",
				"${TARGET_BUILD_DIR}/${FRAMEWORKS_FOLDER_PATH}/Quick.framework",
			);
			runOnlyForDeploymentPostprocessing = 0;
			shellPath = /bin/sh;
			shellScript = "\"${SRCROOT}/../../Pods/Target Support Files/Pods-WeatherAppTests/Pods-WeatherAppTests-frameworks.sh\"\n";
			showEnvVarsInLog = 0;
		};
/* End PBXShellScriptBuildPhase section */

/* Begin PBXSourcesBuildPhase section */
		C4C8F0E6209B6AFE00E081B4 /* Sources */ = {
			isa = PBXSourcesBuildPhase;
			buildActionMask = 2147483647;
			files = (
				C4CFD10020A489D900A87DCC /* UserCityListRouter.swift in Sources */,
				C49E39C9209FE02E0010EBAF /* UserCityListFooterViewController.swift in Sources */,
				C4A15336209FE73D003D2170 /* Bundle.swift in Sources */,
				C440004220A05A3400808CC9 /* WeatherProviderImpContainer.swift in Sources */,
				C4AA101620A542E000EF1368 /* UserCityWithWeather.swift in Sources */,
				C4C1DFC920A1588900C11C62 /* KeyboardAwareViewController.swift in Sources */,
				C4C8F12D209B788200E081B4 /* WeatherInfo.swift in Sources */,
				C49E39CD209FE3230010EBAF /* UserCityListCell.swift in Sources */,
				C440004120A05A3400808CC9 /* WeatherProviderImp$.swift in Sources */,
				C4C8F0F1209B6AFE00E081B4 /* UserCities.xcdatamodeld in Sources */,
				C4C8F12F209B78E300E081B4 /* WeatherProvider.swift in Sources */,
				C4C1DFFA20A28FCB00C11C62 /* AddCityModule.swift in Sources */,
				C4CFD0ED20A4442000A87DCC /* UserCityListInteractor.swift in Sources */,
				C4CFD0EF20A451FC00A87DCC /* UserCitiesProviderImp.swift in Sources */,
				C4AE405D20A335EE002772A6 /* BundledPersistentContainer.swift in Sources */,
				C4A1535520A04CC1003D2170 /* CitySearchResultsViewController.swift in Sources */,
				C440004420A067D000808CC9 /* CitySearchResultsInteractor.swift in Sources */,
				C4622D3B20A32D6100CAC3B0 /* AddCityFromSearchResultsListRouter.swift in Sources */,
				C498C3C020A0705B00D63DB3 /* CityProvider.swift in Sources */,
				C4C8F132209B7D6500E081B4 /* UserCity.swift in Sources */,
				C4CFD0FD20A477F500A87DCC /* AssociatedObjects.swift in Sources */,
				C4C1DFD320A1BE1300C11C62 /* AddCityPresenter.swift in Sources */,
				C4622D3820A32CEA00CAC3B0 /* CitySearchResultsListViewController.swift in Sources */,
				C4C1DFD620A1C46A00C11C62 /* CitySearchResultsPresenter.swift in Sources */,
				C4CFD0F620A45EFC00A87DCC /* MainModule.swift in Sources */,
				C4C8F0EE209B6AFE00E081B4 /* AppDelegate.swift in Sources */,
				C4CFD10B20A4AAB100A87DCC /* CitySearchResultsRouter.swift in Sources */,
				C4622D2F20A32CB600CAC3B0 /* AddCityFromSearchResultsListPresenter.swift in Sources */,
				C4CFD11120A4AD0500A87DCC /* ErrorModule.swift in Sources */,
				C4C1DFF220A2737500C11C62 /* CitySearchResultsModule.swift in Sources */,
				C4622D2E20A32CB600CAC3B0 /* AddCityFromSearchResultsListInteractor.swift in Sources */,
				C4CFD11820A4F80400A87DCC /* CitySearchResultsListCell.swift in Sources */,
				C4A1533B209FEE6C003D2170 /* CitySearchInputViewController.swift in Sources */,
				C4CFD10320A48B3300A87DCC /* WeatherDetailModule.swift in Sources */,
				C498C3CA20A0743800D63DB3 /* CityProviderImp.swift in Sources */,
				C4CFD0F920A4645900A87DCC /* AppModule.swift in Sources */,
				C498C3D220A0759300D63DB3 /* DefaultCityProvider.swift in Sources */,
				C4C1DFF420A2768400C11C62 /* AddCityRouter.swift in Sources */,
				C4CFD0F420A45E9A00A87DCC /* MainPresenter.swift in Sources */,
				C4CFD0EB20A4400700A87DCC /* UserCityListPresenter.swift in Sources */,
				C4C8F0F3209B6AFE00E081B4 /* UserCityListViewController.swift in Sources */,
				C46CB921209BA52D004D2263 /* WeatherDataService.swift in Sources */,
				C498C3CF20A074FA00D63DB3 /* OpenWeatherMap$-CityProviderImp.swift in Sources */,
				C4CFD10720A492D900A87DCC /* WeatherDetailPresenter.swift in Sources */,
				C4C8F16A209E613C00E081B4 /* LocationPredicate+WeatherLocationPredicate.swift in Sources */,
				C49E39CF209FE3930010EBAF /* UserCityListItemViewModel.swift in Sources */,
				C440003E20A059B900808CC9 /* DefaultWeatherProvider.swift in Sources */,
				C4C8F12B209B786500E081B4 /* CityInfo.swift in Sources */,
				C4A1533D209FEF48003D2170 /* AddCityViewController.swift in Sources */,
				C4CFD0E620A439B700A87DCC /* UserCity+RxCoreData.swift in Sources */,
				C4CFD10920A4A6B900A87DCC /* AddCityFromSearchResultsListModule.swift in Sources */,
				C4C1DFF820A283C600C11C62 /* UIStackView+ContainerViewController.swift in Sources */,
				C4CFD0E920A43DFB00A87DCC /* UserCityListModule.swift in Sources */,
				C4622D3E20A32F1800CAC3B0 /* CoreDataUserCitiesProviderImp.swift in Sources */,
				C498C3D020A0757600D63DB3 /* CityProviderImp$.swift in Sources */,
				C4C1DFDC20A2357000C11C62 /* Sugar.swift in Sources */,
				C4C8F0F5209B6AFE00E081B4 /* WeatherDetailViewController.swift in Sources */,
				C4CFD10D20A4AC9400A87DCC /* LoadingModule.swift in Sources */,
				C4CFD10520A4918E00A87DCC /* WeatherDetailInteractor.swift in Sources */,
				C4CFD0FB20A477B100A87DCC /* NSObject+RetainedObjects.swift in Sources */,
				C4622D3F20A32F1800CAC3B0 /* UserCitiesProvider.swift in Sources */,
				C4A1534D20A011B0003D2170 /* AddCityInteractor.swift in Sources */,
				C4AA101820A551C200EF1368 /* WeatherProvider+BatchRequestsImp.swift in Sources */,
				C439021A209CDFB1001677DA /* WeatherLocationPredicate.swift in Sources */,
				C4C8F13C209E0EB700E081B4 /* OpenWeatherMap$-WeatherProviderImp.swift in Sources */,
				C4CFD0F220A45E0C00A87DCC /* MainViewController.swift in Sources */,
				C498C3CD20A0747500D63DB3 /* CityProviderImpContainer.swift in Sources */,
				C4C8F134209B7DE700E081B4 /* WeatherProviderImp.swift in Sources */,
				C4CFD11320A4B35400A87DCC /* MainModuleRouter.swift in Sources */,
			);
			runOnlyForDeploymentPostprocessing = 0;
		};
		C4C8F0FF209B6B0000E081B4 /* Sources */ = {
			isa = PBXSourcesBuildPhase;
			buildActionMask = 2147483647;
			files = (
				C4A1E5AD209C1CEE00FBDCAC /* QuickAndNimble.swift in Sources */,
				C4AE404F209D1320002772A6 /* WeatherLocationPredicateSamples.swift in Sources */,
				C4390228209CF236001677DA /* WeatherProviderImpTests.swift in Sources */,
				C4C8F108209B6B0000E081B4 /* WeatherTests.swift in Sources */,
			);
			runOnlyForDeploymentPostprocessing = 0;
		};
		C4C8F10A209B6B0000E081B4 /* Sources */ = {
			isa = PBXSourcesBuildPhase;
			buildActionMask = 2147483647;
			files = (
				C4C8F113209B6B0000E081B4 /* WeatherUITests.swift in Sources */,
			);
			runOnlyForDeploymentPostprocessing = 0;
		};
/* End PBXSourcesBuildPhase section */

/* Begin PBXTargetDependency section */
		C4C8F105209B6B0000E081B4 /* PBXTargetDependency */ = {
			isa = PBXTargetDependency;
			target = C4C8F0E9209B6AFE00E081B4 /* WeatherApp */;
			targetProxy = C4C8F104209B6B0000E081B4 /* PBXContainerItemProxy */;
		};
		C4C8F110209B6B0000E081B4 /* PBXTargetDependency */ = {
			isa = PBXTargetDependency;
			target = C4C8F0E9209B6AFE00E081B4 /* WeatherApp */;
			targetProxy = C4C8F10F209B6B0000E081B4 /* PBXContainerItemProxy */;
		};
/* End PBXTargetDependency section */

/* Begin PBXVariantGroup section */
		C4C8F0F6209B6AFE00E081B4 /* Main.storyboard */ = {
			isa = PBXVariantGroup;
			children = (
				C4C8F0F7209B6AFE00E081B4 /* Base */,
			);
			name = Main.storyboard;
			sourceTree = "<group>";
		};
		C4C8F0FB209B6AFF00E081B4 /* LaunchScreen.storyboard */ = {
			isa = PBXVariantGroup;
			children = (
				C4C8F0FC209B6AFF00E081B4 /* Base */,
			);
			name = LaunchScreen.storyboard;
			sourceTree = "<group>";
		};
/* End PBXVariantGroup section */

/* Begin XCBuildConfiguration section */
		C4C8F115209B6B0000E081B4 /* Debug */ = {
			isa = XCBuildConfiguration;
			buildSettings = {
				ALWAYS_SEARCH_USER_PATHS = NO;
				CLANG_ANALYZER_NONNULL = YES;
				CLANG_ANALYZER_NUMBER_OBJECT_CONVERSION = YES_AGGRESSIVE;
				CLANG_CXX_LANGUAGE_STANDARD = "gnu++14";
				CLANG_CXX_LIBRARY = "libc++";
				CLANG_ENABLE_MODULES = YES;
				CLANG_ENABLE_OBJC_ARC = YES;
				CLANG_ENABLE_OBJC_WEAK = YES;
				CLANG_WARN_BLOCK_CAPTURE_AUTORELEASING = YES;
				CLANG_WARN_BOOL_CONVERSION = YES;
				CLANG_WARN_COMMA = YES;
				CLANG_WARN_CONSTANT_CONVERSION = YES;
				CLANG_WARN_DEPRECATED_OBJC_IMPLEMENTATIONS = YES;
				CLANG_WARN_DIRECT_OBJC_ISA_USAGE = YES_ERROR;
				CLANG_WARN_DOCUMENTATION_COMMENTS = YES;
				CLANG_WARN_EMPTY_BODY = YES;
				CLANG_WARN_ENUM_CONVERSION = YES;
				CLANG_WARN_INFINITE_RECURSION = YES;
				CLANG_WARN_INT_CONVERSION = YES;
				CLANG_WARN_NON_LITERAL_NULL_CONVERSION = YES;
				CLANG_WARN_OBJC_IMPLICIT_RETAIN_SELF = YES;
				CLANG_WARN_OBJC_LITERAL_CONVERSION = YES;
				CLANG_WARN_OBJC_ROOT_CLASS = YES_ERROR;
				CLANG_WARN_RANGE_LOOP_ANALYSIS = YES;
				CLANG_WARN_STRICT_PROTOTYPES = YES;
				CLANG_WARN_SUSPICIOUS_MOVE = YES;
				CLANG_WARN_UNGUARDED_AVAILABILITY = YES_AGGRESSIVE;
				CLANG_WARN_UNREACHABLE_CODE = YES;
				CLANG_WARN__DUPLICATE_METHOD_MATCH = YES;
				CODE_SIGN_IDENTITY = "iPhone Developer";
				COPY_PHASE_STRIP = NO;
				DEBUG_INFORMATION_FORMAT = dwarf;
				ENABLE_STRICT_OBJC_MSGSEND = YES;
				ENABLE_TESTABILITY = YES;
				GCC_C_LANGUAGE_STANDARD = gnu11;
				GCC_DYNAMIC_NO_PIC = NO;
				GCC_NO_COMMON_BLOCKS = YES;
				GCC_OPTIMIZATION_LEVEL = 0;
				GCC_PREPROCESSOR_DEFINITIONS = (
					"DEBUG=1",
					"$(inherited)",
				);
				GCC_WARN_64_TO_32_BIT_CONVERSION = YES;
				GCC_WARN_ABOUT_RETURN_TYPE = YES_ERROR;
				GCC_WARN_UNDECLARED_SELECTOR = YES;
				GCC_WARN_UNINITIALIZED_AUTOS = YES_AGGRESSIVE;
				GCC_WARN_UNUSED_FUNCTION = YES;
				GCC_WARN_UNUSED_VARIABLE = YES;
				IPHONEOS_DEPLOYMENT_TARGET = 11.3;
				MTL_ENABLE_DEBUG_INFO = YES;
				ONLY_ACTIVE_ARCH = YES;
				SDKROOT = iphoneos;
				SWIFT_ACTIVE_COMPILATION_CONDITIONS = DEBUG;
				SWIFT_OPTIMIZATION_LEVEL = "-Onone";
			};
			name = Debug;
		};
		C4C8F116209B6B0000E081B4 /* Release */ = {
			isa = XCBuildConfiguration;
			buildSettings = {
				ALWAYS_SEARCH_USER_PATHS = NO;
				CLANG_ANALYZER_NONNULL = YES;
				CLANG_ANALYZER_NUMBER_OBJECT_CONVERSION = YES_AGGRESSIVE;
				CLANG_CXX_LANGUAGE_STANDARD = "gnu++14";
				CLANG_CXX_LIBRARY = "libc++";
				CLANG_ENABLE_MODULES = YES;
				CLANG_ENABLE_OBJC_ARC = YES;
				CLANG_ENABLE_OBJC_WEAK = YES;
				CLANG_WARN_BLOCK_CAPTURE_AUTORELEASING = YES;
				CLANG_WARN_BOOL_CONVERSION = YES;
				CLANG_WARN_COMMA = YES;
				CLANG_WARN_CONSTANT_CONVERSION = YES;
				CLANG_WARN_DEPRECATED_OBJC_IMPLEMENTATIONS = YES;
				CLANG_WARN_DIRECT_OBJC_ISA_USAGE = YES_ERROR;
				CLANG_WARN_DOCUMENTATION_COMMENTS = YES;
				CLANG_WARN_EMPTY_BODY = YES;
				CLANG_WARN_ENUM_CONVERSION = YES;
				CLANG_WARN_INFINITE_RECURSION = YES;
				CLANG_WARN_INT_CONVERSION = YES;
				CLANG_WARN_NON_LITERAL_NULL_CONVERSION = YES;
				CLANG_WARN_OBJC_IMPLICIT_RETAIN_SELF = YES;
				CLANG_WARN_OBJC_LITERAL_CONVERSION = YES;
				CLANG_WARN_OBJC_ROOT_CLASS = YES_ERROR;
				CLANG_WARN_RANGE_LOOP_ANALYSIS = YES;
				CLANG_WARN_STRICT_PROTOTYPES = YES;
				CLANG_WARN_SUSPICIOUS_MOVE = YES;
				CLANG_WARN_UNGUARDED_AVAILABILITY = YES_AGGRESSIVE;
				CLANG_WARN_UNREACHABLE_CODE = YES;
				CLANG_WARN__DUPLICATE_METHOD_MATCH = YES;
				CODE_SIGN_IDENTITY = "iPhone Developer";
				COPY_PHASE_STRIP = NO;
				DEBUG_INFORMATION_FORMAT = "dwarf-with-dsym";
				ENABLE_NS_ASSERTIONS = NO;
				ENABLE_STRICT_OBJC_MSGSEND = YES;
				GCC_C_LANGUAGE_STANDARD = gnu11;
				GCC_NO_COMMON_BLOCKS = YES;
				GCC_WARN_64_TO_32_BIT_CONVERSION = YES;
				GCC_WARN_ABOUT_RETURN_TYPE = YES_ERROR;
				GCC_WARN_UNDECLARED_SELECTOR = YES;
				GCC_WARN_UNINITIALIZED_AUTOS = YES_AGGRESSIVE;
				GCC_WARN_UNUSED_FUNCTION = YES;
				GCC_WARN_UNUSED_VARIABLE = YES;
				IPHONEOS_DEPLOYMENT_TARGET = 11.3;
				MTL_ENABLE_DEBUG_INFO = NO;
				SDKROOT = iphoneos;
				SWIFT_COMPILATION_MODE = wholemodule;
				SWIFT_OPTIMIZATION_LEVEL = "-O";
				VALIDATE_PRODUCT = YES;
			};
			name = Release;
		};
		C4C8F118209B6B0000E081B4 /* Debug */ = {
			isa = XCBuildConfiguration;
			baseConfigurationReference = B3448EF62FFCD072E058321C /* Pods-WeatherApp.debug.xcconfig */;
			buildSettings = {
				ASSETCATALOG_COMPILER_APPICON_NAME = AppIcon;
				CODE_SIGN_STYLE = Automatic;
				DEVELOPMENT_TEAM = 465NA5BW7E;
				INFOPLIST_FILE = "$(SRCROOT)/WeatherApp/Globals/Info.plist";
				LD_RUNPATH_SEARCH_PATHS = (
					"$(inherited)",
					"@executable_path/Frameworks",
				);
				PRODUCT_BUNDLE_IDENTIFIER = com.grigorye.Weather;
				PRODUCT_NAME = "$(TARGET_NAME)";
				SWIFT_VERSION = 4.0;
				TARGETED_DEVICE_FAMILY = "1,2";
			};
			name = Debug;
		};
		C4C8F119209B6B0000E081B4 /* Release */ = {
			isa = XCBuildConfiguration;
			baseConfigurationReference = A00F94E9F7960695EB12195E /* Pods-WeatherApp.release.xcconfig */;
			buildSettings = {
				ASSETCATALOG_COMPILER_APPICON_NAME = AppIcon;
				CODE_SIGN_STYLE = Automatic;
				DEVELOPMENT_TEAM = 465NA5BW7E;
				INFOPLIST_FILE = "$(SRCROOT)/WeatherApp/Globals/Info.plist";
				LD_RUNPATH_SEARCH_PATHS = (
					"$(inherited)",
					"@executable_path/Frameworks",
				);
				PRODUCT_BUNDLE_IDENTIFIER = com.grigorye.Weather;
				PRODUCT_NAME = "$(TARGET_NAME)";
				SWIFT_VERSION = 4.0;
				TARGETED_DEVICE_FAMILY = "1,2";
			};
			name = Release;
		};
		C4C8F11B209B6B0000E081B4 /* Debug */ = {
			isa = XCBuildConfiguration;
			baseConfigurationReference = 0CD44A0E70AD5DEB4489FE46 /* Pods-WeatherAppTests.debug.xcconfig */;
			buildSettings = {
				BUNDLE_LOADER = "$(TEST_HOST)";
				CODE_SIGN_STYLE = Automatic;
				DEVELOPMENT_TEAM = 465NA5BW7E;
				INFOPLIST_FILE = WeatherTests/Info.plist;
				LD_RUNPATH_SEARCH_PATHS = (
					"$(inherited)",
					"@executable_path/Frameworks",
					"@loader_path/Frameworks",
				);
				PRODUCT_BUNDLE_IDENTIFIER = com.grigorye.WeatherTests;
				PRODUCT_NAME = "$(TARGET_NAME)";
				SWIFT_VERSION = 4.0;
				TARGETED_DEVICE_FAMILY = "1,2";
				TEST_HOST = "$(BUILT_PRODUCTS_DIR)/WeatherApp.app/WeatherApp";
			};
			name = Debug;
		};
		C4C8F11C209B6B0000E081B4 /* Release */ = {
			isa = XCBuildConfiguration;
			baseConfigurationReference = 6CF0351FF1157DDC5A03C743 /* Pods-WeatherAppTests.release.xcconfig */;
			buildSettings = {
				BUNDLE_LOADER = "$(TEST_HOST)";
				CODE_SIGN_STYLE = Automatic;
				DEVELOPMENT_TEAM = 465NA5BW7E;
				INFOPLIST_FILE = WeatherTests/Info.plist;
				LD_RUNPATH_SEARCH_PATHS = (
					"$(inherited)",
					"@executable_path/Frameworks",
					"@loader_path/Frameworks",
				);
				PRODUCT_BUNDLE_IDENTIFIER = com.grigorye.WeatherTests;
				PRODUCT_NAME = "$(TARGET_NAME)";
				SWIFT_VERSION = 4.0;
				TARGETED_DEVICE_FAMILY = "1,2";
				TEST_HOST = "$(BUILT_PRODUCTS_DIR)/WeatherApp.app/WeatherApp";
			};
			name = Release;
		};
		C4C8F11E209B6B0000E081B4 /* Debug */ = {
			isa = XCBuildConfiguration;
			baseConfigurationReference = 08C13AD01BA31F28D9A5969E /* Pods-WeatherAppUITests.debug.xcconfig */;
			buildSettings = {
				ALWAYS_EMBED_SWIFT_STANDARD_LIBRARIES = YES;
				CODE_SIGN_STYLE = Automatic;
				DEVELOPMENT_TEAM = 465NA5BW7E;
				INFOPLIST_FILE = WeatherUITests/Info.plist;
				LD_RUNPATH_SEARCH_PATHS = (
					"$(inherited)",
					"@executable_path/Frameworks",
					"@loader_path/Frameworks",
				);
				PRODUCT_BUNDLE_IDENTIFIER = com.grigorye.WeatherUITests;
				PRODUCT_NAME = "$(TARGET_NAME)";
				PROVISIONING_PROFILE = "";
				SWIFT_VERSION = 4.0;
				TARGETED_DEVICE_FAMILY = "1,2";
				TEST_TARGET_NAME = WeatherApp;
			};
			name = Debug;
		};
		C4C8F11F209B6B0000E081B4 /* Release */ = {
			isa = XCBuildConfiguration;
			baseConfigurationReference = 504580F0DA7BD5C50AE68876 /* Pods-WeatherAppUITests.release.xcconfig */;
			buildSettings = {
				ALWAYS_EMBED_SWIFT_STANDARD_LIBRARIES = YES;
				CODE_SIGN_STYLE = Automatic;
				DEVELOPMENT_TEAM = 465NA5BW7E;
				INFOPLIST_FILE = WeatherUITests/Info.plist;
				LD_RUNPATH_SEARCH_PATHS = (
					"$(inherited)",
					"@executable_path/Frameworks",
					"@loader_path/Frameworks",
				);
				PRODUCT_BUNDLE_IDENTIFIER = com.grigorye.WeatherUITests;
				PRODUCT_NAME = "$(TARGET_NAME)";
				PROVISIONING_PROFILE = "";
				SWIFT_VERSION = 4.0;
				TARGETED_DEVICE_FAMILY = "1,2";
				TEST_TARGET_NAME = WeatherApp;
			};
			name = Release;
		};
/* End XCBuildConfiguration section */

/* Begin XCConfigurationList section */
		C4C8F0E5209B6AFE00E081B4 /* Build configuration list for PBXProject "WeatherApp" */ = {
			isa = XCConfigurationList;
			buildConfigurations = (
				C4C8F115209B6B0000E081B4 /* Debug */,
				C4C8F116209B6B0000E081B4 /* Release */,
			);
			defaultConfigurationIsVisible = 0;
			defaultConfigurationName = Release;
		};
		C4C8F117209B6B0000E081B4 /* Build configuration list for PBXNativeTarget "WeatherApp" */ = {
			isa = XCConfigurationList;
			buildConfigurations = (
				C4C8F118209B6B0000E081B4 /* Debug */,
				C4C8F119209B6B0000E081B4 /* Release */,
			);
			defaultConfigurationIsVisible = 0;
			defaultConfigurationName = Release;
		};
		C4C8F11A209B6B0000E081B4 /* Build configuration list for PBXNativeTarget "WeatherAppTests" */ = {
			isa = XCConfigurationList;
			buildConfigurations = (
				C4C8F11B209B6B0000E081B4 /* Debug */,
				C4C8F11C209B6B0000E081B4 /* Release */,
			);
			defaultConfigurationIsVisible = 0;
			defaultConfigurationName = Release;
		};
		C4C8F11D209B6B0000E081B4 /* Build configuration list for PBXNativeTarget "WeatherAppUITests" */ = {
			isa = XCConfigurationList;
			buildConfigurations = (
				C4C8F11E209B6B0000E081B4 /* Debug */,
				C4C8F11F209B6B0000E081B4 /* Release */,
			);
			defaultConfigurationIsVisible = 0;
			defaultConfigurationName = Release;
		};
/* End XCConfigurationList section */

/* Begin XCVersionGroup section */
		C4C8F0EF209B6AFE00E081B4 /* UserCities.xcdatamodeld */ = {
			isa = XCVersionGroup;
			children = (
				C4C8F0F0209B6AFE00E081B4 /* Weather.xcdatamodel */,
			);
			currentVersion = C4C8F0F0209B6AFE00E081B4 /* Weather.xcdatamodel */;
			path = UserCities.xcdatamodeld;
			sourceTree = "<group>";
			versionGroupType = wrapper.xcdatamodel;
		};
/* End XCVersionGroup section */
	};
	rootObject = C4C8F0E2209B6AFE00E081B4 /* Project object */;
}
